// !$*UTF8*$!
{
	archiveVersion = 1;
	classes = {
	};
	objectVersion = 56;
	objects = {
		6237836D23AC0BE4BF6C75BA /* Assets.xcassets */ = {isa = PBXFileReference; lastKnownFileType = folder.assetcatalog; path = "Assets.xcassets"; sourceTree = "<group>"; };
		59DA59EBE33CF242D7E68432 /* CompareOverlay.swift */ = {isa = PBXFileReference; lastKnownFileType = sourcecode.swift; path = "CompareOverlay.swift"; sourceTree = "<group>"; };
		635DA486D60732F49148F204 /* CropOverlay.swift */ = {isa = PBXFileReference; lastKnownFileType = sourcecode.swift; path = "CropOverlay.swift"; sourceTree = "<group>"; };
		A0701F79824904065888F08F /* MaskOverlay.swift */ = {isa = PBXFileReference; lastKnownFileType = sourcecode.swift; path = "MaskOverlay.swift"; sourceTree = "<group>"; };
		332B80E7AD7AD99123DE8A61 /* MetalCanvasView.swift */ = {isa = PBXFileReference; lastKnownFileType = sourcecode.swift; path = "MetalCanvasView.swift"; sourceTree = "<group>"; };
		3AE798B59EC4B2DF07F75E92 /* Renderer.swift */ = {isa = PBXFileReference; lastKnownFileType = sourcecode.swift; path = "Renderer.swift"; sourceTree = "<group>"; };
		53BCE6E782FB46F89CED5B86 /* Shaders.metal */ = {isa = PBXFileReference; lastKnownFileType = sourcecode.metal; path = "Shaders.metal"; sourceTree = "<group>"; };
		C72D030D3A36D24A5E9014E3 /* TextureStore.swift */ = {isa = PBXFileReference; lastKnownFileType = sourcecode.swift; path = "TextureStore.swift"; sourceTree = "<group>"; };
		6BEEE7DE2B4BA5BDD87F2F4E /* ViewportState.swift */ = {isa = PBXFileReference; lastKnownFileType = sourcecode.swift; path = "ViewportState.swift"; sourceTree = "<group>"; };
		94CE62EDDC05DB7E7C413384 /* Canvas */ = {
			isa = PBXGroup;
			children = (
				59DA59EBE33CF242D7E68432 /* CompareOverlay.swift */,
				635DA486D60732F49148F204 /* CropOverlay.swift */,
				A0701F79824904065888F08F /* MaskOverlay.swift */,
				332B80E7AD7AD99123DE8A61 /* MetalCanvasView.swift */,
				3AE798B59EC4B2DF07F75E92 /* Renderer.swift */,
				53BCE6E782FB46F89CED5B86 /* Shaders.metal */,
				C72D030D3A36D24A5E9014E3 /* TextureStore.swift */,
				6BEEE7DE2B4BA5BDD87F2F4E /* ViewportState.swift */
			);
			path = "Canvas";
			sourceTree = "<group>";
		};
		D243B47A29909B3FA60A78A5 /* BeforeAfterIcon.swift */ = {isa = PBXFileReference; lastKnownFileType = sourcecode.swift; path = "BeforeAfterIcon.swift"; sourceTree = "<group>"; };
		5E5223A72A33E3ED16B85A72 /* ColorWheel.swift */ = {isa = PBXFileReference; lastKnownFileType = sourcecode.swift; path = "ColorWheel.swift"; sourceTree = "<group>"; };
		ACD9F82C436A9A24CDAB25E7 /* CurveEditor.swift */ = {isa = PBXFileReference; lastKnownFileType = sourcecode.swift; path = "CurveEditor.swift"; sourceTree = "<group>"; };
		5DFB303BFD1A89805FC009E8 /* FormatPicker.swift */ = {isa = PBXFileReference; lastKnownFileType = sourcecode.swift; path = "FormatPicker.swift"; sourceTree = "<group>"; };
		2A11D3E4A1523A6BAE3CC12C /* HistogramView.swift */ = {isa = PBXFileReference; lastKnownFileType = sourcecode.swift; path = "HistogramView.swift"; sourceTree = "<group>"; };
		16E1392F498F82E7381E48EE /* ScrubSlider.swift */ = {isa = PBXFileReference; lastKnownFileType = sourcecode.swift; path = "ScrubSlider.swift"; sourceTree = "<group>"; };
		83BE5B83822E7F70F7EBF816 /* SectionHeader.swift */ = {isa = PBXFileReference; lastKnownFileType = sourcecode.swift; path = "SectionHeader.swift"; sourceTree = "<group>"; };
		B20235C37A329C7FECC40AD3 /* WhiteBalanceRows.swift */ = {isa = PBXFileReference; lastKnownFileType = sourcecode.swift; path = "WhiteBalanceRows.swift"; sourceTree = "<group>"; };
		7BEE994494FDBA73A3A99819 /* Controls */ = {
			isa = PBXGroup;
			children = (
				D243B47A29909B3FA60A78A5 /* BeforeAfterIcon.swift */,
				5E5223A72A33E3ED16B85A72 /* ColorWheel.swift */,
				ACD9F82C436A9A24CDAB25E7 /* CurveEditor.swift */,
				5DFB303BFD1A89805FC009E8 /* FormatPicker.swift */,
				2A11D3E4A1523A6BAE3CC12C /* HistogramView.swift */,
				16E1392F498F82E7381E48EE /* ScrubSlider.swift */,
				83BE5B83822E7F70F7EBF816 /* SectionHeader.swift */,
				B20235C37A329C7FECC40AD3 /* WhiteBalanceRows.swift */
			);
			path = "Controls";
			sourceTree = "<group>";
		};
		C148C6170DB7C51C74AE5E8C /* DiagnosticBundle.swift */ = {isa = PBXFileReference; lastKnownFileType = sourcecode.swift; path = "DiagnosticBundle.swift"; sourceTree = "<group>"; };
		238A30C737D30FF16B7B5FE8 /* Diagnostics.swift */ = {isa = PBXFileReference; lastKnownFileType = sourcecode.swift; path = "Diagnostics.swift"; sourceTree = "<group>"; };
		9E9EAF663097A2BB23597440 /* JobLog.swift */ = {isa = PBXFileReference; lastKnownFileType = sourcecode.swift; path = "JobLog.swift"; sourceTree = "<group>"; };
		815C24692D550BB19E4AE5EA /* LogCore.swift */ = {isa = PBXFileReference; lastKnownFileType = sourcecode.swift; path = "LogCore.swift"; sourceTree = "<group>"; };
		52E6BD44BBD34B4311A3C19E /* LogFile.swift */ = {isa = PBXFileReference; lastKnownFileType = sourcecode.swift; path = "LogFile.swift"; sourceTree = "<group>"; };
		6D31A7AA242071E15B7C60AA /* MemorySampler.swift */ = {isa = PBXFileReference; lastKnownFileType = sourcecode.swift; path = "MemorySampler.swift"; sourceTree = "<group>"; };
		7D7474A3FE138DB7066998BB /* Diagnostics */ = {
			isa = PBXGroup;
			children = (
				C148C6170DB7C51C74AE5E8C /* DiagnosticBundle.swift */,
				238A30C737D30FF16B7B5FE8 /* Diagnostics.swift */,
				9E9EAF663097A2BB23597440 /* JobLog.swift */,
				815C24692D550BB19E4AE5EA /* LogCore.swift */,
				52E6BD44BBD34B4311A3C19E /* LogFile.swift */,
				6D31A7AA242071E15B7C60AA /* MemorySampler.swift */
			);
			path = "Diagnostics";
			sourceTree = "<group>";
		};
		88AE911094D1C8647F9F436E /* Exporter.swift */ = {isa = PBXFileReference; lastKnownFileType = sourcecode.swift; path = "Exporter.swift"; sourceTree = "<group>"; };
		CDEEB81E2292D19C5FF1C521 /* ExportPage.swift */ = {isa = PBXFileReference; lastKnownFileType = sourcecode.swift; path = "ExportPage.swift"; sourceTree = "<group>"; };
		2AA073E98B3E78B0457FF2A9 /* ExportRecipe.swift */ = {isa = PBXFileReference; lastKnownFileType = sourcecode.swift; path = "ExportRecipe.swift"; sourceTree = "<group>"; };
		9AAE1276959CDDBEB61155CF /* SoftProof.swift */ = {isa = PBXFileReference; lastKnownFileType = sourcecode.swift; path = "SoftProof.swift"; sourceTree = "<group>"; };
		1277206B733E3FFD379E325A /* Export */ = {
			isa = PBXGroup;
			children = (
				88AE911094D1C8647F9F436E /* Exporter.swift */,
				CDEEB81E2292D19C5FF1C521 /* ExportPage.swift */,
				2AA073E98B3E78B0457FF2A9 /* ExportRecipe.swift */,
				9AAE1276959CDDBEB61155CF /* SoftProof.swift */
			);
			path = "Export";
			sourceTree = "<group>";
		};
		14D2DF38E5D6A960B50D2E18 /* ImageDecoder.swift */ = {isa = PBXFileReference; lastKnownFileType = sourcecode.swift; path = "ImageDecoder.swift"; sourceTree = "<group>"; };
		808F9788276CB4ECA00BB0C2 /* Library.swift */ = {isa = PBXFileReference; lastKnownFileType = sourcecode.swift; path = "Library.swift"; sourceTree = "<group>"; };
		CC388BD563682E7AFE966466 /* ThumbnailCache.swift */ = {isa = PBXFileReference; lastKnownFileType = sourcecode.swift; path = "ThumbnailCache.swift"; sourceTree = "<group>"; };
		96686C441EF6F1448B42C5E7 /* Import */ = {
			isa = PBXGroup;
			children = (
				14D2DF38E5D6A960B50D2E18 /* ImageDecoder.swift */,
				808F9788276CB4ECA00BB0C2 /* Library.swift */,
				CC388BD563682E7AFE966466 /* ThumbnailCache.swift */
			);
			path = "Import";
			sourceTree = "<group>";
		};
		F417CFDF276C38E8EB40A69F /* Adjustments.swift */ = {isa = PBXFileReference; lastKnownFileType = sourcecode.swift; path = "Adjustments.swift"; sourceTree = "<group>"; };
		6D7C202A2F89AF33710D2EF6 /* CurveMath.swift */ = {isa = PBXFileReference; lastKnownFileType = sourcecode.swift; path = "CurveMath.swift"; sourceTree = "<group>"; };
		C38C8948338EB279B40348BC /* FeatureFlags.swift */ = {isa = PBXFileReference; lastKnownFileType = sourcecode.swift; path = "FeatureFlags.swift"; sourceTree = "<group>"; };
		3B3B390A40AE9A7E22D9BE5F /* Frame.swift */ = {isa = PBXFileReference; lastKnownFileType = sourcecode.swift; path = "Frame.swift"; sourceTree = "<group>"; };
		97B6EA09B541E3908F86C5D3 /* Geometry.swift */ = {isa = PBXFileReference; lastKnownFileType = sourcecode.swift; path = "Geometry.swift"; sourceTree = "<group>"; };
		703B70FFEB08A3CCC8FC9BDA /* Mask.swift */ = {isa = PBXFileReference; lastKnownFileType = sourcecode.swift; path = "Mask.swift"; sourceTree = "<group>"; };
		8EF4396A112F6B6E976DDF86 /* Params.swift */ = {isa = PBXFileReference; lastKnownFileType = sourcecode.swift; path = "Params.swift"; sourceTree = "<group>"; };
		AFCCBF6EC0CB80B2EBC275C1 /* Session.swift */ = {isa = PBXFileReference; lastKnownFileType = sourcecode.swift; path = "Session.swift"; sourceTree = "<group>"; };
		F4BF64E9A8F159A2060C6DD8 /* Sidecar.swift */ = {isa = PBXFileReference; lastKnownFileType = sourcecode.swift; path = "Sidecar.swift"; sourceTree = "<group>"; };
		31345041FA330D39B0E00CCD /* StockCatalog.swift */ = {isa = PBXFileReference; lastKnownFileType = sourcecode.swift; path = "StockCatalog.swift"; sourceTree = "<group>"; };
		50C226B6DC7572DEFD67C6A4 /* Model */ = {
			isa = PBXGroup;
			children = (
				F417CFDF276C38E8EB40A69F /* Adjustments.swift */,
				6D7C202A2F89AF33710D2EF6 /* CurveMath.swift */,
				C38C8948338EB279B40348BC /* FeatureFlags.swift */,
				3B3B390A40AE9A7E22D9BE5F /* Frame.swift */,
				97B6EA09B541E3908F86C5D3 /* Geometry.swift */,
				703B70FFEB08A3CCC8FC9BDA /* Mask.swift */,
				8EF4396A112F6B6E976DDF86 /* Params.swift */,
				AFCCBF6EC0CB80B2EBC275C1 /* Session.swift */,
				F4BF64E9A8F159A2060C6DD8 /* Sidecar.swift */,
				31345041FA330D39B0E00CCD /* StockCatalog.swift */
			);
			path = "Model";
			sourceTree = "<group>";
		};
		43252AEFAB0CEA70D0FBE3B4 /* CameraSection.swift */ = {isa = PBXFileReference; lastKnownFileType = sourcecode.swift; path = "CameraSection.swift"; sourceTree = "<group>"; };
		D1FC975E76DB37D158E4C695 /* CropSection.swift */ = {isa = PBXFileReference; lastKnownFileType = sourcecode.swift; path = "CropSection.swift"; sourceTree = "<group>"; };
		81E8212522E85E5FF969B1C1 /* EnlargerSection.swift */ = {isa = PBXFileReference; lastKnownFileType = sourcecode.swift; path = "EnlargerSection.swift"; sourceTree = "<group>"; };
		3B26FF1DD6AD354CC5730A70 /* FeaturesSection.swift */ = {isa = PBXFileReference; lastKnownFileType = sourcecode.swift; path = "FeaturesSection.swift"; sourceTree = "<group>"; };
		F1FBB79F710AE13B8C2043E7 /* FilmProfileSection.swift */ = {isa = PBXFileReference; lastKnownFileType = sourcecode.swift; path = "FilmProfileSection.swift"; sourceTree = "<group>"; };
		8A4907378ED8167329E109A2 /* MasksSection.swift */ = {isa = PBXFileReference; lastKnownFileType = sourcecode.swift; path = "MasksSection.swift"; sourceTree = "<group>"; };
		E8D4CB4851BD919C6E7872EB /* PrintProfileSection.swift */ = {isa = PBXFileReference; lastKnownFileType = sourcecode.swift; path = "PrintProfileSection.swift"; sourceTree = "<group>"; };
		13C18B4EC983C5AA8F833F2D /* RightSections.swift */ = {isa = PBXFileReference; lastKnownFileType = sourcecode.swift; path = "RightSections.swift"; sourceTree = "<group>"; };
		EC36AF3681C7291089ADC280 /* Sections */ = {
			isa = PBXGroup;
			children = (
				43252AEFAB0CEA70D0FBE3B4 /* CameraSection.swift */,
				D1FC975E76DB37D158E4C695 /* CropSection.swift */,
				81E8212522E85E5FF969B1C1 /* EnlargerSection.swift */,
				3B26FF1DD6AD354CC5730A70 /* FeaturesSection.swift */,
				F1FBB79F710AE13B8C2043E7 /* FilmProfileSection.swift */,
				8A4907378ED8167329E109A2 /* MasksSection.swift */,
				E8D4CB4851BD919C6E7872EB /* PrintProfileSection.swift */,
				13C18B4EC983C5AA8F833F2D /* RightSections.swift */
			);
			path = "Sections";
			sourceTree = "<group>";
		};
		AC744BDEE0D89E94824EC394 /* Filmstrip.swift */ = {isa = PBXFileReference; lastKnownFileType = sourcecode.swift; path = "Filmstrip.swift"; sourceTree = "<group>"; };
		20AB06B31EFC582D30060491 /* LeftPanel.swift */ = {isa = PBXFileReference; lastKnownFileType = sourcecode.swift; path = "LeftPanel.swift"; sourceTree = "<group>"; };
		B805393C83D8AE2866430F4A /* RightPanel.swift */ = {isa = PBXFileReference; lastKnownFileType = sourcecode.swift; path = "RightPanel.swift"; sourceTree = "<group>"; };
		692E01E6017F099D51EEF50D /* Panels */ = {
			isa = PBXGroup;
			children = (
				EC36AF3681C7291089ADC280 /* Sections */,
				AC744BDEE0D89E94824EC394 /* Filmstrip.swift */,
				20AB06B31EFC582D30060491 /* LeftPanel.swift */,
				B805393C83D8AE2866430F4A /* RightPanel.swift */
			);
			path = "Panels";
			sourceTree = "<group>";
		};
		5C4A512A654C5DD992A763D7 /* Resources */ = {isa = PBXFileReference; lastKnownFileType = folder; path = Resources; sourceTree = "<group>"; };
		18758F7467DC3C0B02CD1C06 /* EngineClient.swift */ = {isa = PBXFileReference; lastKnownFileType = sourcecode.swift; path = "EngineClient.swift"; sourceTree = "<group>"; };
		03F81288054749CE35E2378C /* EngineMessage.swift */ = {isa = PBXFileReference; lastKnownFileType = sourcecode.swift; path = "EngineMessage.swift"; sourceTree = "<group>"; };
		5C2D3776A376721533BC6D64 /* Methods.swift */ = {isa = PBXFileReference; lastKnownFileType = sourcecode.swift; path = "Methods.swift"; sourceTree = "<group>"; };
		8EBC069364A35E70568F2F00 /* RenderScheduler.swift */ = {isa = PBXFileReference; lastKnownFileType = sourcecode.swift; path = "RenderScheduler.swift"; sourceTree = "<group>"; };
		E0FA3E2836809DF666751740 /* Spektrafilm-Bridging-Header.h */ = {isa = PBXFileReference; lastKnownFileType = sourcecode.c.h; path = "Spektrafilm-Bridging-Header.h"; sourceTree = "<group>"; };
		4DB01B8ED7B08560B8F869D1 /* Service */ = {
			isa = PBXGroup;
			children = (
				18758F7467DC3C0B02CD1C06 /* EngineClient.swift */,
				03F81288054749CE35E2378C /* EngineMessage.swift */,
				5C2D3776A376721533BC6D64 /* Methods.swift */,
				8EBC069364A35E70568F2F00 /* RenderScheduler.swift */,
				E0FA3E2836809DF666751740 /* Spektrafilm-Bridging-Header.h */
			);
			path = "Service";
			sourceTree = "<group>";
		};
		BADF30DD985883DBD7F0CD6C /* Theme.swift */ = {isa = PBXFileReference; lastKnownFileType = sourcecode.swift; path = "Theme.swift"; sourceTree = "<group>"; };
		6D93FB3FE1630F4DB8135BC7 /* Theme */ = {
			isa = PBXGroup;
			children = (
				BADF30DD985883DBD7F0CD6C /* Theme.swift */
			);
			path = "Theme";
			sourceTree = "<group>";
		};
		E402FF9A8BA8CCA99F4D8DB8 /* AboutWindow.swift */ = {isa = PBXFileReference; lastKnownFileType = sourcecode.swift; path = "AboutWindow.swift"; sourceTree = "<group>"; };
		BB270AF7DD8BCF3DF5FC9845 /* BootWindow.swift */ = {isa = PBXFileReference; lastKnownFileType = sourcecode.swift; path = "BootWindow.swift"; sourceTree = "<group>"; };
		E1EBAB6B34712702E47D851D /* BrowseView.swift */ = {isa = PBXFileReference; lastKnownFileType = sourcecode.swift; path = "BrowseView.swift"; sourceTree = "<group>"; };
		94D33D3078D5207166DF6B56 /* CollapseTab.swift */ = {isa = PBXFileReference; lastKnownFileType = sourcecode.swift; path = "CollapseTab.swift"; sourceTree = "<group>"; };
		B0FD1619193968E4A1434227 /* EditorWindow.swift */ = {isa = PBXFileReference; lastKnownFileType = sourcecode.swift; path = "EditorWindow.swift"; sourceTree = "<group>"; };
		48A50C02011A195B9C20D027 /* ExportWindow.swift */ = {isa = PBXFileReference; lastKnownFileType = sourcecode.swift; path = "ExportWindow.swift"; sourceTree = "<group>"; };
		8441CECBBD366E41AFDF4FA3 /* SettingsWindow.swift */ = {isa = PBXFileReference; lastKnownFileType = sourcecode.swift; path = "SettingsWindow.swift"; sourceTree = "<group>"; };
		B0AC2489FAFF4433F8410B60 /* TopBar.swift */ = {isa = PBXFileReference; lastKnownFileType = sourcecode.swift; path = "TopBar.swift"; sourceTree = "<group>"; };
		7766F70E61F92EC2E47544C4 /* TrafficLights.swift */ = {isa = PBXFileReference; lastKnownFileType = sourcecode.swift; path = "TrafficLights.swift"; sourceTree = "<group>"; };
		06D81CCBF52AF88D26EB016F /* Windows */ = {
			isa = PBXGroup;
			children = (
				E402FF9A8BA8CCA99F4D8DB8 /* AboutWindow.swift */,
				BB270AF7DD8BCF3DF5FC9845 /* BootWindow.swift */,
				E1EBAB6B34712702E47D851D /* BrowseView.swift */,
				94D33D3078D5207166DF6B56 /* CollapseTab.swift */,
				B0FD1619193968E4A1434227 /* EditorWindow.swift */,
				48A50C02011A195B9C20D027 /* ExportWindow.swift */,
				8441CECBBD366E41AFDF4FA3 /* SettingsWindow.swift */,
				B0AC2489FAFF4433F8410B60 /* TopBar.swift */,
				7766F70E61F92EC2E47544C4 /* TrafficLights.swift */
			);
			path = "Windows";
			sourceTree = "<group>";
		};
		D3E1A72F29D9397304B2B903 /* Info.plist */ = {isa = PBXFileReference; lastKnownFileType = text.plist.xml; path = "Info.plist"; sourceTree = "<group>"; };
		E0DACFC27E71EDAF2C1E4314 /* Spektrafilm.entitlements */ = {isa = PBXFileReference; lastKnownFileType = text.plist.entitlements; path = "Spektrafilm.entitlements"; sourceTree = "<group>"; };
		0E97223A3B27E0534B023B62 /* SpektrafilmApp.swift */ = {isa = PBXFileReference; lastKnownFileType = sourcecode.swift; path = "SpektrafilmApp.swift"; sourceTree = "<group>"; };
		F2B611895877363CA222F1BE /* Spektrafilm */ = {
			isa = PBXGroup;
			children = (
				6237836D23AC0BE4BF6C75BA /* Assets.xcassets */,
				94CE62EDDC05DB7E7C413384 /* Canvas */,
				7BEE994494FDBA73A3A99819 /* Controls */,
				7D7474A3FE138DB7066998BB /* Diagnostics */,
				1277206B733E3FFD379E325A /* Export */,
				96686C441EF6F1448B42C5E7 /* Import */,
				50C226B6DC7572DEFD67C6A4 /* Model */,
				692E01E6017F099D51EEF50D /* Panels */,
				5C4A512A654C5DD992A763D7 /* Resources */,
				4DB01B8ED7B08560B8F869D1 /* Service */,
				6D93FB3FE1630F4DB8135BC7 /* Theme */,
				06D81CCBF52AF88D26EB016F /* Windows */,
				D3E1A72F29D9397304B2B903 /* Info.plist */,
				E0DACFC27E71EDAF2C1E4314 /* Spektrafilm.entitlements */,
				0E97223A3B27E0534B023B62 /* SpektrafilmApp.swift */
			);
			path = "Spektrafilm";
			sourceTree = "<group>";
		};
		695CCFD2D9DF6F10C116E45D /* CanvasViewTests.swift */ = {isa = PBXFileReference; lastKnownFileType = sourcecode.swift; path = "CanvasViewTests.swift"; sourceTree = "<group>"; };
		348D6F9F5F656E52D0571E26 /* ColorBalanceTests.swift */ = {isa = PBXFileReference; lastKnownFileType = sourcecode.swift; path = "ColorBalanceTests.swift"; sourceTree = "<group>"; };
		F8B453AF8DC673050FD7885A /* CompareAndFlagsTests.swift */ = {isa = PBXFileReference; lastKnownFileType = sourcecode.swift; path = "CompareAndFlagsTests.swift"; sourceTree = "<group>"; };
		E0ACE7F3E61D864FBC6655B4 /* CurveMathTests.swift */ = {isa = PBXFileReference; lastKnownFileType = sourcecode.swift; path = "CurveMathTests.swift"; sourceTree = "<group>"; };
		48C44D636A09846BAB75B2C3 /* DecodeSeparationTests.swift */ = {isa = PBXFileReference; lastKnownFileType = sourcecode.swift; path = "DecodeSeparationTests.swift"; sourceTree = "<group>"; };
		5A32645AD23677E47ACBB473 /* DiagnosticsTests.swift */ = {isa = PBXFileReference; lastKnownFileType = sourcecode.swift; path = "DiagnosticsTests.swift"; sourceTree = "<group>"; };
		707D7A5477A5FB7D4C59EAC9 /* EngineClientTests.swift */ = {isa = PBXFileReference; lastKnownFileType = sourcecode.swift; path = "EngineClientTests.swift"; sourceTree = "<group>"; };
		6BE1B7DD254E58562C34005E /* ExportRecipeTests.swift */ = {isa = PBXFileReference; lastKnownFileType = sourcecode.swift; path = "ExportRecipeTests.swift"; sourceTree = "<group>"; };
		CA66FD59F215FC6972C2D198 /* FrontendPolicyTests.swift */ = {isa = PBXFileReference; lastKnownFileType = sourcecode.swift; path = "FrontendPolicyTests.swift"; sourceTree = "<group>"; };
		DE251D95F23AF3360C9FF353 /* GeometryContractTests.swift */ = {isa = PBXFileReference; lastKnownFileType = sourcecode.swift; path = "GeometryContractTests.swift"; sourceTree = "<group>"; };
		542E990A73920A074FBCB8AD /* GeometryTests.swift */ = {isa = PBXFileReference; lastKnownFileType = sourcecode.swift; path = "GeometryTests.swift"; sourceTree = "<group>"; };
		EB34844D3E0495817C803342 /* LayoutTests.swift */ = {isa = PBXFileReference; lastKnownFileType = sourcecode.swift; path = "LayoutTests.swift"; sourceTree = "<group>"; };
		129F3C8D834695B296B480A2 /* LicensingTests.swift */ = {isa = PBXFileReference; lastKnownFileType = sourcecode.swift; path = "LicensingTests.swift"; sourceTree = "<group>"; };
		A9A63FA71927932087A3A66E /* MaskTests.swift */ = {isa = PBXFileReference; lastKnownFileType = sourcecode.swift; path = "MaskTests.swift"; sourceTree = "<group>"; };
		E8B28C6388E519F3A631A063 /* OpenPathTests.swift */ = {isa = PBXFileReference; lastKnownFileType = sourcecode.swift; path = "OpenPathTests.swift"; sourceTree = "<group>"; };
		A89702A26423FDC7727F6438 /* ParamsTests.swift */ = {isa = PBXFileReference; lastKnownFileType = sourcecode.swift; path = "ParamsTests.swift"; sourceTree = "<group>"; };
		9E88D72E5CD90E963B306BC9 /* PrintLUTTests.swift */ = {isa = PBXFileReference; lastKnownFileType = sourcecode.swift; path = "PrintLUTTests.swift"; sourceTree = "<group>"; };
		B8AAFBEDF4D8578E3CD6F053 /* RendererTests.swift */ = {isa = PBXFileReference; lastKnownFileType = sourcecode.swift; path = "RendererTests.swift"; sourceTree = "<group>"; };
		7EF987292B751BB34847B0D2 /* ViewportStateTests.swift */ = {isa = PBXFileReference; lastKnownFileType = sourcecode.swift; path = "ViewportStateTests.swift"; sourceTree = "<group>"; };
		A18AC5726B836ED944A58152 /* WhiteBalanceTests.swift */ = {isa = PBXFileReference; lastKnownFileType = sourcecode.swift; path = "WhiteBalanceTests.swift"; sourceTree = "<group>"; };
		F7B7593EC87B57D9331A9077 /* SpektrafilmTests */ = {
			isa = PBXGroup;
			children = (
				695CCFD2D9DF6F10C116E45D /* CanvasViewTests.swift */,
				348D6F9F5F656E52D0571E26 /* ColorBalanceTests.swift */,
				F8B453AF8DC673050FD7885A /* CompareAndFlagsTests.swift */,
				E0ACE7F3E61D864FBC6655B4 /* CurveMathTests.swift */,
				48C44D636A09846BAB75B2C3 /* DecodeSeparationTests.swift */,
				5A32645AD23677E47ACBB473 /* DiagnosticsTests.swift */,
				707D7A5477A5FB7D4C59EAC9 /* EngineClientTests.swift */,
				6BE1B7DD254E58562C34005E /* ExportRecipeTests.swift */,
				CA66FD59F215FC6972C2D198 /* FrontendPolicyTests.swift */,
				DE251D95F23AF3360C9FF353 /* GeometryContractTests.swift */,
				542E990A73920A074FBCB8AD /* GeometryTests.swift */,
				EB34844D3E0495817C803342 /* LayoutTests.swift */,
				129F3C8D834695B296B480A2 /* LicensingTests.swift */,
				A9A63FA71927932087A3A66E /* MaskTests.swift */,
				E8B28C6388E519F3A631A063 /* OpenPathTests.swift */,
				A89702A26423FDC7727F6438 /* ParamsTests.swift */,
				9E88D72E5CD90E963B306BC9 /* PrintLUTTests.swift */,
				B8AAFBEDF4D8578E3CD6F053 /* RendererTests.swift */,
				7EF987292B751BB34847B0D2 /* ViewportStateTests.swift */,
				A18AC5726B836ED944A58152 /* WhiteBalanceTests.swift */
			);
			path = "SpektrafilmTests";
			sourceTree = "<group>";
		};
		0B0300D5725F86E639624B41 /* bundle-licenses.sh */ = {isa = PBXFileReference; lastKnownFileType = text.script.sh; path = "bundle-licenses.sh"; sourceTree = "<group>"; };
		C7E3998B1495BD57DD44E12D /* capture-live.sh */ = {isa = PBXFileReference; lastKnownFileType = text.script.sh; path = "capture-live.sh"; sourceTree = "<group>"; };
		B4617A0A5FF0F1716781FBF0 /* check-bundle-resources.sh */ = {isa = PBXFileReference; lastKnownFileType = text.script.sh; path = "check-bundle-resources.sh"; sourceTree = "<group>"; };
		5140A9A38A6DF66706008281 /* compare-layout.py */ = {isa = PBXFileReference; lastKnownFileType = text.script.python; path = "compare-layout.py"; sourceTree = "<group>"; };
		55D868CBCF82A9E5D9A809F4 /* gen-catalog.py */ = {isa = PBXFileReference; lastKnownFileType = text.script.python; path = "gen-catalog.py"; sourceTree = "<group>"; };
		8C6910025D4FD4E59488ECAE /* gen-project.py */ = {isa = PBXFileReference; lastKnownFileType = text.script.python; path = "gen-project.py"; sourceTree = "<group>"; };
		1F02B0F4665921D2C4EE368C /* live-window.swift */ = {isa = PBXFileReference; lastKnownFileType = sourcecode.swift; path = "live-window.swift"; sourceTree = "<group>"; };
		6A2BC8B6381F3713D72A83E6 /* make-smoke.py */ = {isa = PBXFileReference; lastKnownFileType = text.script.python; path = "make-smoke.py"; sourceTree = "<group>"; };
		9C70762B609AD50C199A050F /* package.sh */ = {isa = PBXFileReference; lastKnownFileType = text.script.sh; path = "package.sh"; sourceTree = "<group>"; };
		78BDC94F134AF0EBC66CB3DD /* snapshot.sh */ = {isa = PBXFileReference; lastKnownFileType = text.script.sh; path = "snapshot.sh"; sourceTree = "<group>"; };
		50A75F8CFCE31052DD51B49C /* Tools */ = {
			isa = PBXGroup;
			children = (
				0B0300D5725F86E639624B41 /* bundle-licenses.sh */,
				C7E3998B1495BD57DD44E12D /* capture-live.sh */,
				B4617A0A5FF0F1716781FBF0 /* check-bundle-resources.sh */,
				5140A9A38A6DF66706008281 /* compare-layout.py */,
				55D868CBCF82A9E5D9A809F4 /* gen-catalog.py */,
				8C6910025D4FD4E59488ECAE /* gen-project.py */,
				1F02B0F4665921D2C4EE368C /* live-window.swift */,
				6A2BC8B6381F3713D72A83E6 /* make-smoke.py */,
				9C70762B609AD50C199A050F /* package.sh */,
				78BDC94F134AF0EBC66CB3DD /* snapshot.sh */
			);
			path = "Tools";
			sourceTree = "<group>";
		};
		A5204CE797E69548EAFFD3B0 /* blob.cpp */ = {isa = PBXFileReference; lastKnownFileType = sourcecode.cpp.cpp; name = "blob.cpp"; path = "../../engine/src/core/blob.cpp"; sourceTree = SOURCE_ROOT; };
		710FEBABC87E980AF1AF7664 /* cam16.cpp */ = {isa = PBXFileReference; lastKnownFileType = sourcecode.cpp.cpp; name = "cam16.cpp"; path = "../../engine/src/core/cam16.cpp"; sourceTree = SOURCE_ROOT; };
		22D72DD8B4B7FE56354C6F79 /* colour.cpp */ = {isa = PBXFileReference; lastKnownFileType = sourcecode.cpp.cpp; name = "colour.cpp"; path = "../../engine/src/core/colour.cpp"; sourceTree = SOURCE_ROOT; };
		EBBC46D04B2988CCA0167F14 /* curves.cpp */ = {isa = PBXFileReference; lastKnownFileType = sourcecode.cpp.cpp; name = "curves.cpp"; path = "../../engine/src/core/curves.cpp"; sourceTree = SOURCE_ROOT; };
		0BA195E58D3F601CD5A49776 /* hanatos.cpp */ = {isa = PBXFileReference; lastKnownFileType = sourcecode.cpp.cpp; name = "hanatos.cpp"; path = "../../engine/src/core/hanatos.cpp"; sourceTree = SOURCE_ROOT; };
		956FD749AFC57298A6711322 /* json.cpp */ = {isa = PBXFileReference; lastKnownFileType = sourcecode.cpp.cpp; name = "json.cpp"; path = "../../engine/src/core/json.cpp"; sourceTree = SOURCE_ROOT; };
		25CC1BFB7B52D0FB6FC2A81E /* numeric.cpp */ = {isa = PBXFileReference; lastKnownFileType = sourcecode.cpp.cpp; name = "numeric.cpp"; path = "../../engine/src/core/numeric.cpp"; sourceTree = SOURCE_ROOT; };
		F9A7F6EBF32F46CD2707DBD5 /* params.cpp */ = {isa = PBXFileReference; lastKnownFileType = sourcecode.cpp.cpp; name = "params.cpp"; path = "../../engine/src/core/params.cpp"; sourceTree = SOURCE_ROOT; };
		459F2B580134F4D9ED124EA4 /* print_lut.cpp */ = {isa = PBXFileReference; lastKnownFileType = sourcecode.cpp.cpp; name = "print_lut.cpp"; path = "../../engine/src/core/print_lut.cpp"; sourceTree = SOURCE_ROOT; };
		85F1390D7395279985E86585 /* printing.cpp */ = {isa = PBXFileReference; lastKnownFileType = sourcecode.cpp.cpp; name = "printing.cpp"; path = "../../engine/src/core/printing.cpp"; sourceTree = SOURCE_ROOT; };
		2090A31D3FC5961AE84CFF96 /* profile.cpp */ = {isa = PBXFileReference; lastKnownFileType = sourcecode.cpp.cpp; name = "profile.cpp"; path = "../../engine/src/core/profile.cpp"; sourceTree = SOURCE_ROOT; };
		76558EA0A6B3742E355439EF /* setup_cache.cpp */ = {isa = PBXFileReference; lastKnownFileType = sourcecode.cpp.cpp; name = "setup_cache.cpp"; path = "../../engine/src/core/setup_cache.cpp"; sourceTree = SOURCE_ROOT; };
		6905E2EE44A073E54AB62F1F /* spectral.cpp */ = {isa = PBXFileReference; lastKnownFileType = sourcecode.cpp.cpp; name = "spectral.cpp"; path = "../../engine/src/core/spectral.cpp"; sourceTree = SOURCE_ROOT; };
		27C40131491B53D0BC17194D /* metal_gpu.cpp */ = {isa = PBXFileReference; lastKnownFileType = sourcecode.cpp.cpp; name = "metal_gpu.cpp"; path = "../../engine/src/gpu/metal_gpu.cpp"; sourceTree = SOURCE_ROOT; };
		2BAE1978B2B320200E827D51 /* metal_impl.cpp */ = {isa = PBXFileReference; lastKnownFileType = sourcecode.cpp.cpp; name = "metal_impl.cpp"; path = "../../engine/src/gpu/metal_impl.cpp"; sourceTree = SOURCE_ROOT; };
		C16879A00BF2140D5FEBFE4D /* blur.cpp */ = {isa = PBXFileReference; lastKnownFileType = sourcecode.cpp.cpp; name = "blur.cpp"; path = "../../engine/src/pipeline/blur.cpp"; sourceTree = SOURCE_ROOT; };
		410F36167AAFD51F923D3D02 /* engine.cpp */ = {isa = PBXFileReference; lastKnownFileType = sourcecode.cpp.cpp; name = "engine.cpp"; path = "../../engine/src/pipeline/engine.cpp"; sourceTree = SOURCE_ROOT; };
		306404A60A585A082C4088FD /* pipeline.cpp */ = {isa = PBXFileReference; lastKnownFileType = sourcecode.cpp.cpp; name = "pipeline.cpp"; path = "../../engine/src/pipeline/pipeline.cpp"; sourceTree = SOURCE_ROOT; };
		6E206BF4A16CC067140F0164 /* Engine */ = {
			isa = PBXGroup;
			children = (
				A5204CE797E69548EAFFD3B0 /* blob.cpp */,
				710FEBABC87E980AF1AF7664 /* cam16.cpp */,
				22D72DD8B4B7FE56354C6F79 /* colour.cpp */,
				EBBC46D04B2988CCA0167F14 /* curves.cpp */,
				0BA195E58D3F601CD5A49776 /* hanatos.cpp */,
				956FD749AFC57298A6711322 /* json.cpp */,
				25CC1BFB7B52D0FB6FC2A81E /* numeric.cpp */,
				F9A7F6EBF32F46CD2707DBD5 /* params.cpp */,
				459F2B580134F4D9ED124EA4 /* print_lut.cpp */,
				85F1390D7395279985E86585 /* printing.cpp */,
				2090A31D3FC5961AE84CFF96 /* profile.cpp */,
				76558EA0A6B3742E355439EF /* setup_cache.cpp */,
				6905E2EE44A073E54AB62F1F /* spectral.cpp */,
				27C40131491B53D0BC17194D /* metal_gpu.cpp */,
				2BAE1978B2B320200E827D51 /* metal_impl.cpp */,
				C16879A00BF2140D5FEBFE4D /* blur.cpp */,
				410F36167AAFD51F923D3D02 /* engine.cpp */,
				306404A60A585A082C4088FD /* pipeline.cpp */
			);
			name = Engine;
			sourceTree = "<group>";
		};
		B6CDB6E5D160E013280D3C68 /* Filmify.app */ = {isa = PBXFileReference; explicitFileType = wrapper.application; includeInIndex = 0; path = Filmify.app; sourceTree = BUILT_PRODUCTS_DIR; };
		E02A90D9643568EA39115CFB /* SpektrafilmTests.xctest */ = {isa = PBXFileReference; explicitFileType = wrapper.cfbundle; includeInIndex = 0; path = SpektrafilmTests.xctest; sourceTree = BUILT_PRODUCTS_DIR; };
		00C45FD35CB0F9C5F764F070 /* Products */ = {
			isa = PBXGroup;
			children = (
				B6CDB6E5D160E013280D3C68,
				E02A90D9643568EA39115CFB
			);
			name = Products;
			sourceTree = "<group>";
		};
		ADCF10F76EBF2A74473E9DC4 = {
			isa = PBXGroup;
			children = (
				F2B611895877363CA222F1BE,
				6E206BF4A16CC067140F0164,
				F7B7593EC87B57D9331A9077,
				50A75F8CFCE31052DD51B49C,
				00C45FD35CB0F9C5F764F070
			);
			sourceTree = "<group>";
		};
		42359771015E4C10D1B6322E /* CompareOverlay.swift */ = {isa = PBXBuildFile; fileRef = 59DA59EBE33CF242D7E68432; };
		C459241D7A88AD671A72ECE9 /* CropOverlay.swift */ = {isa = PBXBuildFile; fileRef = 635DA486D60732F49148F204; };
		21B0F42BAAA958024C10A8A2 /* MaskOverlay.swift */ = {isa = PBXBuildFile; fileRef = A0701F79824904065888F08F; };
		E6A415A80ED62396CCDC89BB /* MetalCanvasView.swift */ = {isa = PBXBuildFile; fileRef = 332B80E7AD7AD99123DE8A61; };
		21963B2382042592341A3EDD /* Renderer.swift */ = {isa = PBXBuildFile; fileRef = 3AE798B59EC4B2DF07F75E92; };
		52DE3814E16AA40545623E02 /* Shaders.metal */ = {isa = PBXBuildFile; fileRef = 53BCE6E782FB46F89CED5B86; };
		3B82C5E49F947943A8A44BBC /* TextureStore.swift */ = {isa = PBXBuildFile; fileRef = C72D030D3A36D24A5E9014E3; };
		66BCED8337E049FC2685BA8E /* ViewportState.swift */ = {isa = PBXBuildFile; fileRef = 6BEEE7DE2B4BA5BDD87F2F4E; };
		28E351B3F4AFCC5F1FF444CD /* BeforeAfterIcon.swift */ = {isa = PBXBuildFile; fileRef = D243B47A29909B3FA60A78A5; };
		123E7E13CBF02A66554A66AA /* ColorWheel.swift */ = {isa = PBXBuildFile; fileRef = 5E5223A72A33E3ED16B85A72; };
		690489215E7FB80D5AB4D008 /* CurveEditor.swift */ = {isa = PBXBuildFile; fileRef = ACD9F82C436A9A24CDAB25E7; };
		608133C3C921923AF860CC67 /* FormatPicker.swift */ = {isa = PBXBuildFile; fileRef = 5DFB303BFD1A89805FC009E8; };
		575CBEEFB91C82DB1009A5DA /* HistogramView.swift */ = {isa = PBXBuildFile; fileRef = 2A11D3E4A1523A6BAE3CC12C; };
		B59BFC3DF655B60342DCF33F /* ScrubSlider.swift */ = {isa = PBXBuildFile; fileRef = 16E1392F498F82E7381E48EE; };
		B335268D3F7AA83BBE1369AF /* SectionHeader.swift */ = {isa = PBXBuildFile; fileRef = 83BE5B83822E7F70F7EBF816; };
		F0B960C7E20A1F547084E0E7 /* WhiteBalanceRows.swift */ = {isa = PBXBuildFile; fileRef = B20235C37A329C7FECC40AD3; };
		BFEF0DCF2E6C5B28A7D2A9C0 /* DiagnosticBundle.swift */ = {isa = PBXBuildFile; fileRef = C148C6170DB7C51C74AE5E8C; };
		11DF620F398A004467B7E99B /* Diagnostics.swift */ = {isa = PBXBuildFile; fileRef = 238A30C737D30FF16B7B5FE8; };
		88FF271D21D31FCD2E5614C5 /* JobLog.swift */ = {isa = PBXBuildFile; fileRef = 9E9EAF663097A2BB23597440; };
		A1ED17189798F024FFD0DEA4 /* LogCore.swift */ = {isa = PBXBuildFile; fileRef = 815C24692D550BB19E4AE5EA; };
		D1A5FB778F34071B2F7C0419 /* LogFile.swift */ = {isa = PBXBuildFile; fileRef = 52E6BD44BBD34B4311A3C19E; };
		DAA19693D8A850BC5631B90A /* MemorySampler.swift */ = {isa = PBXBuildFile; fileRef = 6D31A7AA242071E15B7C60AA; };
		F9309875A135B5B4FA6CDE07 /* Exporter.swift */ = {isa = PBXBuildFile; fileRef = 88AE911094D1C8647F9F436E; };
		120AB35A65D128F4DB363D59 /* ExportPage.swift */ = {isa = PBXBuildFile; fileRef = CDEEB81E2292D19C5FF1C521; };
		42ABAF990AB200CF8D4AD8F1 /* ExportRecipe.swift */ = {isa = PBXBuildFile; fileRef = 2AA073E98B3E78B0457FF2A9; };
		91DF239C9075327B597CEBCB /* SoftProof.swift */ = {isa = PBXBuildFile; fileRef = 9AAE1276959CDDBEB61155CF; };
		0C3CF09F1EDE71B247177619 /* ImageDecoder.swift */ = {isa = PBXBuildFile; fileRef = 14D2DF38E5D6A960B50D2E18; };
		5FAD00FDC830677EF2003228 /* Library.swift */ = {isa = PBXBuildFile; fileRef = 808F9788276CB4ECA00BB0C2; };
		1E24C9727C3BFF6C738CCD30 /* ThumbnailCache.swift */ = {isa = PBXBuildFile; fileRef = CC388BD563682E7AFE966466; };
		B75C89E76FF2CB55F7CBB465 /* Adjustments.swift */ = {isa = PBXBuildFile; fileRef = F417CFDF276C38E8EB40A69F; };
		BEEEBB831A643893EB5CA75B /* CurveMath.swift */ = {isa = PBXBuildFile; fileRef = 6D7C202A2F89AF33710D2EF6; };
		B967AFE4A8E52EAC8BEE2E3C /* FeatureFlags.swift */ = {isa = PBXBuildFile; fileRef = C38C8948338EB279B40348BC; };
		7B7A2A18CABB8682BA6D082C /* Frame.swift */ = {isa = PBXBuildFile; fileRef = 3B3B390A40AE9A7E22D9BE5F; };
		E84ADDD0A6090129758A602B /* Geometry.swift */ = {isa = PBXBuildFile; fileRef = 97B6EA09B541E3908F86C5D3; };
		5E60C98BC98F8C891B58E05B /* Mask.swift */ = {isa = PBXBuildFile; fileRef = 703B70FFEB08A3CCC8FC9BDA; };
		5AA0CF8F067A5044E05A5B74 /* Params.swift */ = {isa = PBXBuildFile; fileRef = 8EF4396A112F6B6E976DDF86; };
		E2829C3EA414A580FB7B5B0D /* Session.swift */ = {isa = PBXBuildFile; fileRef = AFCCBF6EC0CB80B2EBC275C1; };
		CA143001371C4DC732BA6680 /* Sidecar.swift */ = {isa = PBXBuildFile; fileRef = F4BF64E9A8F159A2060C6DD8; };
		7E5D12178E4D9C52C1D4ABF6 /* StockCatalog.swift */ = {isa = PBXBuildFile; fileRef = 31345041FA330D39B0E00CCD; };
		CFC55B4A5FB1367C3F901A04 /* CameraSection.swift */ = {isa = PBXBuildFile; fileRef = 43252AEFAB0CEA70D0FBE3B4; };
		932A86AAE70970DCDEB43BD5 /* CropSection.swift */ = {isa = PBXBuildFile; fileRef = D1FC975E76DB37D158E4C695; };
		EB796383A8B0014937E5A208 /* EnlargerSection.swift */ = {isa = PBXBuildFile; fileRef = 81E8212522E85E5FF969B1C1; };
		09C7DCDD09D64234A3D6C2A2 /* FeaturesSection.swift */ = {isa = PBXBuildFile; fileRef = 3B26FF1DD6AD354CC5730A70; };
		C3DEBE16D5B9860579145C53 /* FilmProfileSection.swift */ = {isa = PBXBuildFile; fileRef = F1FBB79F710AE13B8C2043E7; };
		959A52651172BE3338723F61 /* MasksSection.swift */ = {isa = PBXBuildFile; fileRef = 8A4907378ED8167329E109A2; };
		97E17CD60EA0C346265CFC3D /* PrintProfileSection.swift */ = {isa = PBXBuildFile; fileRef = E8D4CB4851BD919C6E7872EB; };
		08E69C106060F08D137F4E0C /* RightSections.swift */ = {isa = PBXBuildFile; fileRef = 13C18B4EC983C5AA8F833F2D; };
		96F3EF0BE935C4782434B45F /* Filmstrip.swift */ = {isa = PBXBuildFile; fileRef = AC744BDEE0D89E94824EC394; };
		A8C451E686F7474ABE393388 /* LeftPanel.swift */ = {isa = PBXBuildFile; fileRef = 20AB06B31EFC582D30060491; };
		89736312635791F5841A1BF1 /* RightPanel.swift */ = {isa = PBXBuildFile; fileRef = B805393C83D8AE2866430F4A; };
		A3C13FFEAB63C78F70EE14A6 /* EngineClient.swift */ = {isa = PBXBuildFile; fileRef = 18758F7467DC3C0B02CD1C06; };
		2EAE9DF11A154019306CF1F7 /* EngineMessage.swift */ = {isa = PBXBuildFile; fileRef = 03F81288054749CE35E2378C; };
		230D0344E51DC3FEA42E6AB8 /* Methods.swift */ = {isa = PBXBuildFile; fileRef = 5C2D3776A376721533BC6D64; };
		9F15F51548551732786E7DF1 /* RenderScheduler.swift */ = {isa = PBXBuildFile; fileRef = 8EBC069364A35E70568F2F00; };
		3492A0C9089E5FE671957E1B /* Theme.swift */ = {isa = PBXBuildFile; fileRef = BADF30DD985883DBD7F0CD6C; };
		9BCB5EA8A916FFC93D767D58 /* AboutWindow.swift */ = {isa = PBXBuildFile; fileRef = E402FF9A8BA8CCA99F4D8DB8; };
		103C660D8511F1E982EC8589 /* BootWindow.swift */ = {isa = PBXBuildFile; fileRef = BB270AF7DD8BCF3DF5FC9845; };
		ACF94C1A8772B9D6DFB59D90 /* BrowseView.swift */ = {isa = PBXBuildFile; fileRef = E1EBAB6B34712702E47D851D; };
		C5C090D181486DA8A3AE3E47 /* CollapseTab.swift */ = {isa = PBXBuildFile; fileRef = 94D33D3078D5207166DF6B56; };
		F3480D65E7A1FEDDD1589233 /* EditorWindow.swift */ = {isa = PBXBuildFile; fileRef = B0FD1619193968E4A1434227; };
		62CD1D092E4969BA3CF89C9A /* ExportWindow.swift */ = {isa = PBXBuildFile; fileRef = 48A50C02011A195B9C20D027; };
		B3758B0D83EDF39147B4D195 /* SettingsWindow.swift */ = {isa = PBXBuildFile; fileRef = 8441CECBBD366E41AFDF4FA3; };
		08B0E501FF0E017AC7670F96 /* TopBar.swift */ = {isa = PBXBuildFile; fileRef = B0AC2489FAFF4433F8410B60; };
		AE065409DD8AEFB909471334 /* TrafficLights.swift */ = {isa = PBXBuildFile; fileRef = 7766F70E61F92EC2E47544C4; };
		6E0428F2AD5F1E918443EC4E /* SpektrafilmApp.swift */ = {isa = PBXBuildFile; fileRef = 0E97223A3B27E0534B023B62; };
		E147B098448DBBEE49936FA5 /* blob.cpp */ = {isa = PBXBuildFile; fileRef = A5204CE797E69548EAFFD3B0; };
		2FA4D70EBD98669665881000 /* cam16.cpp */ = {isa = PBXBuildFile; fileRef = 710FEBABC87E980AF1AF7664; };
		D3FE9ABB0CF5EB123024DC9E /* colour.cpp */ = {isa = PBXBuildFile; fileRef = 22D72DD8B4B7FE56354C6F79; };
		687244FF935FBC307B3694D3 /* curves.cpp */ = {isa = PBXBuildFile; fileRef = EBBC46D04B2988CCA0167F14; };
		1F16C85B5CAB9BC7512E0C5A /* hanatos.cpp */ = {isa = PBXBuildFile; fileRef = 0BA195E58D3F601CD5A49776; };
		B7D0D0F64F09DAB4F31F09E4 /* json.cpp */ = {isa = PBXBuildFile; fileRef = 956FD749AFC57298A6711322; };
		7DD0677C94BCCA9ED5630CA1 /* numeric.cpp */ = {isa = PBXBuildFile; fileRef = 25CC1BFB7B52D0FB6FC2A81E; };
		29598512D7E3EF2836BE33BA /* params.cpp */ = {isa = PBXBuildFile; fileRef = F9A7F6EBF32F46CD2707DBD5; };
		E563B34AA087D5D8CF269D94 /* print_lut.cpp */ = {isa = PBXBuildFile; fileRef = 459F2B580134F4D9ED124EA4; };
		534DFAB08E852716505E335F /* printing.cpp */ = {isa = PBXBuildFile; fileRef = 85F1390D7395279985E86585; };
		EEE7219C0A69101C90312610 /* profile.cpp */ = {isa = PBXBuildFile; fileRef = 2090A31D3FC5961AE84CFF96; };
		F06C1D637F6ADDD349AB7F6F /* setup_cache.cpp */ = {isa = PBXBuildFile; fileRef = 76558EA0A6B3742E355439EF; };
		7F305BD87BFB88ED703003C1 /* spectral.cpp */ = {isa = PBXBuildFile; fileRef = 6905E2EE44A073E54AB62F1F; };
		67087ADF18E372B136AFB8F9 /* metal_gpu.cpp */ = {isa = PBXBuildFile; fileRef = 27C40131491B53D0BC17194D; };
		436868D1594D0AFD3DDD9077 /* metal_impl.cpp */ = {isa = PBXBuildFile; fileRef = 2BAE1978B2B320200E827D51; };
		55582BAEB0AB45261B117862 /* blur.cpp */ = {isa = PBXBuildFile; fileRef = C16879A00BF2140D5FEBFE4D; };
		26C408E8C5FF6DA13F77715F /* engine.cpp */ = {isa = PBXBuildFile; fileRef = 410F36167AAFD51F923D3D02; };
		F3FE17B2A760922060CB8BA6 /* pipeline.cpp */ = {isa = PBXBuildFile; fileRef = 306404A60A585A082C4088FD; };
		AB6F1305312B9996E2538FF8 /* app-sources */ = {
			isa = PBXSourcesBuildPhase;
			buildActionMask = 2147483647;
			files = (
				42359771015E4C10D1B6322E /* CompareOverlay.swift */,
				C459241D7A88AD671A72ECE9 /* CropOverlay.swift */,
				21B0F42BAAA958024C10A8A2 /* MaskOverlay.swift */,
				E6A415A80ED62396CCDC89BB /* MetalCanvasView.swift */,
				21963B2382042592341A3EDD /* Renderer.swift */,
				52DE3814E16AA40545623E02 /* Shaders.metal */,
				3B82C5E49F947943A8A44BBC /* TextureStore.swift */,
				66BCED8337E049FC2685BA8E /* ViewportState.swift */,
				28E351B3F4AFCC5F1FF444CD /* BeforeAfterIcon.swift */,
				123E7E13CBF02A66554A66AA /* ColorWheel.swift */,
				690489215E7FB80D5AB4D008 /* CurveEditor.swift */,
				608133C3C921923AF860CC67 /* FormatPicker.swift */,
				575CBEEFB91C82DB1009A5DA /* HistogramView.swift */,
				B59BFC3DF655B60342DCF33F /* ScrubSlider.swift */,
				B335268D3F7AA83BBE1369AF /* SectionHeader.swift */,
				F0B960C7E20A1F547084E0E7 /* WhiteBalanceRows.swift */,
				BFEF0DCF2E6C5B28A7D2A9C0 /* DiagnosticBundle.swift */,
				11DF620F398A004467B7E99B /* Diagnostics.swift */,
				88FF271D21D31FCD2E5614C5 /* JobLog.swift */,
				A1ED17189798F024FFD0DEA4 /* LogCore.swift */,
				D1A5FB778F34071B2F7C0419 /* LogFile.swift */,
				DAA19693D8A850BC5631B90A /* MemorySampler.swift */,
				F9309875A135B5B4FA6CDE07 /* Exporter.swift */,
				120AB35A65D128F4DB363D59 /* ExportPage.swift */,
				42ABAF990AB200CF8D4AD8F1 /* ExportRecipe.swift */,
				91DF239C9075327B597CEBCB /* SoftProof.swift */,
				0C3CF09F1EDE71B247177619 /* ImageDecoder.swift */,
				5FAD00FDC830677EF2003228 /* Library.swift */,
				1E24C9727C3BFF6C738CCD30 /* ThumbnailCache.swift */,
				B75C89E76FF2CB55F7CBB465 /* Adjustments.swift */,
				BEEEBB831A643893EB5CA75B /* CurveMath.swift */,
				B967AFE4A8E52EAC8BEE2E3C /* FeatureFlags.swift */,
				7B7A2A18CABB8682BA6D082C /* Frame.swift */,
				E84ADDD0A6090129758A602B /* Geometry.swift */,
				5E60C98BC98F8C891B58E05B /* Mask.swift */,
				5AA0CF8F067A5044E05A5B74 /* Params.swift */,
				E2829C3EA414A580FB7B5B0D /* Session.swift */,
				CA143001371C4DC732BA6680 /* Sidecar.swift */,
				7E5D12178E4D9C52C1D4ABF6 /* StockCatalog.swift */,
				CFC55B4A5FB1367C3F901A04 /* CameraSection.swift */,
				932A86AAE70970DCDEB43BD5 /* CropSection.swift */,
				EB796383A8B0014937E5A208 /* EnlargerSection.swift */,
				09C7DCDD09D64234A3D6C2A2 /* FeaturesSection.swift */,
				C3DEBE16D5B9860579145C53 /* FilmProfileSection.swift */,
				959A52651172BE3338723F61 /* MasksSection.swift */,
				97E17CD60EA0C346265CFC3D /* PrintProfileSection.swift */,
				08E69C106060F08D137F4E0C /* RightSections.swift */,
				96F3EF0BE935C4782434B45F /* Filmstrip.swift */,
				A8C451E686F7474ABE393388 /* LeftPanel.swift */,
				89736312635791F5841A1BF1 /* RightPanel.swift */,
				A3C13FFEAB63C78F70EE14A6 /* EngineClient.swift */,
				2EAE9DF11A154019306CF1F7 /* EngineMessage.swift */,
				230D0344E51DC3FEA42E6AB8 /* Methods.swift */,
				9F15F51548551732786E7DF1 /* RenderScheduler.swift */,
				3492A0C9089E5FE671957E1B /* Theme.swift */,
				9BCB5EA8A916FFC93D767D58 /* AboutWindow.swift */,
				103C660D8511F1E982EC8589 /* BootWindow.swift */,
				ACF94C1A8772B9D6DFB59D90 /* BrowseView.swift */,
				C5C090D181486DA8A3AE3E47 /* CollapseTab.swift */,
				F3480D65E7A1FEDDD1589233 /* EditorWindow.swift */,
				62CD1D092E4969BA3CF89C9A /* ExportWindow.swift */,
				B3758B0D83EDF39147B4D195 /* SettingsWindow.swift */,
				08B0E501FF0E017AC7670F96 /* TopBar.swift */,
				AE065409DD8AEFB909471334 /* TrafficLights.swift */,
				6E0428F2AD5F1E918443EC4E /* SpektrafilmApp.swift */,
				E147B098448DBBEE49936FA5 /* blob.cpp */,
				2FA4D70EBD98669665881000 /* cam16.cpp */,
				D3FE9ABB0CF5EB123024DC9E /* colour.cpp */,
				687244FF935FBC307B3694D3 /* curves.cpp */,
				1F16C85B5CAB9BC7512E0C5A /* hanatos.cpp */,
				B7D0D0F64F09DAB4F31F09E4 /* json.cpp */,
				7DD0677C94BCCA9ED5630CA1 /* numeric.cpp */,
				29598512D7E3EF2836BE33BA /* params.cpp */,
				E563B34AA087D5D8CF269D94 /* print_lut.cpp */,
				534DFAB08E852716505E335F /* printing.cpp */,
				EEE7219C0A69101C90312610 /* profile.cpp */,
				F06C1D637F6ADDD349AB7F6F /* setup_cache.cpp */,
				7F305BD87BFB88ED703003C1 /* spectral.cpp */,
				67087ADF18E372B136AFB8F9 /* metal_gpu.cpp */,
				436868D1594D0AFD3DDD9077 /* metal_impl.cpp */,
				55582BAEB0AB45261B117862 /* blur.cpp */,
				26C408E8C5FF6DA13F77715F /* engine.cpp */,
				F3FE17B2A760922060CB8BA6 /* pipeline.cpp */
			);
			runOnlyForDeploymentPostprocessing = 0;
		};
		E5AC6E641AC9A80DE883CF01 /* Assets.xcassets */ = {isa = PBXBuildFile; fileRef = 6237836D23AC0BE4BF6C75BA; };
		B07D0FB0280CF4B9C775FEDA /* Resources */ = {isa = PBXBuildFile; fileRef = 5C4A512A654C5DD992A763D7; };
		C831EECBAB01524E02C71B42 /* app-resources */ = {
			isa = PBXResourcesBuildPhase;
			buildActionMask = 2147483647;
			files = (
				E5AC6E641AC9A80DE883CF01 /* Assets.xcassets */,
				B07D0FB0280CF4B9C775FEDA /* Resources */
			);
			runOnlyForDeploymentPostprocessing = 0;
		};
		AA9A663971E63899B42E7E70 /* app-frameworks */ = {
			isa = PBXFrameworksBuildPhase;
			buildActionMask = 2147483647;
			files = (

			);
			runOnlyForDeploymentPostprocessing = 0;
		};
		6DA091BD04C2D090CB16B652 /* CanvasViewTests.swift */ = {isa = PBXBuildFile; fileRef = 695CCFD2D9DF6F10C116E45D; };
		61D10A4B3C15D54E72D1A827 /* ColorBalanceTests.swift */ = {isa = PBXBuildFile; fileRef = 348D6F9F5F656E52D0571E26; };
		08870D319DB7184731D52E15 /* CompareAndFlagsTests.swift */ = {isa = PBXBuildFile; fileRef = F8B453AF8DC673050FD7885A; };
		52D0D2474F470E659B5A6722 /* CurveMathTests.swift */ = {isa = PBXBuildFile; fileRef = E0ACE7F3E61D864FBC6655B4; };
		2BBB74094C55A514E55B3E63 /* DecodeSeparationTests.swift */ = {isa = PBXBuildFile; fileRef = 48C44D636A09846BAB75B2C3; };
		D8815DA9D034AA8449C388EB /* DiagnosticsTests.swift */ = {isa = PBXBuildFile; fileRef = 5A32645AD23677E47ACBB473; };
		42C3D4B41B64883B23C38365 /* EngineClientTests.swift */ = {isa = PBXBuildFile; fileRef = 707D7A5477A5FB7D4C59EAC9; };
		F3E95B61EB286B949695789A /* ExportRecipeTests.swift */ = {isa = PBXBuildFile; fileRef = 6BE1B7DD254E58562C34005E; };
		EDBE49EC9A64EB75CE5F3A59 /* FrontendPolicyTests.swift */ = {isa = PBXBuildFile; fileRef = CA66FD59F215FC6972C2D198; };
		F6764D0FBB14B36312775FD0 /* GeometryContractTests.swift */ = {isa = PBXBuildFile; fileRef = DE251D95F23AF3360C9FF353; };
		D272CC5A37FD467D1EEC6402 /* GeometryTests.swift */ = {isa = PBXBuildFile; fileRef = 542E990A73920A074FBCB8AD; };
		46570DC144E4039B07452057 /* LayoutTests.swift */ = {isa = PBXBuildFile; fileRef = EB34844D3E0495817C803342; };
		C19A97251C0314A98D1C35FF /* LicensingTests.swift */ = {isa = PBXBuildFile; fileRef = 129F3C8D834695B296B480A2; };
		7E7F0C018077CCA7626CC271 /* MaskTests.swift */ = {isa = PBXBuildFile; fileRef = A9A63FA71927932087A3A66E; };
		CCA14950992D67F96404929B /* OpenPathTests.swift */ = {isa = PBXBuildFile; fileRef = E8B28C6388E519F3A631A063; };
		5F2060A43850F10981E95A4E /* ParamsTests.swift */ = {isa = PBXBuildFile; fileRef = A89702A26423FDC7727F6438; };
		ABD67D560AC9B96E337C450A /* PrintLUTTests.swift */ = {isa = PBXBuildFile; fileRef = 9E88D72E5CD90E963B306BC9; };
		2802572C02CF01EEA6A70C46 /* RendererTests.swift */ = {isa = PBXBuildFile; fileRef = B8AAFBEDF4D8578E3CD6F053; };
		9DC84B87185D22B957505FD9 /* ViewportStateTests.swift */ = {isa = PBXBuildFile; fileRef = 7EF987292B751BB34847B0D2; };
		A374B2A9766C072FF3F5F64A /* WhiteBalanceTests.swift */ = {isa = PBXBuildFile; fileRef = A18AC5726B836ED944A58152; };
		186016FA6BEED4407170216C /* CompareOverlay.swift */ = {isa = PBXBuildFile; fileRef = 59DA59EBE33CF242D7E68432; };
		275D03114B2AEA91EF0CA255 /* CropOverlay.swift */ = {isa = PBXBuildFile; fileRef = 635DA486D60732F49148F204; };
		063987D9CF5609A1B13C37C6 /* MaskOverlay.swift */ = {isa = PBXBuildFile; fileRef = A0701F79824904065888F08F; };
		A5F4DB934DC9EC2EA8764CCB /* MetalCanvasView.swift */ = {isa = PBXBuildFile; fileRef = 332B80E7AD7AD99123DE8A61; };
		95CD90AE9097A1C4BB8CF66E /* Renderer.swift */ = {isa = PBXBuildFile; fileRef = 3AE798B59EC4B2DF07F75E92; };
		627F9E825E20BBEEA8459A7D /* Shaders.metal */ = {isa = PBXBuildFile; fileRef = 53BCE6E782FB46F89CED5B86; };
		C545D9710C61885E2AFCE9DB /* TextureStore.swift */ = {isa = PBXBuildFile; fileRef = C72D030D3A36D24A5E9014E3; };
		09BE8B0B8A08F216EDEE3214 /* ViewportState.swift */ = {isa = PBXBuildFile; fileRef = 6BEEE7DE2B4BA5BDD87F2F4E; };
		972CA27CC9AE07ABADFCA58A /* BeforeAfterIcon.swift */ = {isa = PBXBuildFile; fileRef = D243B47A29909B3FA60A78A5; };
		F006D74E6E5C4BA472CB8653 /* ColorWheel.swift */ = {isa = PBXBuildFile; fileRef = 5E5223A72A33E3ED16B85A72; };
		DE9C5FC11E9775CF3830C7F2 /* CurveEditor.swift */ = {isa = PBXBuildFile; fileRef = ACD9F82C436A9A24CDAB25E7; };
		8063E3056F7CDEE6F419968F /* FormatPicker.swift */ = {isa = PBXBuildFile; fileRef = 5DFB303BFD1A89805FC009E8; };
		BFDC4BE178EB6CA542BA60CC /* HistogramView.swift */ = {isa = PBXBuildFile; fileRef = 2A11D3E4A1523A6BAE3CC12C; };
		FB51246BDBB228BC5F419ACC /* ScrubSlider.swift */ = {isa = PBXBuildFile; fileRef = 16E1392F498F82E7381E48EE; };
		3D7CF9F9F25756AE110B17DA /* SectionHeader.swift */ = {isa = PBXBuildFile; fileRef = 83BE5B83822E7F70F7EBF816; };
		536FAB2A146A3EF2AD5C5471 /* WhiteBalanceRows.swift */ = {isa = PBXBuildFile; fileRef = B20235C37A329C7FECC40AD3; };
		E439B71264843440309D7153 /* DiagnosticBundle.swift */ = {isa = PBXBuildFile; fileRef = C148C6170DB7C51C74AE5E8C; };
		9069C9C90D76CA38E9ECE148 /* Diagnostics.swift */ = {isa = PBXBuildFile; fileRef = 238A30C737D30FF16B7B5FE8; };
		A722401A0A998572FAA430B3 /* JobLog.swift */ = {isa = PBXBuildFile; fileRef = 9E9EAF663097A2BB23597440; };
		A14CBE9ACE7C16D32DB43EB1 /* LogCore.swift */ = {isa = PBXBuildFile; fileRef = 815C24692D550BB19E4AE5EA; };
		C5B3B48BBB22AEF3D46D5EB4 /* LogFile.swift */ = {isa = PBXBuildFile; fileRef = 52E6BD44BBD34B4311A3C19E; };
		8DA553177DD7286DE1876909 /* MemorySampler.swift */ = {isa = PBXBuildFile; fileRef = 6D31A7AA242071E15B7C60AA; };
		7A647FBBEF9F6CE808AC35A9 /* Exporter.swift */ = {isa = PBXBuildFile; fileRef = 88AE911094D1C8647F9F436E; };
		2A7AEA95E4E40E1132B0F429 /* ExportPage.swift */ = {isa = PBXBuildFile; fileRef = CDEEB81E2292D19C5FF1C521; };
		B97020A558C4F0ACA0A5DAFF /* ExportRecipe.swift */ = {isa = PBXBuildFile; fileRef = 2AA073E98B3E78B0457FF2A9; };
		A026976A8EF5FA6145B61FE5 /* SoftProof.swift */ = {isa = PBXBuildFile; fileRef = 9AAE1276959CDDBEB61155CF; };
		BD74EFB4A620BE3F6FB74ED5 /* ImageDecoder.swift */ = {isa = PBXBuildFile; fileRef = 14D2DF38E5D6A960B50D2E18; };
		3AB2D241EF98CFCE6A3406B4 /* Library.swift */ = {isa = PBXBuildFile; fileRef = 808F9788276CB4ECA00BB0C2; };
		107612BDAADED5A8E03F0EAA /* ThumbnailCache.swift */ = {isa = PBXBuildFile; fileRef = CC388BD563682E7AFE966466; };
		0FE9A99256F30A68D05D88C5 /* Adjustments.swift */ = {isa = PBXBuildFile; fileRef = F417CFDF276C38E8EB40A69F; };
		763BD00DDF8DB115F89D33CE /* CurveMath.swift */ = {isa = PBXBuildFile; fileRef = 6D7C202A2F89AF33710D2EF6; };
		7663E6777A1EADC67BF4A9C4 /* FeatureFlags.swift */ = {isa = PBXBuildFile; fileRef = C38C8948338EB279B40348BC; };
		776B64346AB8D64AFE6F489D /* Frame.swift */ = {isa = PBXBuildFile; fileRef = 3B3B390A40AE9A7E22D9BE5F; };
		641C9DB755CFFDB930009F8B /* Geometry.swift */ = {isa = PBXBuildFile; fileRef = 97B6EA09B541E3908F86C5D3; };
		225A74B8B5A525D963ADB63A /* Mask.swift */ = {isa = PBXBuildFile; fileRef = 703B70FFEB08A3CCC8FC9BDA; };
		0F81A8632EEBD8C97F78E61C /* Params.swift */ = {isa = PBXBuildFile; fileRef = 8EF4396A112F6B6E976DDF86; };
		ADD7E31E6A3575CE64B400F5 /* Session.swift */ = {isa = PBXBuildFile; fileRef = AFCCBF6EC0CB80B2EBC275C1; };
		AC2693D184D09E5BA9AB2BE2 /* Sidecar.swift */ = {isa = PBXBuildFile; fileRef = F4BF64E9A8F159A2060C6DD8; };
		15BDBBCB8EAA0E66CBA0B86F /* StockCatalog.swift */ = {isa = PBXBuildFile; fileRef = 31345041FA330D39B0E00CCD; };
		E10D8841921A8C6E13A4B012 /* CameraSection.swift */ = {isa = PBXBuildFile; fileRef = 43252AEFAB0CEA70D0FBE3B4; };
		DF1E67C28A3F0E51C980388F /* CropSection.swift */ = {isa = PBXBuildFile; fileRef = D1FC975E76DB37D158E4C695; };
		88B77F0C4EFEF81CDEEB5C43 /* EnlargerSection.swift */ = {isa = PBXBuildFile; fileRef = 81E8212522E85E5FF969B1C1; };
		25EF243C398ADB75A1CB8522 /* FeaturesSection.swift */ = {isa = PBXBuildFile; fileRef = 3B26FF1DD6AD354CC5730A70; };
		6F787C64F8A6D263A4FCC959 /* FilmProfileSection.swift */ = {isa = PBXBuildFile; fileRef = F1FBB79F710AE13B8C2043E7; };
		FC038C339FDEEF68699660F9 /* MasksSection.swift */ = {isa = PBXBuildFile; fileRef = 8A4907378ED8167329E109A2; };
		3D8A523F3C37502A7E8CEB7D /* PrintProfileSection.swift */ = {isa = PBXBuildFile; fileRef = E8D4CB4851BD919C6E7872EB; };
		EFFBD2A593918A56EE3C1F1F /* RightSections.swift */ = {isa = PBXBuildFile; fileRef = 13C18B4EC983C5AA8F833F2D; };
		915C3558CE0973C957A2DBBE /* Filmstrip.swift */ = {isa = PBXBuildFile; fileRef = AC744BDEE0D89E94824EC394; };
		3ABCDDCEA18931FE9F7C69D3 /* LeftPanel.swift */ = {isa = PBXBuildFile; fileRef = 20AB06B31EFC582D30060491; };
		CC3CE3735C84469AFB748FE0 /* RightPanel.swift */ = {isa = PBXBuildFile; fileRef = B805393C83D8AE2866430F4A; };
		2F5F3F127365AEBCEA635E1B /* EngineClient.swift */ = {isa = PBXBuildFile; fileRef = 18758F7467DC3C0B02CD1C06; };
		FDF8359F2798FB3861E1AAD2 /* EngineMessage.swift */ = {isa = PBXBuildFile; fileRef = 03F81288054749CE35E2378C; };
		55A047296DFEFE54695D0203 /* Methods.swift */ = {isa = PBXBuildFile; fileRef = 5C2D3776A376721533BC6D64; };
		BA038443BBB6CE149C8DE9AE /* RenderScheduler.swift */ = {isa = PBXBuildFile; fileRef = 8EBC069364A35E70568F2F00; };
		205B7759B7DFFB7883B24516 /* Theme.swift */ = {isa = PBXBuildFile; fileRef = BADF30DD985883DBD7F0CD6C; };
		5F74006C884F671CF1982AA9 /* AboutWindow.swift */ = {isa = PBXBuildFile; fileRef = E402FF9A8BA8CCA99F4D8DB8; };
		116A693F0B59DBCAED3933A2 /* BootWindow.swift */ = {isa = PBXBuildFile; fileRef = BB270AF7DD8BCF3DF5FC9845; };
		9A980A94394AEDC5E8CC20E4 /* BrowseView.swift */ = {isa = PBXBuildFile; fileRef = E1EBAB6B34712702E47D851D; };
		3865A286E39E25EE4E5B4057 /* CollapseTab.swift */ = {isa = PBXBuildFile; fileRef = 94D33D3078D5207166DF6B56; };
		3915D4A59B5BDFF5D879981E /* EditorWindow.swift */ = {isa = PBXBuildFile; fileRef = B0FD1619193968E4A1434227; };
		226E759D205D3FD109623C33 /* ExportWindow.swift */ = {isa = PBXBuildFile; fileRef = 48A50C02011A195B9C20D027; };
		4D7B3577A3F5C3BD37931DA4 /* SettingsWindow.swift */ = {isa = PBXBuildFile; fileRef = 8441CECBBD366E41AFDF4FA3; };
		E94DC48CAC0A7B1A0150E0D4 /* TopBar.swift */ = {isa = PBXBuildFile; fileRef = B0AC2489FAFF4433F8410B60; };
		1E9B50DB887234AE26AA8281 /* TrafficLights.swift */ = {isa = PBXBuildFile; fileRef = 7766F70E61F92EC2E47544C4; };
		2AAD0BA9856D071452352CED /* blob.cpp */ = {isa = PBXBuildFile; fileRef = A5204CE797E69548EAFFD3B0; };
		77FBCDCE542AC1D8C6E9345A /* cam16.cpp */ = {isa = PBXBuildFile; fileRef = 710FEBABC87E980AF1AF7664; };
		58D1078649696B1ACF68F718 /* colour.cpp */ = {isa = PBXBuildFile; fileRef = 22D72DD8B4B7FE56354C6F79; };
		51D4A8967D9DAB894B07C2FC /* curves.cpp */ = {isa = PBXBuildFile; fileRef = EBBC46D04B2988CCA0167F14; };
		1ED5858DE4809C6BB9F62FE3 /* hanatos.cpp */ = {isa = PBXBuildFile; fileRef = 0BA195E58D3F601CD5A49776; };
		7F696425AA3DEC6750B0A071 /* json.cpp */ = {isa = PBXBuildFile; fileRef = 956FD749AFC57298A6711322; };
		9A0E53D2EF8DDC82F6A63DA8 /* numeric.cpp */ = {isa = PBXBuildFile; fileRef = 25CC1BFB7B52D0FB6FC2A81E; };
		E853A109A140A746FAF0E8BA /* params.cpp */ = {isa = PBXBuildFile; fileRef = F9A7F6EBF32F46CD2707DBD5; };
		5E505524722DC125C233F74C /* print_lut.cpp */ = {isa = PBXBuildFile; fileRef = 459F2B580134F4D9ED124EA4; };
		DF48B1B22A7A5C0E4736AB02 /* printing.cpp */ = {isa = PBXBuildFile; fileRef = 85F1390D7395279985E86585; };
		100019939B1B2E2AA1FD63F2 /* profile.cpp */ = {isa = PBXBuildFile; fileRef = 2090A31D3FC5961AE84CFF96; };
		C5698D264CD996F4373538DB /* setup_cache.cpp */ = {isa = PBXBuildFile; fileRef = 76558EA0A6B3742E355439EF; };
		6BB49F861BA1E279639AC529 /* spectral.cpp */ = {isa = PBXBuildFile; fileRef = 6905E2EE44A073E54AB62F1F; };
		BB7365CB2FFB0E0A2B6AE9CF /* metal_gpu.cpp */ = {isa = PBXBuildFile; fileRef = 27C40131491B53D0BC17194D; };
		8920F8BB3370C076CC69D528 /* metal_impl.cpp */ = {isa = PBXBuildFile; fileRef = 2BAE1978B2B320200E827D51; };
		844D385BA9CE2FD011D8F482 /* blur.cpp */ = {isa = PBXBuildFile; fileRef = C16879A00BF2140D5FEBFE4D; };
		C2132BE6B02F1EE085746854 /* engine.cpp */ = {isa = PBXBuildFile; fileRef = 410F36167AAFD51F923D3D02; };
		3332715FFA53A7205FBAF18A /* pipeline.cpp */ = {isa = PBXBuildFile; fileRef = 306404A60A585A082C4088FD; };
		1F4D89CC2FE4F3BC028B2B29 /* test-sources */ = {
			isa = PBXSourcesBuildPhase;
			buildActionMask = 2147483647;
			files = (
				6DA091BD04C2D090CB16B652 /* CanvasViewTests.swift */,
				61D10A4B3C15D54E72D1A827 /* ColorBalanceTests.swift */,
				08870D319DB7184731D52E15 /* CompareAndFlagsTests.swift */,
				52D0D2474F470E659B5A6722 /* CurveMathTests.swift */,
				2BBB74094C55A514E55B3E63 /* DecodeSeparationTests.swift */,
				D8815DA9D034AA8449C388EB /* DiagnosticsTests.swift */,
				42C3D4B41B64883B23C38365 /* EngineClientTests.swift */,
				F3E95B61EB286B949695789A /* ExportRecipeTests.swift */,
				EDBE49EC9A64EB75CE5F3A59 /* FrontendPolicyTests.swift */,
				F6764D0FBB14B36312775FD0 /* GeometryContractTests.swift */,
				D272CC5A37FD467D1EEC6402 /* GeometryTests.swift */,
				46570DC144E4039B07452057 /* LayoutTests.swift */,
				C19A97251C0314A98D1C35FF /* LicensingTests.swift */,
				7E7F0C018077CCA7626CC271 /* MaskTests.swift */,
				CCA14950992D67F96404929B /* OpenPathTests.swift */,
				5F2060A43850F10981E95A4E /* ParamsTests.swift */,
				ABD67D560AC9B96E337C450A /* PrintLUTTests.swift */,
				2802572C02CF01EEA6A70C46 /* RendererTests.swift */,
				9DC84B87185D22B957505FD9 /* ViewportStateTests.swift */,
				A374B2A9766C072FF3F5F64A /* WhiteBalanceTests.swift */,
				186016FA6BEED4407170216C /* CompareOverlay.swift */,
				275D03114B2AEA91EF0CA255 /* CropOverlay.swift */,
				063987D9CF5609A1B13C37C6 /* MaskOverlay.swift */,
				A5F4DB934DC9EC2EA8764CCB /* MetalCanvasView.swift */,
				95CD90AE9097A1C4BB8CF66E /* Renderer.swift */,
				627F9E825E20BBEEA8459A7D /* Shaders.metal */,
				C545D9710C61885E2AFCE9DB /* TextureStore.swift */,
				09BE8B0B8A08F216EDEE3214 /* ViewportState.swift */,
				972CA27CC9AE07ABADFCA58A /* BeforeAfterIcon.swift */,
				F006D74E6E5C4BA472CB8653 /* ColorWheel.swift */,
				DE9C5FC11E9775CF3830C7F2 /* CurveEditor.swift */,
				8063E3056F7CDEE6F419968F /* FormatPicker.swift */,
				BFDC4BE178EB6CA542BA60CC /* HistogramView.swift */,
				FB51246BDBB228BC5F419ACC /* ScrubSlider.swift */,
				3D7CF9F9F25756AE110B17DA /* SectionHeader.swift */,
				536FAB2A146A3EF2AD5C5471 /* WhiteBalanceRows.swift */,
				E439B71264843440309D7153 /* DiagnosticBundle.swift */,
				9069C9C90D76CA38E9ECE148 /* Diagnostics.swift */,
				A722401A0A998572FAA430B3 /* JobLog.swift */,
				A14CBE9ACE7C16D32DB43EB1 /* LogCore.swift */,
				C5B3B48BBB22AEF3D46D5EB4 /* LogFile.swift */,
				8DA553177DD7286DE1876909 /* MemorySampler.swift */,
				7A647FBBEF9F6CE808AC35A9 /* Exporter.swift */,
				2A7AEA95E4E40E1132B0F429 /* ExportPage.swift */,
				B97020A558C4F0ACA0A5DAFF /* ExportRecipe.swift */,
				A026976A8EF5FA6145B61FE5 /* SoftProof.swift */,
				BD74EFB4A620BE3F6FB74ED5 /* ImageDecoder.swift */,
				3AB2D241EF98CFCE6A3406B4 /* Library.swift */,
				107612BDAADED5A8E03F0EAA /* ThumbnailCache.swift */,
				0FE9A99256F30A68D05D88C5 /* Adjustments.swift */,
				763BD00DDF8DB115F89D33CE /* CurveMath.swift */,
				7663E6777A1EADC67BF4A9C4 /* FeatureFlags.swift */,
				776B64346AB8D64AFE6F489D /* Frame.swift */,
				641C9DB755CFFDB930009F8B /* Geometry.swift */,
				225A74B8B5A525D963ADB63A /* Mask.swift */,
				0F81A8632EEBD8C97F78E61C /* Params.swift */,
				ADD7E31E6A3575CE64B400F5 /* Session.swift */,
				AC2693D184D09E5BA9AB2BE2 /* Sidecar.swift */,
				15BDBBCB8EAA0E66CBA0B86F /* StockCatalog.swift */,
				E10D8841921A8C6E13A4B012 /* CameraSection.swift */,
				DF1E67C28A3F0E51C980388F /* CropSection.swift */,
				88B77F0C4EFEF81CDEEB5C43 /* EnlargerSection.swift */,
				25EF243C398ADB75A1CB8522 /* FeaturesSection.swift */,
				6F787C64F8A6D263A4FCC959 /* FilmProfileSection.swift */,
				FC038C339FDEEF68699660F9 /* MasksSection.swift */,
				3D8A523F3C37502A7E8CEB7D /* PrintProfileSection.swift */,
				EFFBD2A593918A56EE3C1F1F /* RightSections.swift */,
				915C3558CE0973C957A2DBBE /* Filmstrip.swift */,
				3ABCDDCEA18931FE9F7C69D3 /* LeftPanel.swift */,
				CC3CE3735C84469AFB748FE0 /* RightPanel.swift */,
				2F5F3F127365AEBCEA635E1B /* EngineClient.swift */,
				FDF8359F2798FB3861E1AAD2 /* EngineMessage.swift */,
				55A047296DFEFE54695D0203 /* Methods.swift */,
				BA038443BBB6CE149C8DE9AE /* RenderScheduler.swift */,
				205B7759B7DFFB7883B24516 /* Theme.swift */,
				5F74006C884F671CF1982AA9 /* AboutWindow.swift */,
				116A693F0B59DBCAED3933A2 /* BootWindow.swift */,
				9A980A94394AEDC5E8CC20E4 /* BrowseView.swift */,
				3865A286E39E25EE4E5B4057 /* CollapseTab.swift */,
				3915D4A59B5BDFF5D879981E /* EditorWindow.swift */,
				226E759D205D3FD109623C33 /* ExportWindow.swift */,
				4D7B3577A3F5C3BD37931DA4 /* SettingsWindow.swift */,
				E94DC48CAC0A7B1A0150E0D4 /* TopBar.swift */,
				1E9B50DB887234AE26AA8281 /* TrafficLights.swift */,
				2AAD0BA9856D071452352CED /* blob.cpp */,
				77FBCDCE542AC1D8C6E9345A /* cam16.cpp */,
				58D1078649696B1ACF68F718 /* colour.cpp */,
				51D4A8967D9DAB894B07C2FC /* curves.cpp */,
				1ED5858DE4809C6BB9F62FE3 /* hanatos.cpp */,
				7F696425AA3DEC6750B0A071 /* json.cpp */,
				9A0E53D2EF8DDC82F6A63DA8 /* numeric.cpp */,
				E853A109A140A746FAF0E8BA /* params.cpp */,
				5E505524722DC125C233F74C /* print_lut.cpp */,
				DF48B1B22A7A5C0E4736AB02 /* printing.cpp */,
				100019939B1B2E2AA1FD63F2 /* profile.cpp */,
				C5698D264CD996F4373538DB /* setup_cache.cpp */,
				6BB49F861BA1E279639AC529 /* spectral.cpp */,
				BB7365CB2FFB0E0A2B6AE9CF /* metal_gpu.cpp */,
				8920F8BB3370C076CC69D528 /* metal_impl.cpp */,
				844D385BA9CE2FD011D8F482 /* blur.cpp */,
				C2132BE6B02F1EE085746854 /* engine.cpp */,
				3332715FFA53A7205FBAF18A /* pipeline.cpp */
			);
			runOnlyForDeploymentPostprocessing = 0;
		};
		EF2A7AE3008A0D2FAD3B07A1 /* Assets.xcassets */ = {isa = PBXBuildFile; fileRef = 6237836D23AC0BE4BF6C75BA; };
		7224E0F2B2F44AEC484EC4E1 /* Resources */ = {isa = PBXBuildFile; fileRef = 5C4A512A654C5DD992A763D7; };
		201E3014E52B86C5F3284B5C /* test-resources */ = {
			isa = PBXResourcesBuildPhase;
			buildActionMask = 2147483647;
			files = (
				EF2A7AE3008A0D2FAD3B07A1 /* Assets.xcassets */,
				7224E0F2B2F44AEC484EC4E1 /* Resources */
			);
			runOnlyForDeploymentPostprocessing = 0;
		};
		F58B7633F573605290A6D562 /* test-frameworks */ = {
			isa = PBXFrameworksBuildPhase;
			buildActionMask = 2147483647;
			files = (

			);
			runOnlyForDeploymentPostprocessing = 0;
		};
		20A1F637DF0C8F92FA52C1DD /* Check bundled resources */ = {
			isa = PBXShellScriptBuildPhase;
			buildActionMask = 2147483647;
			files = (
			);
			inputPaths = (
			);
			name = "Check bundled resources";
			outputPaths = (
			);
			runOnlyForDeploymentPostprocessing = 0;
			shellPath = /bin/sh;
			shellScript = "\"$SRCROOT/Tools/check-bundle-resources.sh\"\n";
		};
		11809352A555BC659DD7F622 = {
			isa = PBXContainerItemProxy;
			containerPortal = 98F54143AB4E86B28C3AFEE0;
			proxyType = 1;
			remoteGlobalIDString = 29C7B681C8D62CBAC94D51C0;
			remoteInfo = Spektrafilm;
		};
		AC56FEA34320AF0CEBFE18E6 = {
			isa = PBXTargetDependency;
			target = 29C7B681C8D62CBAC94D51C0;
			targetProxy = 11809352A555BC659DD7F622;
		};
		967DE5DAE8F9C3546488D3FD /* Debug */ = {
			isa = XCBuildConfiguration;
			buildSettings = {
				ARCHS = arm64;
				ASSETCATALOG_COMPILER_APPICON_NAME = AppIcon;
				ASSETCATALOG_COMPILER_GLOBAL_ACCENT_COLOR_NAME = AccentColor;
				CLANG_CXX_LANGUAGE_STANDARD = "c++20";
				CLANG_CXX_LIBRARY = "libc++";
				CLANG_ENABLE_MODULES = YES;
				CLANG_ENABLE_OBJC_ARC = NO;
				CODE_SIGN_ENTITLEMENTS = Spektrafilm/Spektrafilm.entitlements;
				CODE_SIGN_IDENTITY = "-";
				CODE_SIGN_STYLE = Automatic;
				COMBINE_HIDPI_IMAGES = YES;
				CURRENT_PROJECT_VERSION = 3;
				DEBUG_INFORMATION_FORMAT = dwarf;
				DEVELOPMENT_TEAM = "";
				ENABLE_HARDENED_RUNTIME = YES;
				ENABLE_PREVIEWS = YES;
				ENABLE_TESTABILITY = YES;
				GCC_C_LANGUAGE_STANDARD = c11;
				GCC_OPTIMIZATION_LEVEL = 0;
				GENERATE_INFOPLIST_FILE = NO;
				HEADER_SEARCH_PATHS = (
					"$(SRCROOT)/../../engine/include",
					"$(SRCROOT)/../../engine/src",
					"$(SRCROOT)/../../engine/src/core",
					"$(SRCROOT)/../../engine/third_party/metal-cpp",
				);
				INFOPLIST_FILE = Spektrafilm/Info.plist;
				LD_RUNPATH_SEARCH_PATHS = "$(inherited) @executable_path/../Frameworks";
				MACOSX_DEPLOYMENT_TARGET = 15.0;
				MARKETING_VERSION = 0.3;
				MTL_ENABLE_DEBUG_INFO = INCLUDE_SOURCE;
				MTL_FAST_MATH = YES;
				ONLY_ACTIVE_ARCH = YES;
				OTHER_LDFLAGS = "-framework Metal -framework QuartzCore";
				PRODUCT_BUNDLE_IDENTIFIER = com.hanze.filmify;
				PRODUCT_NAME = Filmify;
				SDKROOT = macosx;
				SWIFT_ACTIVE_COMPILATION_CONDITIONS = DEBUG;
				SWIFT_EMIT_LOC_STRINGS = NO;
				SWIFT_OBJC_BRIDGING_HEADER = "Spektrafilm/Service/Spektrafilm-Bridging-Header.h";
				SWIFT_OPTIMIZATION_LEVEL = "-Onone";
				SWIFT_STRICT_CONCURRENCY = complete;
				SWIFT_VERSION = 6.0;
			};
			name = Debug;
		};
		70A5F3AAC43D0790B57ED51A /* Release */ = {
			isa = XCBuildConfiguration;
			buildSettings = {
				ARCHS = arm64;
				ASSETCATALOG_COMPILER_APPICON_NAME = AppIcon;
				ASSETCATALOG_COMPILER_GLOBAL_ACCENT_COLOR_NAME = AccentColor;
				CLANG_CXX_LANGUAGE_STANDARD = "c++20";
				CLANG_CXX_LIBRARY = "libc++";
				CLANG_ENABLE_MODULES = YES;
				CLANG_ENABLE_OBJC_ARC = NO;
				CODE_SIGN_ENTITLEMENTS = Spektrafilm/Spektrafilm.entitlements;
				CODE_SIGN_IDENTITY = "-";
				CODE_SIGN_STYLE = Automatic;
				COMBINE_HIDPI_IMAGES = YES;
				CURRENT_PROJECT_VERSION = 3;
				DEBUG_INFORMATION_FORMAT = "dwarf-with-dsym";
				DEVELOPMENT_TEAM = "";
				ENABLE_HARDENED_RUNTIME = YES;
				ENABLE_PREVIEWS = YES;
				GCC_C_LANGUAGE_STANDARD = c11;
				GENERATE_INFOPLIST_FILE = NO;
				HEADER_SEARCH_PATHS = (
					"$(SRCROOT)/../../engine/include",
					"$(SRCROOT)/../../engine/src",
					"$(SRCROOT)/../../engine/src/core",
					"$(SRCROOT)/../../engine/third_party/metal-cpp",
				);
				INFOPLIST_FILE = Spektrafilm/Info.plist;
				LD_RUNPATH_SEARCH_PATHS = "$(inherited) @executable_path/../Frameworks";
				MACOSX_DEPLOYMENT_TARGET = 15.0;
				MARKETING_VERSION = 0.3;
				MTL_ENABLE_DEBUG_INFO = INCLUDE_SOURCE;
				MTL_FAST_MATH = YES;
				ONLY_ACTIVE_ARCH = YES;
				OTHER_LDFLAGS = "-framework Metal -framework QuartzCore";
				PRODUCT_BUNDLE_IDENTIFIER = com.hanze.filmify;
				PRODUCT_NAME = Filmify;
				SDKROOT = macosx;
				SWIFT_COMPILATION_MODE = wholemodule;
				SWIFT_EMIT_LOC_STRINGS = NO;
				SWIFT_OBJC_BRIDGING_HEADER = "Spektrafilm/Service/Spektrafilm-Bridging-Header.h";
				SWIFT_OPTIMIZATION_LEVEL = "-O";
				SWIFT_STRICT_CONCURRENCY = complete;
				SWIFT_VERSION = 6.0;
			};
			name = Release;
		};
		23746EFE221170E24101FE05 /* app */ = {
			isa = XCConfigurationList;
			buildConfigurations = (
				967DE5DAE8F9C3546488D3FD /* Debug */,
				70A5F3AAC43D0790B57ED51A /* Release */
			);
			defaultConfigurationIsVisible = 0;
			defaultConfigurationName = Release;
		};
		29C7B681C8D62CBAC94D51C0 /* Spektrafilm */ = {
			isa = PBXNativeTarget;
			buildConfigurationList = 23746EFE221170E24101FE05;
			buildPhases = (
				20A1F637DF0C8F92FA52C1DD,
				AB6F1305312B9996E2538FF8,
				AA9A663971E63899B42E7E70,
				C831EECBAB01524E02C71B42
			);
			buildRules = (
			);
			dependencies = (
			);
			name = Spektrafilm;
			productName = Spektrafilm;
			productReference = B6CDB6E5D160E013280D3C68;
			productType = "com.apple.product-type.application";
		};
		7A6254D73776E919A898BF59 /* Debug */ = {
			isa = XCBuildConfiguration;
			buildSettings = {
				ARCHS = arm64;
				ASSETCATALOG_COMPILER_APPICON_NAME = AppIcon;
				ASSETCATALOG_COMPILER_GLOBAL_ACCENT_COLOR_NAME = AccentColor;
				CLANG_CXX_LANGUAGE_STANDARD = "c++20";
				CLANG_CXX_LIBRARY = "libc++";
				CLANG_ENABLE_MODULES = YES;
				CLANG_ENABLE_OBJC_ARC = NO;
				CODE_SIGN_IDENTITY = "-";
				CODE_SIGN_STYLE = Automatic;
				COMBINE_HIDPI_IMAGES = YES;
				CURRENT_PROJECT_VERSION = 3;
				DEBUG_INFORMATION_FORMAT = dwarf;
				DEVELOPMENT_TEAM = "";
				ENABLE_HARDENED_RUNTIME = YES;
				ENABLE_TESTABILITY = YES;
				GCC_C_LANGUAGE_STANDARD = c11;
				GCC_OPTIMIZATION_LEVEL = 0;
				GENERATE_INFOPLIST_FILE = YES;
				HEADER_SEARCH_PATHS = (
					"$(SRCROOT)/../../engine/include",
					"$(SRCROOT)/../../engine/src",
					"$(SRCROOT)/../../engine/src/core",
					"$(SRCROOT)/../../engine/third_party/metal-cpp",
				);
				LD_RUNPATH_SEARCH_PATHS = "$(inherited) @executable_path/../Frameworks @loader_path/../Frameworks";
				MACOSX_DEPLOYMENT_TARGET = 15.0;
				MARKETING_VERSION = 0.3;
				MTL_ENABLE_DEBUG_INFO = INCLUDE_SOURCE;
				MTL_FAST_MATH = YES;
				ONLY_ACTIVE_ARCH = YES;
				OTHER_LDFLAGS = "-framework Metal -framework QuartzCore";
				PRODUCT_BUNDLE_IDENTIFIER = com.hanze.filmify.tests;
				PRODUCT_NAME = SpektrafilmTests;
				SDKROOT = macosx;
				SWIFT_ACTIVE_COMPILATION_CONDITIONS = DEBUG;
				SWIFT_EMIT_LOC_STRINGS = NO;
				SWIFT_OBJC_BRIDGING_HEADER = "Spektrafilm/Service/Spektrafilm-Bridging-Header.h";
				SWIFT_OPTIMIZATION_LEVEL = "-Onone";
				SWIFT_STRICT_CONCURRENCY = complete;
				SWIFT_VERSION = 6.0;
			};
			name = Debug;
		};
		7EB3E2C335E8159349623C2B /* Release */ = {
			isa = XCBuildConfiguration;
			buildSettings = {
				ARCHS = arm64;
				ASSETCATALOG_COMPILER_APPICON_NAME = AppIcon;
				ASSETCATALOG_COMPILER_GLOBAL_ACCENT_COLOR_NAME = AccentColor;
				CLANG_CXX_LANGUAGE_STANDARD = "c++20";
				CLANG_CXX_LIBRARY = "libc++";
				CLANG_ENABLE_MODULES = YES;
				CLANG_ENABLE_OBJC_ARC = NO;
				CODE_SIGN_IDENTITY = "-";
				CODE_SIGN_STYLE = Automatic;
				COMBINE_HIDPI_IMAGES = YES;
				CURRENT_PROJECT_VERSION = 3;
				DEBUG_INFORMATION_FORMAT = "dwarf-with-dsym";
				DEVELOPMENT_TEAM = "";
				ENABLE_HARDENED_RUNTIME = YES;
				GCC_C_LANGUAGE_STANDARD = c11;
				GENERATE_INFOPLIST_FILE = YES;
				HEADER_SEARCH_PATHS = (
					"$(SRCROOT)/../../engine/include",
					"$(SRCROOT)/../../engine/src",
					"$(SRCROOT)/../../engine/src/core",
					"$(SRCROOT)/../../engine/third_party/metal-cpp",
				);
				LD_RUNPATH_SEARCH_PATHS = "$(inherited) @executable_path/../Frameworks @loader_path/../Frameworks";
				MACOSX_DEPLOYMENT_TARGET = 15.0;
				MARKETING_VERSION = 0.3;
				MTL_ENABLE_DEBUG_INFO = INCLUDE_SOURCE;
				MTL_FAST_MATH = YES;
				ONLY_ACTIVE_ARCH = YES;
				OTHER_LDFLAGS = "-framework Metal -framework QuartzCore";
				PRODUCT_BUNDLE_IDENTIFIER = com.hanze.filmify.tests;
				PRODUCT_NAME = SpektrafilmTests;
				SDKROOT = macosx;
				SWIFT_COMPILATION_MODE = wholemodule;
				SWIFT_EMIT_LOC_STRINGS = NO;
				SWIFT_OBJC_BRIDGING_HEADER = "Spektrafilm/Service/Spektrafilm-Bridging-Header.h";
				SWIFT_OPTIMIZATION_LEVEL = "-O";
				SWIFT_STRICT_CONCURRENCY = complete;
				SWIFT_VERSION = 6.0;
			};
			name = Release;
		};
		D2BE3DDC22BFECC3C59645DA /* tests */ = {
			isa = XCConfigurationList;
			buildConfigurations = (
				7A6254D73776E919A898BF59 /* Debug */,
				7EB3E2C335E8159349623C2B /* Release */
			);
			defaultConfigurationIsVisible = 0;
			defaultConfigurationName = Release;
		};
		7EC8F98B7A265120217712DE /* SpektrafilmTests */ = {
			isa = PBXNativeTarget;
			buildConfigurationList = D2BE3DDC22BFECC3C59645DA;
			buildPhases = (
				1F4D89CC2FE4F3BC028B2B29,
				F58B7633F573605290A6D562,
				201E3014E52B86C5F3284B5C
			);
			buildRules = (
			);
			dependencies = (
			);
			name = SpektrafilmTests;
			productName = SpektrafilmTests;
			productReference = E02A90D9643568EA39115CFB;
			productType = "com.apple.product-type.bundle.unit-test";
		};
		855D4B0C75ECD556474FD8F5 /* Debug */ = {
			isa = XCBuildConfiguration;
			buildSettings = {
				ALWAYS_SEARCH_USER_PATHS = NO;
				CLANG_ENABLE_OBJC_ARC = YES;
				DEBUG_INFORMATION_FORMAT = dwarf;
				ENABLE_STRICT_OBJC_MSGSEND = YES;
				ENABLE_TESTABILITY = YES;
				ENABLE_USER_SCRIPT_SANDBOXING = NO;
				GCC_NO_COMMON_BLOCKS = YES;
				GCC_OPTIMIZATION_LEVEL = 0;
				MACOSX_DEPLOYMENT_TARGET = 15.0;
				SDKROOT = macosx;
				SWIFT_ACTIVE_COMPILATION_CONDITIONS = DEBUG;
				SWIFT_OPTIMIZATION_LEVEL = "-Onone";
				SWIFT_VERSION = 6.0;
			};
			name = Debug;
		};
		4E74312DBBD620AE1CB5D771 /* Release */ = {
			isa = XCBuildConfiguration;
			buildSettings = {
				ALWAYS_SEARCH_USER_PATHS = NO;
				CLANG_ENABLE_OBJC_ARC = YES;
				DEBUG_INFORMATION_FORMAT = "dwarf-with-dsym";
				ENABLE_STRICT_OBJC_MSGSEND = YES;
				ENABLE_USER_SCRIPT_SANDBOXING = NO;
				GCC_NO_COMMON_BLOCKS = YES;
				MACOSX_DEPLOYMENT_TARGET = 15.0;
				SDKROOT = macosx;
				SWIFT_COMPILATION_MODE = wholemodule;
				SWIFT_OPTIMIZATION_LEVEL = "-O";
				SWIFT_VERSION = 6.0;
			};
			name = Release;
		};
		3D29D9F3A882C4202964FB56 /* project */ = {
			isa = XCConfigurationList;
			buildConfigurations = (
				855D4B0C75ECD556474FD8F5 /* Debug */,
				4E74312DBBD620AE1CB5D771 /* Release */
			);
			defaultConfigurationIsVisible = 0;
			defaultConfigurationName = Release;
		};
		98F54143AB4E86B28C3AFEE0 /* Project object */ = {
			isa = PBXProject;
			attributes = {
				BuildIndependentTargetsInParallel = 1;
				LastSwiftUpdateCheck = 1600;
				LastUpgradeCheck = 1600;
				TargetAttributes = {
					7EC8F98B7A265120217712DE = {
						TestTargetID = 29C7B681C8D62CBAC94D51C0;
					};
				};
			};
			buildConfigurationList = 3D29D9F3A882C4202964FB56;
			compatibilityVersion = "Xcode 14.0";
			developmentRegion = en;
			hasScannedForEncodings = 0;
			knownRegions = (
				en,
				Base
			);
			mainGroup = ADCF10F76EBF2A74473E9DC4;
			productRefGroup = 00C45FD35CB0F9C5F764F070;
			projectDirPath = "";
			projectRoot = "";
			targets = (
				29C7B681C8D62CBAC94D51C0,
				7EC8F98B7A265120217712DE
			);
		};
	};
	rootObject = 98F54143AB4E86B28C3AFEE0 /* Project object */;
}
