// !$*UTF8*$!
{
	archiveVersion = 1;
	classes = {
	};
	objectVersion = 56;
	objects = {
		95AF0B875B15BE71E6333B74 /* Assets.xcassets */ = {isa = PBXFileReference; lastKnownFileType = folder.assetcatalog; path = "Assets.xcassets"; sourceTree = "<group>"; };
		4F143608636190DDE871CB6F /* ColourManagement.swift */ = {isa = PBXFileReference; lastKnownFileType = sourcecode.swift; path = "ColourManagement.swift"; sourceTree = "<group>"; };
		6C43250A606654CFA72184FC /* CompareOverlay.swift */ = {isa = PBXFileReference; lastKnownFileType = sourcecode.swift; path = "CompareOverlay.swift"; sourceTree = "<group>"; };
		83AC01EC2BF668504DBA4A01 /* CropOverlay.swift */ = {isa = PBXFileReference; lastKnownFileType = sourcecode.swift; path = "CropOverlay.swift"; sourceTree = "<group>"; };
		DCD2D754C1EA82480C255A6D /* MaskOverlay.swift */ = {isa = PBXFileReference; lastKnownFileType = sourcecode.swift; path = "MaskOverlay.swift"; sourceTree = "<group>"; };
		47354CFF6F27A6376EE23BE5 /* MetalCanvasView.swift */ = {isa = PBXFileReference; lastKnownFileType = sourcecode.swift; path = "MetalCanvasView.swift"; sourceTree = "<group>"; };
		EC66048323C8D8B5B4B01E7E /* Renderer.swift */ = {isa = PBXFileReference; lastKnownFileType = sourcecode.swift; path = "Renderer.swift"; sourceTree = "<group>"; };
		4CF69B8F79D40B1FCB14293F /* Shaders.metal */ = {isa = PBXFileReference; lastKnownFileType = sourcecode.metal; path = "Shaders.metal"; sourceTree = "<group>"; };
		B86148344C77C80D9FC5967C /* TextureStore.swift */ = {isa = PBXFileReference; lastKnownFileType = sourcecode.swift; path = "TextureStore.swift"; sourceTree = "<group>"; };
		7FCB5DCA4F74487782BA96E0 /* ViewportState.swift */ = {isa = PBXFileReference; lastKnownFileType = sourcecode.swift; path = "ViewportState.swift"; sourceTree = "<group>"; };
		419E8C4112E7C352F66D7FC9 /* Canvas */ = {
			isa = PBXGroup;
			children = (
				4F143608636190DDE871CB6F /* ColourManagement.swift */,
				6C43250A606654CFA72184FC /* CompareOverlay.swift */,
				83AC01EC2BF668504DBA4A01 /* CropOverlay.swift */,
				DCD2D754C1EA82480C255A6D /* MaskOverlay.swift */,
				47354CFF6F27A6376EE23BE5 /* MetalCanvasView.swift */,
				EC66048323C8D8B5B4B01E7E /* Renderer.swift */,
				4CF69B8F79D40B1FCB14293F /* Shaders.metal */,
				B86148344C77C80D9FC5967C /* TextureStore.swift */,
				7FCB5DCA4F74487782BA96E0 /* ViewportState.swift */
			);
			path = "Canvas";
			sourceTree = "<group>";
		};
		2785A0A58F5CC016D5E3CAF7 /* BeforeAfterIcon.swift */ = {isa = PBXFileReference; lastKnownFileType = sourcecode.swift; path = "BeforeAfterIcon.swift"; sourceTree = "<group>"; };
		5CC913F6556BE7417AF0B8EC /* ColorWheel.swift */ = {isa = PBXFileReference; lastKnownFileType = sourcecode.swift; path = "ColorWheel.swift"; sourceTree = "<group>"; };
		4376AB624B10378FB73F28D4 /* CurveEditor.swift */ = {isa = PBXFileReference; lastKnownFileType = sourcecode.swift; path = "CurveEditor.swift"; sourceTree = "<group>"; };
		2A353F0D006C3C6074AFFC17 /* FormatPicker.swift */ = {isa = PBXFileReference; lastKnownFileType = sourcecode.swift; path = "FormatPicker.swift"; sourceTree = "<group>"; };
		18AE853CDAEA9AA49D1AF101 /* HistogramView.swift */ = {isa = PBXFileReference; lastKnownFileType = sourcecode.swift; path = "HistogramView.swift"; sourceTree = "<group>"; };
		863EACEB08EA2E9807A204C0 /* ScrubSlider.swift */ = {isa = PBXFileReference; lastKnownFileType = sourcecode.swift; path = "ScrubSlider.swift"; sourceTree = "<group>"; };
		3934E23461AFEEE757C58BC2 /* SectionHeader.swift */ = {isa = PBXFileReference; lastKnownFileType = sourcecode.swift; path = "SectionHeader.swift"; sourceTree = "<group>"; };
		615A0887FFB03CDE97D723B6 /* WhiteBalanceRows.swift */ = {isa = PBXFileReference; lastKnownFileType = sourcecode.swift; path = "WhiteBalanceRows.swift"; sourceTree = "<group>"; };
		98D0FBEF0F75D269C8EAC868 /* Controls */ = {
			isa = PBXGroup;
			children = (
				2785A0A58F5CC016D5E3CAF7 /* BeforeAfterIcon.swift */,
				5CC913F6556BE7417AF0B8EC /* ColorWheel.swift */,
				4376AB624B10378FB73F28D4 /* CurveEditor.swift */,
				2A353F0D006C3C6074AFFC17 /* FormatPicker.swift */,
				18AE853CDAEA9AA49D1AF101 /* HistogramView.swift */,
				863EACEB08EA2E9807A204C0 /* ScrubSlider.swift */,
				3934E23461AFEEE757C58BC2 /* SectionHeader.swift */,
				615A0887FFB03CDE97D723B6 /* WhiteBalanceRows.swift */
			);
			path = "Controls";
			sourceTree = "<group>";
		};
		EAE1AB65304C65A2B8202A13 /* DiagnosticBundle.swift */ = {isa = PBXFileReference; lastKnownFileType = sourcecode.swift; path = "DiagnosticBundle.swift"; sourceTree = "<group>"; };
		7411ADB4509648C64353AEE3 /* Diagnostics.swift */ = {isa = PBXFileReference; lastKnownFileType = sourcecode.swift; path = "Diagnostics.swift"; sourceTree = "<group>"; };
		03ECBA9815DDF5AC7F64A4C9 /* JobLog.swift */ = {isa = PBXFileReference; lastKnownFileType = sourcecode.swift; path = "JobLog.swift"; sourceTree = "<group>"; };
		D6ECE0EFBA1E3DA72E5EFE8B /* LogCore.swift */ = {isa = PBXFileReference; lastKnownFileType = sourcecode.swift; path = "LogCore.swift"; sourceTree = "<group>"; };
		6D745A4905EA26F4A7B70F9F /* LogFile.swift */ = {isa = PBXFileReference; lastKnownFileType = sourcecode.swift; path = "LogFile.swift"; sourceTree = "<group>"; };
		9E3FC8A4AA54A43192FCAF14 /* MemorySampler.swift */ = {isa = PBXFileReference; lastKnownFileType = sourcecode.swift; path = "MemorySampler.swift"; sourceTree = "<group>"; };
		2BF1474F347A23B1662FE8DF /* Diagnostics */ = {
			isa = PBXGroup;
			children = (
				EAE1AB65304C65A2B8202A13 /* DiagnosticBundle.swift */,
				7411ADB4509648C64353AEE3 /* Diagnostics.swift */,
				03ECBA9815DDF5AC7F64A4C9 /* JobLog.swift */,
				D6ECE0EFBA1E3DA72E5EFE8B /* LogCore.swift */,
				6D745A4905EA26F4A7B70F9F /* LogFile.swift */,
				9E3FC8A4AA54A43192FCAF14 /* MemorySampler.swift */
			);
			path = "Diagnostics";
			sourceTree = "<group>";
		};
		49795DE7C6D4AE486C014FAD /* Exporter.swift */ = {isa = PBXFileReference; lastKnownFileType = sourcecode.swift; path = "Exporter.swift"; sourceTree = "<group>"; };
		27C8AF22BEBC4F5E0438BCA6 /* ExportPage.swift */ = {isa = PBXFileReference; lastKnownFileType = sourcecode.swift; path = "ExportPage.swift"; sourceTree = "<group>"; };
		6BAD0964B5D1D69B46779BD2 /* ExportRecipe.swift */ = {isa = PBXFileReference; lastKnownFileType = sourcecode.swift; path = "ExportRecipe.swift"; sourceTree = "<group>"; };
		266D90AFA8CB7D6288142E87 /* SoftProof.swift */ = {isa = PBXFileReference; lastKnownFileType = sourcecode.swift; path = "SoftProof.swift"; sourceTree = "<group>"; };
		85F0938F18640AB868BF9C4F /* Export */ = {
			isa = PBXGroup;
			children = (
				49795DE7C6D4AE486C014FAD /* Exporter.swift */,
				27C8AF22BEBC4F5E0438BCA6 /* ExportPage.swift */,
				6BAD0964B5D1D69B46779BD2 /* ExportRecipe.swift */,
				266D90AFA8CB7D6288142E87 /* SoftProof.swift */
			);
			path = "Export";
			sourceTree = "<group>";
		};
		A6427F498848302049AD3D74 /* ImageDecoder.swift */ = {isa = PBXFileReference; lastKnownFileType = sourcecode.swift; path = "ImageDecoder.swift"; sourceTree = "<group>"; };
		C86732BFAD9501A31805FB3B /* Library.swift */ = {isa = PBXFileReference; lastKnownFileType = sourcecode.swift; path = "Library.swift"; sourceTree = "<group>"; };
		F8F203593CE4BB88CA969F66 /* ThumbnailCache.swift */ = {isa = PBXFileReference; lastKnownFileType = sourcecode.swift; path = "ThumbnailCache.swift"; sourceTree = "<group>"; };
		D2642CD30885FFD025BE0EE8 /* Import */ = {
			isa = PBXGroup;
			children = (
				A6427F498848302049AD3D74 /* ImageDecoder.swift */,
				C86732BFAD9501A31805FB3B /* Library.swift */,
				F8F203593CE4BB88CA969F66 /* ThumbnailCache.swift */
			);
			path = "Import";
			sourceTree = "<group>";
		};
		926C77AC28F079AD898D455C /* Adjustments.swift */ = {isa = PBXFileReference; lastKnownFileType = sourcecode.swift; path = "Adjustments.swift"; sourceTree = "<group>"; };
		6ED75D5B6E4DEEFFDDD4878A /* CurveMath.swift */ = {isa = PBXFileReference; lastKnownFileType = sourcecode.swift; path = "CurveMath.swift"; sourceTree = "<group>"; };
		A30D37DCF6F3305E231C60F5 /* FeatureFlags.swift */ = {isa = PBXFileReference; lastKnownFileType = sourcecode.swift; path = "FeatureFlags.swift"; sourceTree = "<group>"; };
		E632ECA54EB593A928070083 /* Frame.swift */ = {isa = PBXFileReference; lastKnownFileType = sourcecode.swift; path = "Frame.swift"; sourceTree = "<group>"; };
		24ADC4154BA522355D683879 /* Geometry.swift */ = {isa = PBXFileReference; lastKnownFileType = sourcecode.swift; path = "Geometry.swift"; sourceTree = "<group>"; };
		85ED34416EB1128CF7B1D91E /* Mask.swift */ = {isa = PBXFileReference; lastKnownFileType = sourcecode.swift; path = "Mask.swift"; sourceTree = "<group>"; };
		74E96955141A5F9AF67D73F0 /* Params.swift */ = {isa = PBXFileReference; lastKnownFileType = sourcecode.swift; path = "Params.swift"; sourceTree = "<group>"; };
		9138554D2839EF689090BA3F /* Session.swift */ = {isa = PBXFileReference; lastKnownFileType = sourcecode.swift; path = "Session.swift"; sourceTree = "<group>"; };
		A84C8DE4BA63B9314A68456C /* Sidecar.swift */ = {isa = PBXFileReference; lastKnownFileType = sourcecode.swift; path = "Sidecar.swift"; sourceTree = "<group>"; };
		2B75000212F7FF3EA38FA303 /* StockCatalog.swift */ = {isa = PBXFileReference; lastKnownFileType = sourcecode.swift; path = "StockCatalog.swift"; sourceTree = "<group>"; };
		908C044F2A0D43DEA94579C1 /* Model */ = {
			isa = PBXGroup;
			children = (
				926C77AC28F079AD898D455C /* Adjustments.swift */,
				6ED75D5B6E4DEEFFDDD4878A /* CurveMath.swift */,
				A30D37DCF6F3305E231C60F5 /* FeatureFlags.swift */,
				E632ECA54EB593A928070083 /* Frame.swift */,
				24ADC4154BA522355D683879 /* Geometry.swift */,
				85ED34416EB1128CF7B1D91E /* Mask.swift */,
				74E96955141A5F9AF67D73F0 /* Params.swift */,
				9138554D2839EF689090BA3F /* Session.swift */,
				A84C8DE4BA63B9314A68456C /* Sidecar.swift */,
				2B75000212F7FF3EA38FA303 /* StockCatalog.swift */
			);
			path = "Model";
			sourceTree = "<group>";
		};
		24DDF98469D76C85812CD505 /* CameraSection.swift */ = {isa = PBXFileReference; lastKnownFileType = sourcecode.swift; path = "CameraSection.swift"; sourceTree = "<group>"; };
		CF75B6C70EF1CFAE93895D83 /* CropSection.swift */ = {isa = PBXFileReference; lastKnownFileType = sourcecode.swift; path = "CropSection.swift"; sourceTree = "<group>"; };
		C99A0DA187B0E896C10EB847 /* EnlargerSection.swift */ = {isa = PBXFileReference; lastKnownFileType = sourcecode.swift; path = "EnlargerSection.swift"; sourceTree = "<group>"; };
		896B24FA51CB78EEC423C41A /* FeaturesSection.swift */ = {isa = PBXFileReference; lastKnownFileType = sourcecode.swift; path = "FeaturesSection.swift"; sourceTree = "<group>"; };
		4BB7269C3D27BA9048D429A5 /* FilmProfileSection.swift */ = {isa = PBXFileReference; lastKnownFileType = sourcecode.swift; path = "FilmProfileSection.swift"; sourceTree = "<group>"; };
		FA152E915D0CE51D861F020E /* MasksSection.swift */ = {isa = PBXFileReference; lastKnownFileType = sourcecode.swift; path = "MasksSection.swift"; sourceTree = "<group>"; };
		2B3DC18A3134F09190716E81 /* PrintProfileSection.swift */ = {isa = PBXFileReference; lastKnownFileType = sourcecode.swift; path = "PrintProfileSection.swift"; sourceTree = "<group>"; };
		6FE0DC6CE1945DC2347B826D /* RightSections.swift */ = {isa = PBXFileReference; lastKnownFileType = sourcecode.swift; path = "RightSections.swift"; sourceTree = "<group>"; };
		702AEAE6EB462619F1E1B5AA /* Sections */ = {
			isa = PBXGroup;
			children = (
				24DDF98469D76C85812CD505 /* CameraSection.swift */,
				CF75B6C70EF1CFAE93895D83 /* CropSection.swift */,
				C99A0DA187B0E896C10EB847 /* EnlargerSection.swift */,
				896B24FA51CB78EEC423C41A /* FeaturesSection.swift */,
				4BB7269C3D27BA9048D429A5 /* FilmProfileSection.swift */,
				FA152E915D0CE51D861F020E /* MasksSection.swift */,
				2B3DC18A3134F09190716E81 /* PrintProfileSection.swift */,
				6FE0DC6CE1945DC2347B826D /* RightSections.swift */
			);
			path = "Sections";
			sourceTree = "<group>";
		};
		DE79888172356D635CFA7B1D /* Filmstrip.swift */ = {isa = PBXFileReference; lastKnownFileType = sourcecode.swift; path = "Filmstrip.swift"; sourceTree = "<group>"; };
		CA0B80B6085F575F17304ABA /* LeftPanel.swift */ = {isa = PBXFileReference; lastKnownFileType = sourcecode.swift; path = "LeftPanel.swift"; sourceTree = "<group>"; };
		78533BC65A34C2195A05DF98 /* RightPanel.swift */ = {isa = PBXFileReference; lastKnownFileType = sourcecode.swift; path = "RightPanel.swift"; sourceTree = "<group>"; };
		0C786F99A3E07F54CD645A4F /* Panels */ = {
			isa = PBXGroup;
			children = (
				702AEAE6EB462619F1E1B5AA /* Sections */,
				DE79888172356D635CFA7B1D /* Filmstrip.swift */,
				CA0B80B6085F575F17304ABA /* LeftPanel.swift */,
				78533BC65A34C2195A05DF98 /* RightPanel.swift */
			);
			path = "Panels";
			sourceTree = "<group>";
		};
		74D480F8A9183E5868E5DC1B /* Resources */ = {isa = PBXFileReference; lastKnownFileType = folder; path = Resources; sourceTree = "<group>"; };
		5E14C726B14C46A2D1E62010 /* EngineClient.swift */ = {isa = PBXFileReference; lastKnownFileType = sourcecode.swift; path = "EngineClient.swift"; sourceTree = "<group>"; };
		1A4FDE046D7D8F10DD386956 /* EngineMessage.swift */ = {isa = PBXFileReference; lastKnownFileType = sourcecode.swift; path = "EngineMessage.swift"; sourceTree = "<group>"; };
		467D4517B127FB8AB81408EB /* Methods.swift */ = {isa = PBXFileReference; lastKnownFileType = sourcecode.swift; path = "Methods.swift"; sourceTree = "<group>"; };
		3F4B2DC63A81788D67A9635A /* RenderScheduler.swift */ = {isa = PBXFileReference; lastKnownFileType = sourcecode.swift; path = "RenderScheduler.swift"; sourceTree = "<group>"; };
		0643C9561B6BEE778D047AC7 /* Spektrafilm-Bridging-Header.h */ = {isa = PBXFileReference; lastKnownFileType = sourcecode.c.h; path = "Spektrafilm-Bridging-Header.h"; sourceTree = "<group>"; };
		C9CCAFAF8D5F8A1AEC8C21CB /* Service */ = {
			isa = PBXGroup;
			children = (
				5E14C726B14C46A2D1E62010 /* EngineClient.swift */,
				1A4FDE046D7D8F10DD386956 /* EngineMessage.swift */,
				467D4517B127FB8AB81408EB /* Methods.swift */,
				3F4B2DC63A81788D67A9635A /* RenderScheduler.swift */,
				0643C9561B6BEE778D047AC7 /* Spektrafilm-Bridging-Header.h */
			);
			path = "Service";
			sourceTree = "<group>";
		};
		A9A60B6FCAC5071508574DA0 /* Theme.swift */ = {isa = PBXFileReference; lastKnownFileType = sourcecode.swift; path = "Theme.swift"; sourceTree = "<group>"; };
		A4C0A076F7B69B3B893A87AE /* Theme */ = {
			isa = PBXGroup;
			children = (
				A9A60B6FCAC5071508574DA0 /* Theme.swift */
			);
			path = "Theme";
			sourceTree = "<group>";
		};
		D12EC6DD73F8B2632D9F96B2 /* AboutWindow.swift */ = {isa = PBXFileReference; lastKnownFileType = sourcecode.swift; path = "AboutWindow.swift"; sourceTree = "<group>"; };
		454BDA6E74E548C8462FE16F /* BootWindow.swift */ = {isa = PBXFileReference; lastKnownFileType = sourcecode.swift; path = "BootWindow.swift"; sourceTree = "<group>"; };
		41AA55D84BBC5489A3438C59 /* BrowseView.swift */ = {isa = PBXFileReference; lastKnownFileType = sourcecode.swift; path = "BrowseView.swift"; sourceTree = "<group>"; };
		A8BD757C2BF4F98598B7E699 /* CollapseTab.swift */ = {isa = PBXFileReference; lastKnownFileType = sourcecode.swift; path = "CollapseTab.swift"; sourceTree = "<group>"; };
		D575E95AB1AF284664CD5B52 /* EditorWindow.swift */ = {isa = PBXFileReference; lastKnownFileType = sourcecode.swift; path = "EditorWindow.swift"; sourceTree = "<group>"; };
		A7D3AC477EA30D51EE06B7D6 /* ExportWindow.swift */ = {isa = PBXFileReference; lastKnownFileType = sourcecode.swift; path = "ExportWindow.swift"; sourceTree = "<group>"; };
		21D2070AFDC741BA09CF0B05 /* SettingsWindow.swift */ = {isa = PBXFileReference; lastKnownFileType = sourcecode.swift; path = "SettingsWindow.swift"; sourceTree = "<group>"; };
		067A803D2DC58A7A91A47160 /* TopBar.swift */ = {isa = PBXFileReference; lastKnownFileType = sourcecode.swift; path = "TopBar.swift"; sourceTree = "<group>"; };
		28CA7D5B405EE5BAEAC21655 /* TrafficLights.swift */ = {isa = PBXFileReference; lastKnownFileType = sourcecode.swift; path = "TrafficLights.swift"; sourceTree = "<group>"; };
		2643C2772BDD9302CDB7B63A /* Windows */ = {
			isa = PBXGroup;
			children = (
				D12EC6DD73F8B2632D9F96B2 /* AboutWindow.swift */,
				454BDA6E74E548C8462FE16F /* BootWindow.swift */,
				41AA55D84BBC5489A3438C59 /* BrowseView.swift */,
				A8BD757C2BF4F98598B7E699 /* CollapseTab.swift */,
				D575E95AB1AF284664CD5B52 /* EditorWindow.swift */,
				A7D3AC477EA30D51EE06B7D6 /* ExportWindow.swift */,
				21D2070AFDC741BA09CF0B05 /* SettingsWindow.swift */,
				067A803D2DC58A7A91A47160 /* TopBar.swift */,
				28CA7D5B405EE5BAEAC21655 /* TrafficLights.swift */
			);
			path = "Windows";
			sourceTree = "<group>";
		};
		5A57C1B689CB92F4F59D2165 /* Info.plist */ = {isa = PBXFileReference; lastKnownFileType = text.plist.xml; path = "Info.plist"; sourceTree = "<group>"; };
		D0EE932C929E0999C9FCA9C0 /* Spektrafilm.entitlements */ = {isa = PBXFileReference; lastKnownFileType = text.plist.entitlements; path = "Spektrafilm.entitlements"; sourceTree = "<group>"; };
		CAE411E5CDA3F8F3F52D6E74 /* SpektrafilmApp.swift */ = {isa = PBXFileReference; lastKnownFileType = sourcecode.swift; path = "SpektrafilmApp.swift"; sourceTree = "<group>"; };
		B606BEF6D456A89AE3C128FB /* Spektrafilm */ = {
			isa = PBXGroup;
			children = (
				95AF0B875B15BE71E6333B74 /* Assets.xcassets */,
				419E8C4112E7C352F66D7FC9 /* Canvas */,
				98D0FBEF0F75D269C8EAC868 /* Controls */,
				2BF1474F347A23B1662FE8DF /* Diagnostics */,
				85F0938F18640AB868BF9C4F /* Export */,
				D2642CD30885FFD025BE0EE8 /* Import */,
				908C044F2A0D43DEA94579C1 /* Model */,
				0C786F99A3E07F54CD645A4F /* Panels */,
				74D480F8A9183E5868E5DC1B /* Resources */,
				C9CCAFAF8D5F8A1AEC8C21CB /* Service */,
				A4C0A076F7B69B3B893A87AE /* Theme */,
				2643C2772BDD9302CDB7B63A /* Windows */,
				5A57C1B689CB92F4F59D2165 /* Info.plist */,
				D0EE932C929E0999C9FCA9C0 /* Spektrafilm.entitlements */,
				CAE411E5CDA3F8F3F52D6E74 /* SpektrafilmApp.swift */
			);
			path = "Spektrafilm";
			sourceTree = "<group>";
		};
		2D7996ED9DC60635E17039CC /* CanvasViewTests.swift */ = {isa = PBXFileReference; lastKnownFileType = sourcecode.swift; path = "CanvasViewTests.swift"; sourceTree = "<group>"; };
		D6778646FE60591E7351D003 /* ColorBalanceTests.swift */ = {isa = PBXFileReference; lastKnownFileType = sourcecode.swift; path = "ColorBalanceTests.swift"; sourceTree = "<group>"; };
		4414C9B5DB6D53DBCCCA5A5F /* ColourManagementTests.swift */ = {isa = PBXFileReference; lastKnownFileType = sourcecode.swift; path = "ColourManagementTests.swift"; sourceTree = "<group>"; };
		35E194D5616C69F2F3B93777 /* CompareAndFlagsTests.swift */ = {isa = PBXFileReference; lastKnownFileType = sourcecode.swift; path = "CompareAndFlagsTests.swift"; sourceTree = "<group>"; };
		26AE979E18AC5514F3792DDF /* CurveMathTests.swift */ = {isa = PBXFileReference; lastKnownFileType = sourcecode.swift; path = "CurveMathTests.swift"; sourceTree = "<group>"; };
		B191F4A254FD190A35D1B753 /* DecodeSeparationTests.swift */ = {isa = PBXFileReference; lastKnownFileType = sourcecode.swift; path = "DecodeSeparationTests.swift"; sourceTree = "<group>"; };
		05E698A44E2365B91EE918E8 /* DiagnosticsTests.swift */ = {isa = PBXFileReference; lastKnownFileType = sourcecode.swift; path = "DiagnosticsTests.swift"; sourceTree = "<group>"; };
		4C2FA10289D5991A9FFE3B15 /* EngineClientTests.swift */ = {isa = PBXFileReference; lastKnownFileType = sourcecode.swift; path = "EngineClientTests.swift"; sourceTree = "<group>"; };
		C9DB38579FC4B11C348269AC /* ExportRecipeTests.swift */ = {isa = PBXFileReference; lastKnownFileType = sourcecode.swift; path = "ExportRecipeTests.swift"; sourceTree = "<group>"; };
		558DEAAAA82AF9CD6D41A394 /* FrontendPolicyTests.swift */ = {isa = PBXFileReference; lastKnownFileType = sourcecode.swift; path = "FrontendPolicyTests.swift"; sourceTree = "<group>"; };
		F5682A56840D1119EB078F02 /* GeometryContractTests.swift */ = {isa = PBXFileReference; lastKnownFileType = sourcecode.swift; path = "GeometryContractTests.swift"; sourceTree = "<group>"; };
		FFBE2DA42DA16AE3132328EB /* GeometryTests.swift */ = {isa = PBXFileReference; lastKnownFileType = sourcecode.swift; path = "GeometryTests.swift"; sourceTree = "<group>"; };
		D5BA595AC99B155CBA8E4A6E /* LayoutTests.swift */ = {isa = PBXFileReference; lastKnownFileType = sourcecode.swift; path = "LayoutTests.swift"; sourceTree = "<group>"; };
		F0309C363CDDBCC81CB5E970 /* LicensingTests.swift */ = {isa = PBXFileReference; lastKnownFileType = sourcecode.swift; path = "LicensingTests.swift"; sourceTree = "<group>"; };
		E057AA348417AD47AA4905F2 /* MaskTests.swift */ = {isa = PBXFileReference; lastKnownFileType = sourcecode.swift; path = "MaskTests.swift"; sourceTree = "<group>"; };
		1CF10C1312061CD296E9BAC8 /* OpenPathTests.swift */ = {isa = PBXFileReference; lastKnownFileType = sourcecode.swift; path = "OpenPathTests.swift"; sourceTree = "<group>"; };
		B6F665E9DC2B0652634BC21D /* ParamsTests.swift */ = {isa = PBXFileReference; lastKnownFileType = sourcecode.swift; path = "ParamsTests.swift"; sourceTree = "<group>"; };
		9CE7FF8878EF483F0C6B533A /* PrintLUTTests.swift */ = {isa = PBXFileReference; lastKnownFileType = sourcecode.swift; path = "PrintLUTTests.swift"; sourceTree = "<group>"; };
		8A7C72D6304865AAADD2EC45 /* RendererTests.swift */ = {isa = PBXFileReference; lastKnownFileType = sourcecode.swift; path = "RendererTests.swift"; sourceTree = "<group>"; };
		926385D984EE50BA1FF21401 /* SoftProofParityTests.swift */ = {isa = PBXFileReference; lastKnownFileType = sourcecode.swift; path = "SoftProofParityTests.swift"; sourceTree = "<group>"; };
		E234AFA78301A82115F4FDDE /* ViewportStateTests.swift */ = {isa = PBXFileReference; lastKnownFileType = sourcecode.swift; path = "ViewportStateTests.swift"; sourceTree = "<group>"; };
		4A9B135739523173A1293E97 /* WhiteBalanceTests.swift */ = {isa = PBXFileReference; lastKnownFileType = sourcecode.swift; path = "WhiteBalanceTests.swift"; sourceTree = "<group>"; };
		BD60A06AAF928EF0C2715659 /* SpektrafilmTests */ = {
			isa = PBXGroup;
			children = (
				2D7996ED9DC60635E17039CC /* CanvasViewTests.swift */,
				D6778646FE60591E7351D003 /* ColorBalanceTests.swift */,
				4414C9B5DB6D53DBCCCA5A5F /* ColourManagementTests.swift */,
				35E194D5616C69F2F3B93777 /* CompareAndFlagsTests.swift */,
				26AE979E18AC5514F3792DDF /* CurveMathTests.swift */,
				B191F4A254FD190A35D1B753 /* DecodeSeparationTests.swift */,
				05E698A44E2365B91EE918E8 /* DiagnosticsTests.swift */,
				4C2FA10289D5991A9FFE3B15 /* EngineClientTests.swift */,
				C9DB38579FC4B11C348269AC /* ExportRecipeTests.swift */,
				558DEAAAA82AF9CD6D41A394 /* FrontendPolicyTests.swift */,
				F5682A56840D1119EB078F02 /* GeometryContractTests.swift */,
				FFBE2DA42DA16AE3132328EB /* GeometryTests.swift */,
				D5BA595AC99B155CBA8E4A6E /* LayoutTests.swift */,
				F0309C363CDDBCC81CB5E970 /* LicensingTests.swift */,
				E057AA348417AD47AA4905F2 /* MaskTests.swift */,
				1CF10C1312061CD296E9BAC8 /* OpenPathTests.swift */,
				B6F665E9DC2B0652634BC21D /* ParamsTests.swift */,
				9CE7FF8878EF483F0C6B533A /* PrintLUTTests.swift */,
				8A7C72D6304865AAADD2EC45 /* RendererTests.swift */,
				926385D984EE50BA1FF21401 /* SoftProofParityTests.swift */,
				E234AFA78301A82115F4FDDE /* ViewportStateTests.swift */,
				4A9B135739523173A1293E97 /* WhiteBalanceTests.swift */
			);
			path = "SpektrafilmTests";
			sourceTree = "<group>";
		};
		2D72008465A3CAFB3891AEA4 /* bundle-licenses.sh */ = {isa = PBXFileReference; lastKnownFileType = text.script.sh; path = "bundle-licenses.sh"; sourceTree = "<group>"; };
		CBF53D61C82661B8BFA63BA0 /* capture-live.sh */ = {isa = PBXFileReference; lastKnownFileType = text.script.sh; path = "capture-live.sh"; sourceTree = "<group>"; };
		532C19EE8C07FF078DBF3E46 /* check-bundle-resources.sh */ = {isa = PBXFileReference; lastKnownFileType = text.script.sh; path = "check-bundle-resources.sh"; sourceTree = "<group>"; };
		13294670860B1BB9D30B76C0 /* compare-layout.py */ = {isa = PBXFileReference; lastKnownFileType = text.script.python; path = "compare-layout.py"; sourceTree = "<group>"; };
		69058B6185D15AB838F2D6CE /* gen-catalog.py */ = {isa = PBXFileReference; lastKnownFileType = text.script.python; path = "gen-catalog.py"; sourceTree = "<group>"; };
		AECF48E14A3D052636ABC3E3 /* gen-project.py */ = {isa = PBXFileReference; lastKnownFileType = text.script.python; path = "gen-project.py"; sourceTree = "<group>"; };
		D603C94D52BDF7BE17CF61C6 /* live-window.swift */ = {isa = PBXFileReference; lastKnownFileType = sourcecode.swift; path = "live-window.swift"; sourceTree = "<group>"; };
		FACAC2A6C281377472EA987C /* make-smoke.py */ = {isa = PBXFileReference; lastKnownFileType = text.script.python; path = "make-smoke.py"; sourceTree = "<group>"; };
		0AB0329FE8AF949E966D212D /* package.sh */ = {isa = PBXFileReference; lastKnownFileType = text.script.sh; path = "package.sh"; sourceTree = "<group>"; };
		DBF5F870B02B4F878A987649 /* snapshot.sh */ = {isa = PBXFileReference; lastKnownFileType = text.script.sh; path = "snapshot.sh"; sourceTree = "<group>"; };
		1DFEEDFC1F4DFDBA42921961 /* Tools */ = {
			isa = PBXGroup;
			children = (
				2D72008465A3CAFB3891AEA4 /* bundle-licenses.sh */,
				CBF53D61C82661B8BFA63BA0 /* capture-live.sh */,
				532C19EE8C07FF078DBF3E46 /* check-bundle-resources.sh */,
				13294670860B1BB9D30B76C0 /* compare-layout.py */,
				69058B6185D15AB838F2D6CE /* gen-catalog.py */,
				AECF48E14A3D052636ABC3E3 /* gen-project.py */,
				D603C94D52BDF7BE17CF61C6 /* live-window.swift */,
				FACAC2A6C281377472EA987C /* make-smoke.py */,
				0AB0329FE8AF949E966D212D /* package.sh */,
				DBF5F870B02B4F878A987649 /* snapshot.sh */
			);
			path = "Tools";
			sourceTree = "<group>";
		};
		B439489AD0BC703D831729D4 /* blob.cpp */ = {isa = PBXFileReference; lastKnownFileType = sourcecode.cpp.cpp; name = "blob.cpp"; path = "../../engine/src/core/blob.cpp"; sourceTree = SOURCE_ROOT; };
		9882D66E0F6C1971E4D74862 /* cam16.cpp */ = {isa = PBXFileReference; lastKnownFileType = sourcecode.cpp.cpp; name = "cam16.cpp"; path = "../../engine/src/core/cam16.cpp"; sourceTree = SOURCE_ROOT; };
		475423101649C5C3A370969F /* colour.cpp */ = {isa = PBXFileReference; lastKnownFileType = sourcecode.cpp.cpp; name = "colour.cpp"; path = "../../engine/src/core/colour.cpp"; sourceTree = SOURCE_ROOT; };
		3AFC5EBA4E9C30CADC7FEE43 /* curves.cpp */ = {isa = PBXFileReference; lastKnownFileType = sourcecode.cpp.cpp; name = "curves.cpp"; path = "../../engine/src/core/curves.cpp"; sourceTree = SOURCE_ROOT; };
		B18FEC5B014EEF8D6E81966A /* hanatos.cpp */ = {isa = PBXFileReference; lastKnownFileType = sourcecode.cpp.cpp; name = "hanatos.cpp"; path = "../../engine/src/core/hanatos.cpp"; sourceTree = SOURCE_ROOT; };
		4E52375F40546FBD5FB47654 /* json.cpp */ = {isa = PBXFileReference; lastKnownFileType = sourcecode.cpp.cpp; name = "json.cpp"; path = "../../engine/src/core/json.cpp"; sourceTree = SOURCE_ROOT; };
		9DAC43A5E4A1B87C154992F0 /* numeric.cpp */ = {isa = PBXFileReference; lastKnownFileType = sourcecode.cpp.cpp; name = "numeric.cpp"; path = "../../engine/src/core/numeric.cpp"; sourceTree = SOURCE_ROOT; };
		947CB2FB3BFC8F7DBA6DD0E1 /* params.cpp */ = {isa = PBXFileReference; lastKnownFileType = sourcecode.cpp.cpp; name = "params.cpp"; path = "../../engine/src/core/params.cpp"; sourceTree = SOURCE_ROOT; };
		E33A0340097F134FB19EBFC5 /* print_lut.cpp */ = {isa = PBXFileReference; lastKnownFileType = sourcecode.cpp.cpp; name = "print_lut.cpp"; path = "../../engine/src/core/print_lut.cpp"; sourceTree = SOURCE_ROOT; };
		43EFC025BBCCC3745C8520BD /* printing.cpp */ = {isa = PBXFileReference; lastKnownFileType = sourcecode.cpp.cpp; name = "printing.cpp"; path = "../../engine/src/core/printing.cpp"; sourceTree = SOURCE_ROOT; };
		B068BCDA23FBF2FAB5513999 /* profile.cpp */ = {isa = PBXFileReference; lastKnownFileType = sourcecode.cpp.cpp; name = "profile.cpp"; path = "../../engine/src/core/profile.cpp"; sourceTree = SOURCE_ROOT; };
		2A94715EC410B56EDE55B789 /* setup_cache.cpp */ = {isa = PBXFileReference; lastKnownFileType = sourcecode.cpp.cpp; name = "setup_cache.cpp"; path = "../../engine/src/core/setup_cache.cpp"; sourceTree = SOURCE_ROOT; };
		C653AEAE1F339FFEDDB2902C /* spectral.cpp */ = {isa = PBXFileReference; lastKnownFileType = sourcecode.cpp.cpp; name = "spectral.cpp"; path = "../../engine/src/core/spectral.cpp"; sourceTree = SOURCE_ROOT; };
		593E39012F2985929AC6779B /* metal_gpu.cpp */ = {isa = PBXFileReference; lastKnownFileType = sourcecode.cpp.cpp; name = "metal_gpu.cpp"; path = "../../engine/src/gpu/metal_gpu.cpp"; sourceTree = SOURCE_ROOT; };
		D027FA037FFF488750ADFF72 /* metal_impl.cpp */ = {isa = PBXFileReference; lastKnownFileType = sourcecode.cpp.cpp; name = "metal_impl.cpp"; path = "../../engine/src/gpu/metal_impl.cpp"; sourceTree = SOURCE_ROOT; };
		FB408969C596F888BD3E493D /* blur.cpp */ = {isa = PBXFileReference; lastKnownFileType = sourcecode.cpp.cpp; name = "blur.cpp"; path = "../../engine/src/pipeline/blur.cpp"; sourceTree = SOURCE_ROOT; };
		7323925487F516C25272C0B3 /* engine.cpp */ = {isa = PBXFileReference; lastKnownFileType = sourcecode.cpp.cpp; name = "engine.cpp"; path = "../../engine/src/pipeline/engine.cpp"; sourceTree = SOURCE_ROOT; };
		EBD7F1906E1AB659FD78498D /* pipeline.cpp */ = {isa = PBXFileReference; lastKnownFileType = sourcecode.cpp.cpp; name = "pipeline.cpp"; path = "../../engine/src/pipeline/pipeline.cpp"; sourceTree = SOURCE_ROOT; };
		6E206BF4A16CC067140F0164 /* Engine */ = {
			isa = PBXGroup;
			children = (
				B439489AD0BC703D831729D4 /* blob.cpp */,
				9882D66E0F6C1971E4D74862 /* cam16.cpp */,
				475423101649C5C3A370969F /* colour.cpp */,
				3AFC5EBA4E9C30CADC7FEE43 /* curves.cpp */,
				B18FEC5B014EEF8D6E81966A /* hanatos.cpp */,
				4E52375F40546FBD5FB47654 /* json.cpp */,
				9DAC43A5E4A1B87C154992F0 /* numeric.cpp */,
				947CB2FB3BFC8F7DBA6DD0E1 /* params.cpp */,
				E33A0340097F134FB19EBFC5 /* print_lut.cpp */,
				43EFC025BBCCC3745C8520BD /* printing.cpp */,
				B068BCDA23FBF2FAB5513999 /* profile.cpp */,
				2A94715EC410B56EDE55B789 /* setup_cache.cpp */,
				C653AEAE1F339FFEDDB2902C /* spectral.cpp */,
				593E39012F2985929AC6779B /* metal_gpu.cpp */,
				D027FA037FFF488750ADFF72 /* metal_impl.cpp */,
				FB408969C596F888BD3E493D /* blur.cpp */,
				7323925487F516C25272C0B3 /* engine.cpp */,
				EBD7F1906E1AB659FD78498D /* pipeline.cpp */
			);
			name = Engine;
			sourceTree = "<group>";
		};
		B6CDB6E5D160E013280D3C68 /* Filmify.app */ = {isa = PBXFileReference; explicitFileType = wrapper.application; includeInIndex = 0; path = Filmify.app; sourceTree = BUILT_PRODUCTS_DIR; };
		E02A90D9643568EA39115CFB /* SpektrafilmTests.xctest */ = {isa = PBXFileReference; explicitFileType = wrapper.cfbundle; includeInIndex = 0; path = SpektrafilmTests.xctest; sourceTree = BUILT_PRODUCTS_DIR; };
		00C45FD35CB0F9C5F764F070 /* Products */ = {
			isa = PBXGroup;
			children = (
				B6CDB6E5D160E013280D3C68,
				E02A90D9643568EA39115CFB
			);
			name = Products;
			sourceTree = "<group>";
		};
		ADCF10F76EBF2A74473E9DC4 = {
			isa = PBXGroup;
			children = (
				B606BEF6D456A89AE3C128FB,
				6E206BF4A16CC067140F0164,
				BD60A06AAF928EF0C2715659,
				1DFEEDFC1F4DFDBA42921961,
				00C45FD35CB0F9C5F764F070
			);
			sourceTree = "<group>";
		};
		C963370F94537004A3C03ECE /* ColourManagement.swift */ = {isa = PBXBuildFile; fileRef = 4F143608636190DDE871CB6F; };
		811AC3960C33F98607ADC33D /* CompareOverlay.swift */ = {isa = PBXBuildFile; fileRef = 6C43250A606654CFA72184FC; };
		12C0E5C911995469886E2F80 /* CropOverlay.swift */ = {isa = PBXBuildFile; fileRef = 83AC01EC2BF668504DBA4A01; };
		D61380AD90103B8919F47B56 /* MaskOverlay.swift */ = {isa = PBXBuildFile; fileRef = DCD2D754C1EA82480C255A6D; };
		FC1D0DA7746D23EC0A345971 /* MetalCanvasView.swift */ = {isa = PBXBuildFile; fileRef = 47354CFF6F27A6376EE23BE5; };
		41EFE9F780071CD527652929 /* Renderer.swift */ = {isa = PBXBuildFile; fileRef = EC66048323C8D8B5B4B01E7E; };
		EA7132A2CBD95DAD46027814 /* Shaders.metal */ = {isa = PBXBuildFile; fileRef = 4CF69B8F79D40B1FCB14293F; };
		4582DEA52468B49DCB062449 /* TextureStore.swift */ = {isa = PBXBuildFile; fileRef = B86148344C77C80D9FC5967C; };
		0F2EA0D56ECF0724889FD4A8 /* ViewportState.swift */ = {isa = PBXBuildFile; fileRef = 7FCB5DCA4F74487782BA96E0; };
		CAAFEFEED1EE381A204120FD /* BeforeAfterIcon.swift */ = {isa = PBXBuildFile; fileRef = 2785A0A58F5CC016D5E3CAF7; };
		7156B8710075F135AEF1234C /* ColorWheel.swift */ = {isa = PBXBuildFile; fileRef = 5CC913F6556BE7417AF0B8EC; };
		245193DBB369E53CB9EDDF11 /* CurveEditor.swift */ = {isa = PBXBuildFile; fileRef = 4376AB624B10378FB73F28D4; };
		FEE8BE5C641416B3860F9EE5 /* FormatPicker.swift */ = {isa = PBXBuildFile; fileRef = 2A353F0D006C3C6074AFFC17; };
		CD32C452ED1835E7017E84FC /* HistogramView.swift */ = {isa = PBXBuildFile; fileRef = 18AE853CDAEA9AA49D1AF101; };
		6230CA9DB4218D4E50CA50B4 /* ScrubSlider.swift */ = {isa = PBXBuildFile; fileRef = 863EACEB08EA2E9807A204C0; };
		C4590F8B51998B6AC14935F7 /* SectionHeader.swift */ = {isa = PBXBuildFile; fileRef = 3934E23461AFEEE757C58BC2; };
		862C6306229C54704C9D168B /* WhiteBalanceRows.swift */ = {isa = PBXBuildFile; fileRef = 615A0887FFB03CDE97D723B6; };
		9A7A6BC8BC906AB885EE8A3B /* DiagnosticBundle.swift */ = {isa = PBXBuildFile; fileRef = EAE1AB65304C65A2B8202A13; };
		6CE7D75FE2D6DBCC30FF20E4 /* Diagnostics.swift */ = {isa = PBXBuildFile; fileRef = 7411ADB4509648C64353AEE3; };
		CDC084AE4201FEEAC19C982A /* JobLog.swift */ = {isa = PBXBuildFile; fileRef = 03ECBA9815DDF5AC7F64A4C9; };
		ED27CB885DC3412A2BC074B9 /* LogCore.swift */ = {isa = PBXBuildFile; fileRef = D6ECE0EFBA1E3DA72E5EFE8B; };
		6798764CDE3A751230BCAA32 /* LogFile.swift */ = {isa = PBXBuildFile; fileRef = 6D745A4905EA26F4A7B70F9F; };
		AF42FD1CAFF8E70EAA23BFF5 /* MemorySampler.swift */ = {isa = PBXBuildFile; fileRef = 9E3FC8A4AA54A43192FCAF14; };
		25E7B1227923CAB3BF303AD0 /* Exporter.swift */ = {isa = PBXBuildFile; fileRef = 49795DE7C6D4AE486C014FAD; };
		CE5B8321320994F5774943A2 /* ExportPage.swift */ = {isa = PBXBuildFile; fileRef = 27C8AF22BEBC4F5E0438BCA6; };
		46F59C249117E7DC3DB5310A /* ExportRecipe.swift */ = {isa = PBXBuildFile; fileRef = 6BAD0964B5D1D69B46779BD2; };
		43185753B26D6A00BA44AAEF /* SoftProof.swift */ = {isa = PBXBuildFile; fileRef = 266D90AFA8CB7D6288142E87; };
		25474435D6879791F4F30A09 /* ImageDecoder.swift */ = {isa = PBXBuildFile; fileRef = A6427F498848302049AD3D74; };
		4D741EA64F197F71C31B0923 /* Library.swift */ = {isa = PBXBuildFile; fileRef = C86732BFAD9501A31805FB3B; };
		1A4E72931D4B0D2874BB7C6E /* ThumbnailCache.swift */ = {isa = PBXBuildFile; fileRef = F8F203593CE4BB88CA969F66; };
		CEAC8D38350570B7E381B330 /* Adjustments.swift */ = {isa = PBXBuildFile; fileRef = 926C77AC28F079AD898D455C; };
		E9EE5F70778A20065136006B /* CurveMath.swift */ = {isa = PBXBuildFile; fileRef = 6ED75D5B6E4DEEFFDDD4878A; };
		EE8ED48600AD9E309D3092DF /* FeatureFlags.swift */ = {isa = PBXBuildFile; fileRef = A30D37DCF6F3305E231C60F5; };
		5B39ACBD33353C45F42F7FBA /* Frame.swift */ = {isa = PBXBuildFile; fileRef = E632ECA54EB593A928070083; };
		6793D4F0BA3C3C16E2680FC5 /* Geometry.swift */ = {isa = PBXBuildFile; fileRef = 24ADC4154BA522355D683879; };
		1D52B859E8394604610F179F /* Mask.swift */ = {isa = PBXBuildFile; fileRef = 85ED34416EB1128CF7B1D91E; };
		0F29E45A1E004957B68F5D41 /* Params.swift */ = {isa = PBXBuildFile; fileRef = 74E96955141A5F9AF67D73F0; };
		423A89C142D0684B98DFD455 /* Session.swift */ = {isa = PBXBuildFile; fileRef = 9138554D2839EF689090BA3F; };
		0CA193DC2171C377A48D7CDA /* Sidecar.swift */ = {isa = PBXBuildFile; fileRef = A84C8DE4BA63B9314A68456C; };
		E25DDDDD62A9F26B980BAC61 /* StockCatalog.swift */ = {isa = PBXBuildFile; fileRef = 2B75000212F7FF3EA38FA303; };
		DA39FBBEEF87DC4DBBAE2E68 /* CameraSection.swift */ = {isa = PBXBuildFile; fileRef = 24DDF98469D76C85812CD505; };
		38AA55146348D170726C9229 /* CropSection.swift */ = {isa = PBXBuildFile; fileRef = CF75B6C70EF1CFAE93895D83; };
		0051BA6A7DD86F65FABF71B6 /* EnlargerSection.swift */ = {isa = PBXBuildFile; fileRef = C99A0DA187B0E896C10EB847; };
		9909028323B12ECD20144541 /* FeaturesSection.swift */ = {isa = PBXBuildFile; fileRef = 896B24FA51CB78EEC423C41A; };
		2614B5E670F7D08B902CC33C /* FilmProfileSection.swift */ = {isa = PBXBuildFile; fileRef = 4BB7269C3D27BA9048D429A5; };
		5651519E6C8EE2B454F9E417 /* MasksSection.swift */ = {isa = PBXBuildFile; fileRef = FA152E915D0CE51D861F020E; };
		56290DDDCB2AC3ED06D0CC74 /* PrintProfileSection.swift */ = {isa = PBXBuildFile; fileRef = 2B3DC18A3134F09190716E81; };
		D02B454F0429C5581C9E56A1 /* RightSections.swift */ = {isa = PBXBuildFile; fileRef = 6FE0DC6CE1945DC2347B826D; };
		C14CB80814376D137B4236C6 /* Filmstrip.swift */ = {isa = PBXBuildFile; fileRef = DE79888172356D635CFA7B1D; };
		981927EBC2DE89C6425F30E7 /* LeftPanel.swift */ = {isa = PBXBuildFile; fileRef = CA0B80B6085F575F17304ABA; };
		6D2B21DE3ED728D46FAC0341 /* RightPanel.swift */ = {isa = PBXBuildFile; fileRef = 78533BC65A34C2195A05DF98; };
		6DB7504E8E855789FAAAEAC1 /* EngineClient.swift */ = {isa = PBXBuildFile; fileRef = 5E14C726B14C46A2D1E62010; };
		FC3D5639DBCFC15D2A1A718B /* EngineMessage.swift */ = {isa = PBXBuildFile; fileRef = 1A4FDE046D7D8F10DD386956; };
		B116F57814EB38F6CF124268 /* Methods.swift */ = {isa = PBXBuildFile; fileRef = 467D4517B127FB8AB81408EB; };
		52758CAC244DF5BB3C621816 /* RenderScheduler.swift */ = {isa = PBXBuildFile; fileRef = 3F4B2DC63A81788D67A9635A; };
		7CA0D70741B40DA3D028E93E /* Theme.swift */ = {isa = PBXBuildFile; fileRef = A9A60B6FCAC5071508574DA0; };
		C0BBB3D745203B02B061B931 /* AboutWindow.swift */ = {isa = PBXBuildFile; fileRef = D12EC6DD73F8B2632D9F96B2; };
		8C289B6BBDA04ED207294C67 /* BootWindow.swift */ = {isa = PBXBuildFile; fileRef = 454BDA6E74E548C8462FE16F; };
		AFF543AD893B898FF240B43E /* BrowseView.swift */ = {isa = PBXBuildFile; fileRef = 41AA55D84BBC5489A3438C59; };
		0F8B9BFEDB8416AC0B4ADF09 /* CollapseTab.swift */ = {isa = PBXBuildFile; fileRef = A8BD757C2BF4F98598B7E699; };
		05D85B43CCCB99ABBEF712D2 /* EditorWindow.swift */ = {isa = PBXBuildFile; fileRef = D575E95AB1AF284664CD5B52; };
		8613DB2501A6D1B30C0D76EF /* ExportWindow.swift */ = {isa = PBXBuildFile; fileRef = A7D3AC477EA30D51EE06B7D6; };
		053C4A7C85D4009976A26B9B /* SettingsWindow.swift */ = {isa = PBXBuildFile; fileRef = 21D2070AFDC741BA09CF0B05; };
		EBD6FC43D7AF0D7937324526 /* TopBar.swift */ = {isa = PBXBuildFile; fileRef = 067A803D2DC58A7A91A47160; };
		C5ECBF4404AB50A8638C61F9 /* TrafficLights.swift */ = {isa = PBXBuildFile; fileRef = 28CA7D5B405EE5BAEAC21655; };
		3FB80C8F5482CED8C3AA6EE4 /* SpektrafilmApp.swift */ = {isa = PBXBuildFile; fileRef = CAE411E5CDA3F8F3F52D6E74; };
		0EBD1AA08744D7EEC7F855E7 /* blob.cpp */ = {isa = PBXBuildFile; fileRef = B439489AD0BC703D831729D4; };
		3AA704C56092F5EABD42BF9B /* cam16.cpp */ = {isa = PBXBuildFile; fileRef = 9882D66E0F6C1971E4D74862; };
		860113F5FDFAC58681718FD7 /* colour.cpp */ = {isa = PBXBuildFile; fileRef = 475423101649C5C3A370969F; };
		314F960F07A26315B0FD04FB /* curves.cpp */ = {isa = PBXBuildFile; fileRef = 3AFC5EBA4E9C30CADC7FEE43; };
		D3BCDC6407AEC91678475919 /* hanatos.cpp */ = {isa = PBXBuildFile; fileRef = B18FEC5B014EEF8D6E81966A; };
		8F3806FAD06BDA0FBBC087D2 /* json.cpp */ = {isa = PBXBuildFile; fileRef = 4E52375F40546FBD5FB47654; };
		1F88FE32D969004378C2D2E2 /* numeric.cpp */ = {isa = PBXBuildFile; fileRef = 9DAC43A5E4A1B87C154992F0; };
		0A52F6D64AEAD7367FAA520C /* params.cpp */ = {isa = PBXBuildFile; fileRef = 947CB2FB3BFC8F7DBA6DD0E1; };
		69C0E40ACBD78C43048BE08C /* print_lut.cpp */ = {isa = PBXBuildFile; fileRef = E33A0340097F134FB19EBFC5; };
		6E2CE84C011542927B726271 /* printing.cpp */ = {isa = PBXBuildFile; fileRef = 43EFC025BBCCC3745C8520BD; };
		1B903061E1ED6475FA1E4500 /* profile.cpp */ = {isa = PBXBuildFile; fileRef = B068BCDA23FBF2FAB5513999; };
		3E7B7305AE877373C591C478 /* setup_cache.cpp */ = {isa = PBXBuildFile; fileRef = 2A94715EC410B56EDE55B789; };
		A307F90D6F7561C5ED48853C /* spectral.cpp */ = {isa = PBXBuildFile; fileRef = C653AEAE1F339FFEDDB2902C; };
		A0A80A6FBDDC0960E680F3D5 /* metal_gpu.cpp */ = {isa = PBXBuildFile; fileRef = 593E39012F2985929AC6779B; };
		2BDDAFE03E440DC8E792E1E4 /* metal_impl.cpp */ = {isa = PBXBuildFile; fileRef = D027FA037FFF488750ADFF72; };
		7647A353DEC58E097582F4F5 /* blur.cpp */ = {isa = PBXBuildFile; fileRef = FB408969C596F888BD3E493D; };
		68A630C2FC7A69B18613F999 /* engine.cpp */ = {isa = PBXBuildFile; fileRef = 7323925487F516C25272C0B3; };
		59552424005A24D9A307D488 /* pipeline.cpp */ = {isa = PBXBuildFile; fileRef = EBD7F1906E1AB659FD78498D; };
		AB6F1305312B9996E2538FF8 /* app-sources */ = {
			isa = PBXSourcesBuildPhase;
			buildActionMask = 2147483647;
			files = (
				C963370F94537004A3C03ECE /* ColourManagement.swift */,
				811AC3960C33F98607ADC33D /* CompareOverlay.swift */,
				12C0E5C911995469886E2F80 /* CropOverlay.swift */,
				D61380AD90103B8919F47B56 /* MaskOverlay.swift */,
				FC1D0DA7746D23EC0A345971 /* MetalCanvasView.swift */,
				41EFE9F780071CD527652929 /* Renderer.swift */,
				EA7132A2CBD95DAD46027814 /* Shaders.metal */,
				4582DEA52468B49DCB062449 /* TextureStore.swift */,
				0F2EA0D56ECF0724889FD4A8 /* ViewportState.swift */,
				CAAFEFEED1EE381A204120FD /* BeforeAfterIcon.swift */,
				7156B8710075F135AEF1234C /* ColorWheel.swift */,
				245193DBB369E53CB9EDDF11 /* CurveEditor.swift */,
				FEE8BE5C641416B3860F9EE5 /* FormatPicker.swift */,
				CD32C452ED1835E7017E84FC /* HistogramView.swift */,
				6230CA9DB4218D4E50CA50B4 /* ScrubSlider.swift */,
				C4590F8B51998B6AC14935F7 /* SectionHeader.swift */,
				862C6306229C54704C9D168B /* WhiteBalanceRows.swift */,
				9A7A6BC8BC906AB885EE8A3B /* DiagnosticBundle.swift */,
				6CE7D75FE2D6DBCC30FF20E4 /* Diagnostics.swift */,
				CDC084AE4201FEEAC19C982A /* JobLog.swift */,
				ED27CB885DC3412A2BC074B9 /* LogCore.swift */,
				6798764CDE3A751230BCAA32 /* LogFile.swift */,
				AF42FD1CAFF8E70EAA23BFF5 /* MemorySampler.swift */,
				25E7B1227923CAB3BF303AD0 /* Exporter.swift */,
				CE5B8321320994F5774943A2 /* ExportPage.swift */,
				46F59C249117E7DC3DB5310A /* ExportRecipe.swift */,
				43185753B26D6A00BA44AAEF /* SoftProof.swift */,
				25474435D6879791F4F30A09 /* ImageDecoder.swift */,
				4D741EA64F197F71C31B0923 /* Library.swift */,
				1A4E72931D4B0D2874BB7C6E /* ThumbnailCache.swift */,
				CEAC8D38350570B7E381B330 /* Adjustments.swift */,
				E9EE5F70778A20065136006B /* CurveMath.swift */,
				EE8ED48600AD9E309D3092DF /* FeatureFlags.swift */,
				5B39ACBD33353C45F42F7FBA /* Frame.swift */,
				6793D4F0BA3C3C16E2680FC5 /* Geometry.swift */,
				1D52B859E8394604610F179F /* Mask.swift */,
				0F29E45A1E004957B68F5D41 /* Params.swift */,
				423A89C142D0684B98DFD455 /* Session.swift */,
				0CA193DC2171C377A48D7CDA /* Sidecar.swift */,
				E25DDDDD62A9F26B980BAC61 /* StockCatalog.swift */,
				DA39FBBEEF87DC4DBBAE2E68 /* CameraSection.swift */,
				38AA55146348D170726C9229 /* CropSection.swift */,
				0051BA6A7DD86F65FABF71B6 /* EnlargerSection.swift */,
				9909028323B12ECD20144541 /* FeaturesSection.swift */,
				2614B5E670F7D08B902CC33C /* FilmProfileSection.swift */,
				5651519E6C8EE2B454F9E417 /* MasksSection.swift */,
				56290DDDCB2AC3ED06D0CC74 /* PrintProfileSection.swift */,
				D02B454F0429C5581C9E56A1 /* RightSections.swift */,
				C14CB80814376D137B4236C6 /* Filmstrip.swift */,
				981927EBC2DE89C6425F30E7 /* LeftPanel.swift */,
				6D2B21DE3ED728D46FAC0341 /* RightPanel.swift */,
				6DB7504E8E855789FAAAEAC1 /* EngineClient.swift */,
				FC3D5639DBCFC15D2A1A718B /* EngineMessage.swift */,
				B116F57814EB38F6CF124268 /* Methods.swift */,
				52758CAC244DF5BB3C621816 /* RenderScheduler.swift */,
				7CA0D70741B40DA3D028E93E /* Theme.swift */,
				C0BBB3D745203B02B061B931 /* AboutWindow.swift */,
				8C289B6BBDA04ED207294C67 /* BootWindow.swift */,
				AFF543AD893B898FF240B43E /* BrowseView.swift */,
				0F8B9BFEDB8416AC0B4ADF09 /* CollapseTab.swift */,
				05D85B43CCCB99ABBEF712D2 /* EditorWindow.swift */,
				8613DB2501A6D1B30C0D76EF /* ExportWindow.swift */,
				053C4A7C85D4009976A26B9B /* SettingsWindow.swift */,
				EBD6FC43D7AF0D7937324526 /* TopBar.swift */,
				C5ECBF4404AB50A8638C61F9 /* TrafficLights.swift */,
				3FB80C8F5482CED8C3AA6EE4 /* SpektrafilmApp.swift */,
				0EBD1AA08744D7EEC7F855E7 /* blob.cpp */,
				3AA704C56092F5EABD42BF9B /* cam16.cpp */,
				860113F5FDFAC58681718FD7 /* colour.cpp */,
				314F960F07A26315B0FD04FB /* curves.cpp */,
				D3BCDC6407AEC91678475919 /* hanatos.cpp */,
				8F3806FAD06BDA0FBBC087D2 /* json.cpp */,
				1F88FE32D969004378C2D2E2 /* numeric.cpp */,
				0A52F6D64AEAD7367FAA520C /* params.cpp */,
				69C0E40ACBD78C43048BE08C /* print_lut.cpp */,
				6E2CE84C011542927B726271 /* printing.cpp */,
				1B903061E1ED6475FA1E4500 /* profile.cpp */,
				3E7B7305AE877373C591C478 /* setup_cache.cpp */,
				A307F90D6F7561C5ED48853C /* spectral.cpp */,
				A0A80A6FBDDC0960E680F3D5 /* metal_gpu.cpp */,
				2BDDAFE03E440DC8E792E1E4 /* metal_impl.cpp */,
				7647A353DEC58E097582F4F5 /* blur.cpp */,
				68A630C2FC7A69B18613F999 /* engine.cpp */,
				59552424005A24D9A307D488 /* pipeline.cpp */
			);
			runOnlyForDeploymentPostprocessing = 0;
		};
		F80C92DE67FB78FE5D0F6DF7 /* Assets.xcassets */ = {isa = PBXBuildFile; fileRef = 95AF0B875B15BE71E6333B74; };
		0F3A5779C33DBA20071955C8 /* Resources */ = {isa = PBXBuildFile; fileRef = 74D480F8A9183E5868E5DC1B; };
		C831EECBAB01524E02C71B42 /* app-resources */ = {
			isa = PBXResourcesBuildPhase;
			buildActionMask = 2147483647;
			files = (
				F80C92DE67FB78FE5D0F6DF7 /* Assets.xcassets */,
				0F3A5779C33DBA20071955C8 /* Resources */
			);
			runOnlyForDeploymentPostprocessing = 0;
		};
		AA9A663971E63899B42E7E70 /* app-frameworks */ = {
			isa = PBXFrameworksBuildPhase;
			buildActionMask = 2147483647;
			files = (

			);
			runOnlyForDeploymentPostprocessing = 0;
		};
		B2617E279958094DE440BF25 /* CanvasViewTests.swift */ = {isa = PBXBuildFile; fileRef = 2D7996ED9DC60635E17039CC; };
		EFCC7286A061130D89843DC7 /* ColorBalanceTests.swift */ = {isa = PBXBuildFile; fileRef = D6778646FE60591E7351D003; };
		A7D1D41492D398D6807C1AB9 /* ColourManagementTests.swift */ = {isa = PBXBuildFile; fileRef = 4414C9B5DB6D53DBCCCA5A5F; };
		40E772FEE9A300E9C220D74C /* CompareAndFlagsTests.swift */ = {isa = PBXBuildFile; fileRef = 35E194D5616C69F2F3B93777; };
		5D8DEF07B1CD087CDCA2A343 /* CurveMathTests.swift */ = {isa = PBXBuildFile; fileRef = 26AE979E18AC5514F3792DDF; };
		8FC43F06ACB19716E2BBC875 /* DecodeSeparationTests.swift */ = {isa = PBXBuildFile; fileRef = B191F4A254FD190A35D1B753; };
		82F809A2C388021ECFA823B4 /* DiagnosticsTests.swift */ = {isa = PBXBuildFile; fileRef = 05E698A44E2365B91EE918E8; };
		EDC6D2BB5EEA956782BDA2E3 /* EngineClientTests.swift */ = {isa = PBXBuildFile; fileRef = 4C2FA10289D5991A9FFE3B15; };
		B5581DD40A658A24A48A996C /* ExportRecipeTests.swift */ = {isa = PBXBuildFile; fileRef = C9DB38579FC4B11C348269AC; };
		19E67CC51ECE5391345B5E2F /* FrontendPolicyTests.swift */ = {isa = PBXBuildFile; fileRef = 558DEAAAA82AF9CD6D41A394; };
		922CFE24284C7B50B6C0C43C /* GeometryContractTests.swift */ = {isa = PBXBuildFile; fileRef = F5682A56840D1119EB078F02; };
		53E377349078356870E36679 /* GeometryTests.swift */ = {isa = PBXBuildFile; fileRef = FFBE2DA42DA16AE3132328EB; };
		BD356DC0BA26ABEB30AD8A75 /* LayoutTests.swift */ = {isa = PBXBuildFile; fileRef = D5BA595AC99B155CBA8E4A6E; };
		C5B56AB0CD4830710DAA2872 /* LicensingTests.swift */ = {isa = PBXBuildFile; fileRef = F0309C363CDDBCC81CB5E970; };
		DB9B3F762F7CCE13500D7A89 /* MaskTests.swift */ = {isa = PBXBuildFile; fileRef = E057AA348417AD47AA4905F2; };
		24BDE524AADE5676497A913B /* OpenPathTests.swift */ = {isa = PBXBuildFile; fileRef = 1CF10C1312061CD296E9BAC8; };
		26C230DC4A2816426E7FE49E /* ParamsTests.swift */ = {isa = PBXBuildFile; fileRef = B6F665E9DC2B0652634BC21D; };
		EDA804106C19AD69394DBBEF /* PrintLUTTests.swift */ = {isa = PBXBuildFile; fileRef = 9CE7FF8878EF483F0C6B533A; };
		452EBDDECD1BE3ED57B19012 /* RendererTests.swift */ = {isa = PBXBuildFile; fileRef = 8A7C72D6304865AAADD2EC45; };
		E3CD1614377A503D82A8E3A5 /* SoftProofParityTests.swift */ = {isa = PBXBuildFile; fileRef = 926385D984EE50BA1FF21401; };
		DEAA63838A3A26D5E555776B /* ViewportStateTests.swift */ = {isa = PBXBuildFile; fileRef = E234AFA78301A82115F4FDDE; };
		7E129F38215B866F5AAC12E8 /* WhiteBalanceTests.swift */ = {isa = PBXBuildFile; fileRef = 4A9B135739523173A1293E97; };
		2C9BC3F7E6E38B3149B4B41C /* ColourManagement.swift */ = {isa = PBXBuildFile; fileRef = 4F143608636190DDE871CB6F; };
		EC2080747528D04B93BD6EE6 /* CompareOverlay.swift */ = {isa = PBXBuildFile; fileRef = 6C43250A606654CFA72184FC; };
		A15C870422356F37EA726B99 /* CropOverlay.swift */ = {isa = PBXBuildFile; fileRef = 83AC01EC2BF668504DBA4A01; };
		84BD8C74358F8FFF0EA77BD3 /* MaskOverlay.swift */ = {isa = PBXBuildFile; fileRef = DCD2D754C1EA82480C255A6D; };
		7CB67A25587AB81031829CC2 /* MetalCanvasView.swift */ = {isa = PBXBuildFile; fileRef = 47354CFF6F27A6376EE23BE5; };
		F978A2BE4BF685D34B24D900 /* Renderer.swift */ = {isa = PBXBuildFile; fileRef = EC66048323C8D8B5B4B01E7E; };
		94D78A7A5F1BFB3D92F07F33 /* Shaders.metal */ = {isa = PBXBuildFile; fileRef = 4CF69B8F79D40B1FCB14293F; };
		1BF5F24E0648A374D5B00DAB /* TextureStore.swift */ = {isa = PBXBuildFile; fileRef = B86148344C77C80D9FC5967C; };
		DF2F8D9C40825BAE780CD434 /* ViewportState.swift */ = {isa = PBXBuildFile; fileRef = 7FCB5DCA4F74487782BA96E0; };
		DB95A7561137C46951C18C9E /* BeforeAfterIcon.swift */ = {isa = PBXBuildFile; fileRef = 2785A0A58F5CC016D5E3CAF7; };
		D7176DE7B68243AFF6EE679D /* ColorWheel.swift */ = {isa = PBXBuildFile; fileRef = 5CC913F6556BE7417AF0B8EC; };
		BD6AF2B126DB8C9B8353679A /* CurveEditor.swift */ = {isa = PBXBuildFile; fileRef = 4376AB624B10378FB73F28D4; };
		5736D4C7974F2179CD3AE5DD /* FormatPicker.swift */ = {isa = PBXBuildFile; fileRef = 2A353F0D006C3C6074AFFC17; };
		8689FF99A6015CBDD236D27A /* HistogramView.swift */ = {isa = PBXBuildFile; fileRef = 18AE853CDAEA9AA49D1AF101; };
		343FC5D1480EA24CA4A87C10 /* ScrubSlider.swift */ = {isa = PBXBuildFile; fileRef = 863EACEB08EA2E9807A204C0; };
		3C2078632F005110510CC450 /* SectionHeader.swift */ = {isa = PBXBuildFile; fileRef = 3934E23461AFEEE757C58BC2; };
		A660F703447CAB0339C9F854 /* WhiteBalanceRows.swift */ = {isa = PBXBuildFile; fileRef = 615A0887FFB03CDE97D723B6; };
		D620DF72C80C1AB4A6D3A351 /* DiagnosticBundle.swift */ = {isa = PBXBuildFile; fileRef = EAE1AB65304C65A2B8202A13; };
		300E1B7DF224B43250309EC3 /* Diagnostics.swift */ = {isa = PBXBuildFile; fileRef = 7411ADB4509648C64353AEE3; };
		1F7A11A42696277B55AB3D99 /* JobLog.swift */ = {isa = PBXBuildFile; fileRef = 03ECBA9815DDF5AC7F64A4C9; };
		887C559BD9BAE2686ACECAF1 /* LogCore.swift */ = {isa = PBXBuildFile; fileRef = D6ECE0EFBA1E3DA72E5EFE8B; };
		795BCCD2758E60B4AED14B1C /* LogFile.swift */ = {isa = PBXBuildFile; fileRef = 6D745A4905EA26F4A7B70F9F; };
		625A8BBEC7CF7057F5FEE2E8 /* MemorySampler.swift */ = {isa = PBXBuildFile; fileRef = 9E3FC8A4AA54A43192FCAF14; };
		D83293A250F378347A7C9D79 /* Exporter.swift */ = {isa = PBXBuildFile; fileRef = 49795DE7C6D4AE486C014FAD; };
		66D27D5954903FD50F91C3F5 /* ExportPage.swift */ = {isa = PBXBuildFile; fileRef = 27C8AF22BEBC4F5E0438BCA6; };
		193611B98D0F17A5D22077C0 /* ExportRecipe.swift */ = {isa = PBXBuildFile; fileRef = 6BAD0964B5D1D69B46779BD2; };
		7D60FF02E9A9A77BE1B3EBA7 /* SoftProof.swift */ = {isa = PBXBuildFile; fileRef = 266D90AFA8CB7D6288142E87; };
		077D65E83408F22E95275F47 /* ImageDecoder.swift */ = {isa = PBXBuildFile; fileRef = A6427F498848302049AD3D74; };
		61DFD8023478582CD2D3242A /* Library.swift */ = {isa = PBXBuildFile; fileRef = C86732BFAD9501A31805FB3B; };
		B501AA1ACFBDF1FC634F4866 /* ThumbnailCache.swift */ = {isa = PBXBuildFile; fileRef = F8F203593CE4BB88CA969F66; };
		37414BF310DD547D02E6E6B4 /* Adjustments.swift */ = {isa = PBXBuildFile; fileRef = 926C77AC28F079AD898D455C; };
		2D2B5B1CAC6078A9E09DCE09 /* CurveMath.swift */ = {isa = PBXBuildFile; fileRef = 6ED75D5B6E4DEEFFDDD4878A; };
		FF4602A942C0EBE5F5520B65 /* FeatureFlags.swift */ = {isa = PBXBuildFile; fileRef = A30D37DCF6F3305E231C60F5; };
		CB2CFFF15B5D2BBCF22D3DB4 /* Frame.swift */ = {isa = PBXBuildFile; fileRef = E632ECA54EB593A928070083; };
		005C3A4D19B31E5E3137A471 /* Geometry.swift */ = {isa = PBXBuildFile; fileRef = 24ADC4154BA522355D683879; };
		D6B670CCE244FC688336C0B0 /* Mask.swift */ = {isa = PBXBuildFile; fileRef = 85ED34416EB1128CF7B1D91E; };
		E8F4CD380EE8D63152DE2749 /* Params.swift */ = {isa = PBXBuildFile; fileRef = 74E96955141A5F9AF67D73F0; };
		5FD4C890EA5EDBF4477D52B4 /* Session.swift */ = {isa = PBXBuildFile; fileRef = 9138554D2839EF689090BA3F; };
		4F836788F0C8C664A1793C11 /* Sidecar.swift */ = {isa = PBXBuildFile; fileRef = A84C8DE4BA63B9314A68456C; };
		F169E5854988D24769148B6E /* StockCatalog.swift */ = {isa = PBXBuildFile; fileRef = 2B75000212F7FF3EA38FA303; };
		95FF5D02EDCC8E93F953F7A5 /* CameraSection.swift */ = {isa = PBXBuildFile; fileRef = 24DDF98469D76C85812CD505; };
		2C318AAA86190679F6D38EF0 /* CropSection.swift */ = {isa = PBXBuildFile; fileRef = CF75B6C70EF1CFAE93895D83; };
		7E2A357F1657CB206062E874 /* EnlargerSection.swift */ = {isa = PBXBuildFile; fileRef = C99A0DA187B0E896C10EB847; };
		25A714DE996D5990632E7A34 /* FeaturesSection.swift */ = {isa = PBXBuildFile; fileRef = 896B24FA51CB78EEC423C41A; };
		EC3F3732944BFC35A3FFD88A /* FilmProfileSection.swift */ = {isa = PBXBuildFile; fileRef = 4BB7269C3D27BA9048D429A5; };
		14A0F48BBD912D58A3ABD812 /* MasksSection.swift */ = {isa = PBXBuildFile; fileRef = FA152E915D0CE51D861F020E; };
		11CAECADD2DB1262BABEEA3E /* PrintProfileSection.swift */ = {isa = PBXBuildFile; fileRef = 2B3DC18A3134F09190716E81; };
		F86B3A36B4DAA9EEADFCC517 /* RightSections.swift */ = {isa = PBXBuildFile; fileRef = 6FE0DC6CE1945DC2347B826D; };
		CECB154E69A9954864B30329 /* Filmstrip.swift */ = {isa = PBXBuildFile; fileRef = DE79888172356D635CFA7B1D; };
		571AC033AF8907A6809B321C /* LeftPanel.swift */ = {isa = PBXBuildFile; fileRef = CA0B80B6085F575F17304ABA; };
		D1A1C0AE04DAEF62297B9AFD /* RightPanel.swift */ = {isa = PBXBuildFile; fileRef = 78533BC65A34C2195A05DF98; };
		BE24B91339B76FD6C00B902E /* EngineClient.swift */ = {isa = PBXBuildFile; fileRef = 5E14C726B14C46A2D1E62010; };
		B3CB79355F6B216AD3400BD8 /* EngineMessage.swift */ = {isa = PBXBuildFile; fileRef = 1A4FDE046D7D8F10DD386956; };
		49C472C8D554CFBECE139D8B /* Methods.swift */ = {isa = PBXBuildFile; fileRef = 467D4517B127FB8AB81408EB; };
		D3AE73D279157E4A3D05EFF3 /* RenderScheduler.swift */ = {isa = PBXBuildFile; fileRef = 3F4B2DC63A81788D67A9635A; };
		DF8D4C1DE58079D5E3C9C39E /* Theme.swift */ = {isa = PBXBuildFile; fileRef = A9A60B6FCAC5071508574DA0; };
		A5F8244321FE8A944C84ED8F /* AboutWindow.swift */ = {isa = PBXBuildFile; fileRef = D12EC6DD73F8B2632D9F96B2; };
		D61E14382E62A7D8A1750E54 /* BootWindow.swift */ = {isa = PBXBuildFile; fileRef = 454BDA6E74E548C8462FE16F; };
		9324962BC7D7CBA592A753CC /* BrowseView.swift */ = {isa = PBXBuildFile; fileRef = 41AA55D84BBC5489A3438C59; };
		CCA9E81056094D1063196A06 /* CollapseTab.swift */ = {isa = PBXBuildFile; fileRef = A8BD757C2BF4F98598B7E699; };
		085073A3F81EC70DA0C4369F /* EditorWindow.swift */ = {isa = PBXBuildFile; fileRef = D575E95AB1AF284664CD5B52; };
		3BC8290FF1E0FFC044FA612E /* ExportWindow.swift */ = {isa = PBXBuildFile; fileRef = A7D3AC477EA30D51EE06B7D6; };
		8819EE0B1E9CBEC95110F968 /* SettingsWindow.swift */ = {isa = PBXBuildFile; fileRef = 21D2070AFDC741BA09CF0B05; };
		3BECDBB3D22D5FE46288FDA6 /* TopBar.swift */ = {isa = PBXBuildFile; fileRef = 067A803D2DC58A7A91A47160; };
		1B8119AF0A7A4707ABBAFC75 /* TrafficLights.swift */ = {isa = PBXBuildFile; fileRef = 28CA7D5B405EE5BAEAC21655; };
		4368298B3BB567CFFDA7C9F3 /* blob.cpp */ = {isa = PBXBuildFile; fileRef = B439489AD0BC703D831729D4; };
		192BEBCEC9DEF248C87D89F9 /* cam16.cpp */ = {isa = PBXBuildFile; fileRef = 9882D66E0F6C1971E4D74862; };
		FB51C6A76D7C16A74FA569C4 /* colour.cpp */ = {isa = PBXBuildFile; fileRef = 475423101649C5C3A370969F; };
		2778D951B25B8C5A3A9B0301 /* curves.cpp */ = {isa = PBXBuildFile; fileRef = 3AFC5EBA4E9C30CADC7FEE43; };
		56F4A38E7DF7F8BEA038B6FC /* hanatos.cpp */ = {isa = PBXBuildFile; fileRef = B18FEC5B014EEF8D6E81966A; };
		3B5AC19FD3DDB7344DAFF7AC /* json.cpp */ = {isa = PBXBuildFile; fileRef = 4E52375F40546FBD5FB47654; };
		27A199803274F878F4CEE22D /* numeric.cpp */ = {isa = PBXBuildFile; fileRef = 9DAC43A5E4A1B87C154992F0; };
		F73D59A1666DF77D4292FA57 /* params.cpp */ = {isa = PBXBuildFile; fileRef = 947CB2FB3BFC8F7DBA6DD0E1; };
		3CA9B9AC0060E2DD3016054B /* print_lut.cpp */ = {isa = PBXBuildFile; fileRef = E33A0340097F134FB19EBFC5; };
		D2829AC3B0781494087F5695 /* printing.cpp */ = {isa = PBXBuildFile; fileRef = 43EFC025BBCCC3745C8520BD; };
		A824814D80C9A932F6A59808 /* profile.cpp */ = {isa = PBXBuildFile; fileRef = B068BCDA23FBF2FAB5513999; };
		88F24483B32F748B404E18E3 /* setup_cache.cpp */ = {isa = PBXBuildFile; fileRef = 2A94715EC410B56EDE55B789; };
		B1C9180C7348EC557FB39300 /* spectral.cpp */ = {isa = PBXBuildFile; fileRef = C653AEAE1F339FFEDDB2902C; };
		B7587AE20FBF62B71DDF7B18 /* metal_gpu.cpp */ = {isa = PBXBuildFile; fileRef = 593E39012F2985929AC6779B; };
		9515EA3D9654507E40ED0568 /* metal_impl.cpp */ = {isa = PBXBuildFile; fileRef = D027FA037FFF488750ADFF72; };
		5FD0CA287EC914E2188EBEF0 /* blur.cpp */ = {isa = PBXBuildFile; fileRef = FB408969C596F888BD3E493D; };
		8FACB4A1E00E589883462704 /* engine.cpp */ = {isa = PBXBuildFile; fileRef = 7323925487F516C25272C0B3; };
		5C29464D62E44B153F9BC89A /* pipeline.cpp */ = {isa = PBXBuildFile; fileRef = EBD7F1906E1AB659FD78498D; };
		1F4D89CC2FE4F3BC028B2B29 /* test-sources */ = {
			isa = PBXSourcesBuildPhase;
			buildActionMask = 2147483647;
			files = (
				B2617E279958094DE440BF25 /* CanvasViewTests.swift */,
				EFCC7286A061130D89843DC7 /* ColorBalanceTests.swift */,
				A7D1D41492D398D6807C1AB9 /* ColourManagementTests.swift */,
				40E772FEE9A300E9C220D74C /* CompareAndFlagsTests.swift */,
				5D8DEF07B1CD087CDCA2A343 /* CurveMathTests.swift */,
				8FC43F06ACB19716E2BBC875 /* DecodeSeparationTests.swift */,
				82F809A2C388021ECFA823B4 /* DiagnosticsTests.swift */,
				EDC6D2BB5EEA956782BDA2E3 /* EngineClientTests.swift */,
				B5581DD40A658A24A48A996C /* ExportRecipeTests.swift */,
				19E67CC51ECE5391345B5E2F /* FrontendPolicyTests.swift */,
				922CFE24284C7B50B6C0C43C /* GeometryContractTests.swift */,
				53E377349078356870E36679 /* GeometryTests.swift */,
				BD356DC0BA26ABEB30AD8A75 /* LayoutTests.swift */,
				C5B56AB0CD4830710DAA2872 /* LicensingTests.swift */,
				DB9B3F762F7CCE13500D7A89 /* MaskTests.swift */,
				24BDE524AADE5676497A913B /* OpenPathTests.swift */,
				26C230DC4A2816426E7FE49E /* ParamsTests.swift */,
				EDA804106C19AD69394DBBEF /* PrintLUTTests.swift */,
				452EBDDECD1BE3ED57B19012 /* RendererTests.swift */,
				E3CD1614377A503D82A8E3A5 /* SoftProofParityTests.swift */,
				DEAA63838A3A26D5E555776B /* ViewportStateTests.swift */,
				7E129F38215B866F5AAC12E8 /* WhiteBalanceTests.swift */,
				2C9BC3F7E6E38B3149B4B41C /* ColourManagement.swift */,
				EC2080747528D04B93BD6EE6 /* CompareOverlay.swift */,
				A15C870422356F37EA726B99 /* CropOverlay.swift */,
				84BD8C74358F8FFF0EA77BD3 /* MaskOverlay.swift */,
				7CB67A25587AB81031829CC2 /* MetalCanvasView.swift */,
				F978A2BE4BF685D34B24D900 /* Renderer.swift */,
				94D78A7A5F1BFB3D92F07F33 /* Shaders.metal */,
				1BF5F24E0648A374D5B00DAB /* TextureStore.swift */,
				DF2F8D9C40825BAE780CD434 /* ViewportState.swift */,
				DB95A7561137C46951C18C9E /* BeforeAfterIcon.swift */,
				D7176DE7B68243AFF6EE679D /* ColorWheel.swift */,
				BD6AF2B126DB8C9B8353679A /* CurveEditor.swift */,
				5736D4C7974F2179CD3AE5DD /* FormatPicker.swift */,
				8689FF99A6015CBDD236D27A /* HistogramView.swift */,
				343FC5D1480EA24CA4A87C10 /* ScrubSlider.swift */,
				3C2078632F005110510CC450 /* SectionHeader.swift */,
				A660F703447CAB0339C9F854 /* WhiteBalanceRows.swift */,
				D620DF72C80C1AB4A6D3A351 /* DiagnosticBundle.swift */,
				300E1B7DF224B43250309EC3 /* Diagnostics.swift */,
				1F7A11A42696277B55AB3D99 /* JobLog.swift */,
				887C559BD9BAE2686ACECAF1 /* LogCore.swift */,
				795BCCD2758E60B4AED14B1C /* LogFile.swift */,
				625A8BBEC7CF7057F5FEE2E8 /* MemorySampler.swift */,
				D83293A250F378347A7C9D79 /* Exporter.swift */,
				66D27D5954903FD50F91C3F5 /* ExportPage.swift */,
				193611B98D0F17A5D22077C0 /* ExportRecipe.swift */,
				7D60FF02E9A9A77BE1B3EBA7 /* SoftProof.swift */,
				077D65E83408F22E95275F47 /* ImageDecoder.swift */,
				61DFD8023478582CD2D3242A /* Library.swift */,
				B501AA1ACFBDF1FC634F4866 /* ThumbnailCache.swift */,
				37414BF310DD547D02E6E6B4 /* Adjustments.swift */,
				2D2B5B1CAC6078A9E09DCE09 /* CurveMath.swift */,
				FF4602A942C0EBE5F5520B65 /* FeatureFlags.swift */,
				CB2CFFF15B5D2BBCF22D3DB4 /* Frame.swift */,
				005C3A4D19B31E5E3137A471 /* Geometry.swift */,
				D6B670CCE244FC688336C0B0 /* Mask.swift */,
				E8F4CD380EE8D63152DE2749 /* Params.swift */,
				5FD4C890EA5EDBF4477D52B4 /* Session.swift */,
				4F836788F0C8C664A1793C11 /* Sidecar.swift */,
				F169E5854988D24769148B6E /* StockCatalog.swift */,
				95FF5D02EDCC8E93F953F7A5 /* CameraSection.swift */,
				2C318AAA86190679F6D38EF0 /* CropSection.swift */,
				7E2A357F1657CB206062E874 /* EnlargerSection.swift */,
				25A714DE996D5990632E7A34 /* FeaturesSection.swift */,
				EC3F3732944BFC35A3FFD88A /* FilmProfileSection.swift */,
				14A0F48BBD912D58A3ABD812 /* MasksSection.swift */,
				11CAECADD2DB1262BABEEA3E /* PrintProfileSection.swift */,
				F86B3A36B4DAA9EEADFCC517 /* RightSections.swift */,
				CECB154E69A9954864B30329 /* Filmstrip.swift */,
				571AC033AF8907A6809B321C /* LeftPanel.swift */,
				D1A1C0AE04DAEF62297B9AFD /* RightPanel.swift */,
				BE24B91339B76FD6C00B902E /* EngineClient.swift */,
				B3CB79355F6B216AD3400BD8 /* EngineMessage.swift */,
				49C472C8D554CFBECE139D8B /* Methods.swift */,
				D3AE73D279157E4A3D05EFF3 /* RenderScheduler.swift */,
				DF8D4C1DE58079D5E3C9C39E /* Theme.swift */,
				A5F8244321FE8A944C84ED8F /* AboutWindow.swift */,
				D61E14382E62A7D8A1750E54 /* BootWindow.swift */,
				9324962BC7D7CBA592A753CC /* BrowseView.swift */,
				CCA9E81056094D1063196A06 /* CollapseTab.swift */,
				085073A3F81EC70DA0C4369F /* EditorWindow.swift */,
				3BC8290FF1E0FFC044FA612E /* ExportWindow.swift */,
				8819EE0B1E9CBEC95110F968 /* SettingsWindow.swift */,
				3BECDBB3D22D5FE46288FDA6 /* TopBar.swift */,
				1B8119AF0A7A4707ABBAFC75 /* TrafficLights.swift */,
				4368298B3BB567CFFDA7C9F3 /* blob.cpp */,
				192BEBCEC9DEF248C87D89F9 /* cam16.cpp */,
				FB51C6A76D7C16A74FA569C4 /* colour.cpp */,
				2778D951B25B8C5A3A9B0301 /* curves.cpp */,
				56F4A38E7DF7F8BEA038B6FC /* hanatos.cpp */,
				3B5AC19FD3DDB7344DAFF7AC /* json.cpp */,
				27A199803274F878F4CEE22D /* numeric.cpp */,
				F73D59A1666DF77D4292FA57 /* params.cpp */,
				3CA9B9AC0060E2DD3016054B /* print_lut.cpp */,
				D2829AC3B0781494087F5695 /* printing.cpp */,
				A824814D80C9A932F6A59808 /* profile.cpp */,
				88F24483B32F748B404E18E3 /* setup_cache.cpp */,
				B1C9180C7348EC557FB39300 /* spectral.cpp */,
				B7587AE20FBF62B71DDF7B18 /* metal_gpu.cpp */,
				9515EA3D9654507E40ED0568 /* metal_impl.cpp */,
				5FD0CA287EC914E2188EBEF0 /* blur.cpp */,
				8FACB4A1E00E589883462704 /* engine.cpp */,
				5C29464D62E44B153F9BC89A /* pipeline.cpp */
			);
			runOnlyForDeploymentPostprocessing = 0;
		};
		8E366D86B55A0959A35C220D /* Assets.xcassets */ = {isa = PBXBuildFile; fileRef = 95AF0B875B15BE71E6333B74; };
		B124986BE25CF607624786A4 /* Resources */ = {isa = PBXBuildFile; fileRef = 74D480F8A9183E5868E5DC1B; };
		201E3014E52B86C5F3284B5C /* test-resources */ = {
			isa = PBXResourcesBuildPhase;
			buildActionMask = 2147483647;
			files = (
				8E366D86B55A0959A35C220D /* Assets.xcassets */,
				B124986BE25CF607624786A4 /* Resources */
			);
			runOnlyForDeploymentPostprocessing = 0;
		};
		F58B7633F573605290A6D562 /* test-frameworks */ = {
			isa = PBXFrameworksBuildPhase;
			buildActionMask = 2147483647;
			files = (

			);
			runOnlyForDeploymentPostprocessing = 0;
		};
		20A1F637DF0C8F92FA52C1DD /* Check bundled resources */ = {
			isa = PBXShellScriptBuildPhase;
			buildActionMask = 2147483647;
			files = (
			);
			inputPaths = (
			);
			name = "Check bundled resources";
			outputPaths = (
			);
			runOnlyForDeploymentPostprocessing = 0;
			shellPath = /bin/sh;
			shellScript = "\"$SRCROOT/Tools/check-bundle-resources.sh\"\n";
		};
		11809352A555BC659DD7F622 = {
			isa = PBXContainerItemProxy;
			containerPortal = 98F54143AB4E86B28C3AFEE0;
			proxyType = 1;
			remoteGlobalIDString = 29C7B681C8D62CBAC94D51C0;
			remoteInfo = Spektrafilm;
		};
		AC56FEA34320AF0CEBFE18E6 = {
			isa = PBXTargetDependency;
			target = 29C7B681C8D62CBAC94D51C0;
			targetProxy = 11809352A555BC659DD7F622;
		};
		967DE5DAE8F9C3546488D3FD /* Debug */ = {
			isa = XCBuildConfiguration;
			buildSettings = {
				ARCHS = arm64;
				ASSETCATALOG_COMPILER_APPICON_NAME = AppIcon;
				ASSETCATALOG_COMPILER_GLOBAL_ACCENT_COLOR_NAME = AccentColor;
				CLANG_CXX_LANGUAGE_STANDARD = "c++20";
				CLANG_CXX_LIBRARY = "libc++";
				CLANG_ENABLE_MODULES = YES;
				CLANG_ENABLE_OBJC_ARC = NO;
				CODE_SIGN_ENTITLEMENTS = Spektrafilm/Spektrafilm.entitlements;
				CODE_SIGN_IDENTITY = "-";
				CODE_SIGN_STYLE = Automatic;
				COMBINE_HIDPI_IMAGES = YES;
				CURRENT_PROJECT_VERSION = 3;
				DEBUG_INFORMATION_FORMAT = dwarf;
				DEVELOPMENT_TEAM = "";
				ENABLE_HARDENED_RUNTIME = YES;
				ENABLE_PREVIEWS = YES;
				ENABLE_TESTABILITY = YES;
				GCC_C_LANGUAGE_STANDARD = c11;
				GCC_OPTIMIZATION_LEVEL = 0;
				GENERATE_INFOPLIST_FILE = NO;
				HEADER_SEARCH_PATHS = (
					"$(SRCROOT)/../../engine/include",
					"$(SRCROOT)/../../engine/src",
					"$(SRCROOT)/../../engine/src/core",
					"$(SRCROOT)/../../engine/third_party/metal-cpp",
				);
				INFOPLIST_FILE = Spektrafilm/Info.plist;
				LD_RUNPATH_SEARCH_PATHS = "$(inherited) @executable_path/../Frameworks";
				MACOSX_DEPLOYMENT_TARGET = 15.0;
				MARKETING_VERSION = 0.3;
				MTL_ENABLE_DEBUG_INFO = INCLUDE_SOURCE;
				MTL_FAST_MATH = YES;
				ONLY_ACTIVE_ARCH = YES;
				OTHER_LDFLAGS = "-framework Metal -framework QuartzCore";
				PRODUCT_BUNDLE_IDENTIFIER = com.hanze.filmify;
				PRODUCT_NAME = Filmify;
				SDKROOT = macosx;
				SWIFT_ACTIVE_COMPILATION_CONDITIONS = DEBUG;
				SWIFT_EMIT_LOC_STRINGS = NO;
				SWIFT_OBJC_BRIDGING_HEADER = "Spektrafilm/Service/Spektrafilm-Bridging-Header.h";
				SWIFT_OPTIMIZATION_LEVEL = "-Onone";
				SWIFT_STRICT_CONCURRENCY = complete;
				SWIFT_VERSION = 6.0;
			};
			name = Debug;
		};
		70A5F3AAC43D0790B57ED51A /* Release */ = {
			isa = XCBuildConfiguration;
			buildSettings = {
				ARCHS = arm64;
				ASSETCATALOG_COMPILER_APPICON_NAME = AppIcon;
				ASSETCATALOG_COMPILER_GLOBAL_ACCENT_COLOR_NAME = AccentColor;
				CLANG_CXX_LANGUAGE_STANDARD = "c++20";
				CLANG_CXX_LIBRARY = "libc++";
				CLANG_ENABLE_MODULES = YES;
				CLANG_ENABLE_OBJC_ARC = NO;
				CODE_SIGN_ENTITLEMENTS = Spektrafilm/Spektrafilm.entitlements;
				CODE_SIGN_IDENTITY = "-";
				CODE_SIGN_STYLE = Automatic;
				COMBINE_HIDPI_IMAGES = YES;
				CURRENT_PROJECT_VERSION = 3;
				DEBUG_INFORMATION_FORMAT = "dwarf-with-dsym";
				DEVELOPMENT_TEAM = "";
				ENABLE_HARDENED_RUNTIME = YES;
				ENABLE_PREVIEWS = YES;
				GCC_C_LANGUAGE_STANDARD = c11;
				GENERATE_INFOPLIST_FILE = NO;
				HEADER_SEARCH_PATHS = (
					"$(SRCROOT)/../../engine/include",
					"$(SRCROOT)/../../engine/src",
					"$(SRCROOT)/../../engine/src/core",
					"$(SRCROOT)/../../engine/third_party/metal-cpp",
				);
				INFOPLIST_FILE = Spektrafilm/Info.plist;
				LD_RUNPATH_SEARCH_PATHS = "$(inherited) @executable_path/../Frameworks";
				MACOSX_DEPLOYMENT_TARGET = 15.0;
				MARKETING_VERSION = 0.3;
				MTL_ENABLE_DEBUG_INFO = INCLUDE_SOURCE;
				MTL_FAST_MATH = YES;
				ONLY_ACTIVE_ARCH = YES;
				OTHER_LDFLAGS = "-framework Metal -framework QuartzCore";
				PRODUCT_BUNDLE_IDENTIFIER = com.hanze.filmify;
				PRODUCT_NAME = Filmify;
				SDKROOT = macosx;
				SWIFT_COMPILATION_MODE = wholemodule;
				SWIFT_EMIT_LOC_STRINGS = NO;
				SWIFT_OBJC_BRIDGING_HEADER = "Spektrafilm/Service/Spektrafilm-Bridging-Header.h";
				SWIFT_OPTIMIZATION_LEVEL = "-O";
				SWIFT_STRICT_CONCURRENCY = complete;
				SWIFT_VERSION = 6.0;
			};
			name = Release;
		};
		23746EFE221170E24101FE05 /* app */ = {
			isa = XCConfigurationList;
			buildConfigurations = (
				967DE5DAE8F9C3546488D3FD /* Debug */,
				70A5F3AAC43D0790B57ED51A /* Release */
			);
			defaultConfigurationIsVisible = 0;
			defaultConfigurationName = Release;
		};
		29C7B681C8D62CBAC94D51C0 /* Spektrafilm */ = {
			isa = PBXNativeTarget;
			buildConfigurationList = 23746EFE221170E24101FE05;
			buildPhases = (
				20A1F637DF0C8F92FA52C1DD,
				AB6F1305312B9996E2538FF8,
				AA9A663971E63899B42E7E70,
				C831EECBAB01524E02C71B42
			);
			buildRules = (
			);
			dependencies = (
			);
			name = Spektrafilm;
			productName = Spektrafilm;
			productReference = B6CDB6E5D160E013280D3C68;
			productType = "com.apple.product-type.application";
		};
		7A6254D73776E919A898BF59 /* Debug */ = {
			isa = XCBuildConfiguration;
			buildSettings = {
				ARCHS = arm64;
				ASSETCATALOG_COMPILER_APPICON_NAME = AppIcon;
				ASSETCATALOG_COMPILER_GLOBAL_ACCENT_COLOR_NAME = AccentColor;
				CLANG_CXX_LANGUAGE_STANDARD = "c++20";
				CLANG_CXX_LIBRARY = "libc++";
				CLANG_ENABLE_MODULES = YES;
				CLANG_ENABLE_OBJC_ARC = NO;
				CODE_SIGN_IDENTITY = "-";
				CODE_SIGN_STYLE = Automatic;
				COMBINE_HIDPI_IMAGES = YES;
				CURRENT_PROJECT_VERSION = 3;
				DEBUG_INFORMATION_FORMAT = dwarf;
				DEVELOPMENT_TEAM = "";
				ENABLE_HARDENED_RUNTIME = YES;
				ENABLE_TESTABILITY = YES;
				GCC_C_LANGUAGE_STANDARD = c11;
				GCC_OPTIMIZATION_LEVEL = 0;
				GENERATE_INFOPLIST_FILE = YES;
				HEADER_SEARCH_PATHS = (
					"$(SRCROOT)/../../engine/include",
					"$(SRCROOT)/../../engine/src",
					"$(SRCROOT)/../../engine/src/core",
					"$(SRCROOT)/../../engine/third_party/metal-cpp",
				);
				LD_RUNPATH_SEARCH_PATHS = "$(inherited) @executable_path/../Frameworks @loader_path/../Frameworks";
				MACOSX_DEPLOYMENT_TARGET = 15.0;
				MARKETING_VERSION = 0.3;
				MTL_ENABLE_DEBUG_INFO = INCLUDE_SOURCE;
				MTL_FAST_MATH = YES;
				ONLY_ACTIVE_ARCH = YES;
				OTHER_LDFLAGS = "-framework Metal -framework QuartzCore";
				PRODUCT_BUNDLE_IDENTIFIER = com.hanze.filmify.tests;
				PRODUCT_NAME = SpektrafilmTests;
				SDKROOT = macosx;
				SWIFT_ACTIVE_COMPILATION_CONDITIONS = DEBUG;
				SWIFT_EMIT_LOC_STRINGS = NO;
				SWIFT_OBJC_BRIDGING_HEADER = "Spektrafilm/Service/Spektrafilm-Bridging-Header.h";
				SWIFT_OPTIMIZATION_LEVEL = "-Onone";
				SWIFT_STRICT_CONCURRENCY = complete;
				SWIFT_VERSION = 6.0;
			};
			name = Debug;
		};
		7EB3E2C335E8159349623C2B /* Release */ = {
			isa = XCBuildConfiguration;
			buildSettings = {
				ARCHS = arm64;
				ASSETCATALOG_COMPILER_APPICON_NAME = AppIcon;
				ASSETCATALOG_COMPILER_GLOBAL_ACCENT_COLOR_NAME = AccentColor;
				CLANG_CXX_LANGUAGE_STANDARD = "c++20";
				CLANG_CXX_LIBRARY = "libc++";
				CLANG_ENABLE_MODULES = YES;
				CLANG_ENABLE_OBJC_ARC = NO;
				CODE_SIGN_IDENTITY = "-";
				CODE_SIGN_STYLE = Automatic;
				COMBINE_HIDPI_IMAGES = YES;
				CURRENT_PROJECT_VERSION = 3;
				DEBUG_INFORMATION_FORMAT = "dwarf-with-dsym";
				DEVELOPMENT_TEAM = "";
				ENABLE_HARDENED_RUNTIME = YES;
				GCC_C_LANGUAGE_STANDARD = c11;
				GENERATE_INFOPLIST_FILE = YES;
				HEADER_SEARCH_PATHS = (
					"$(SRCROOT)/../../engine/include",
					"$(SRCROOT)/../../engine/src",
					"$(SRCROOT)/../../engine/src/core",
					"$(SRCROOT)/../../engine/third_party/metal-cpp",
				);
				LD_RUNPATH_SEARCH_PATHS = "$(inherited) @executable_path/../Frameworks @loader_path/../Frameworks";
				MACOSX_DEPLOYMENT_TARGET = 15.0;
				MARKETING_VERSION = 0.3;
				MTL_ENABLE_DEBUG_INFO = INCLUDE_SOURCE;
				MTL_FAST_MATH = YES;
				ONLY_ACTIVE_ARCH = YES;
				OTHER_LDFLAGS = "-framework Metal -framework QuartzCore";
				PRODUCT_BUNDLE_IDENTIFIER = com.hanze.filmify.tests;
				PRODUCT_NAME = SpektrafilmTests;
				SDKROOT = macosx;
				SWIFT_COMPILATION_MODE = wholemodule;
				SWIFT_EMIT_LOC_STRINGS = NO;
				SWIFT_OBJC_BRIDGING_HEADER = "Spektrafilm/Service/Spektrafilm-Bridging-Header.h";
				SWIFT_OPTIMIZATION_LEVEL = "-O";
				SWIFT_STRICT_CONCURRENCY = complete;
				SWIFT_VERSION = 6.0;
			};
			name = Release;
		};
		D2BE3DDC22BFECC3C59645DA /* tests */ = {
			isa = XCConfigurationList;
			buildConfigurations = (
				7A6254D73776E919A898BF59 /* Debug */,
				7EB3E2C335E8159349623C2B /* Release */
			);
			defaultConfigurationIsVisible = 0;
			defaultConfigurationName = Release;
		};
		7EC8F98B7A265120217712DE /* SpektrafilmTests */ = {
			isa = PBXNativeTarget;
			buildConfigurationList = D2BE3DDC22BFECC3C59645DA;
			buildPhases = (
				1F4D89CC2FE4F3BC028B2B29,
				F58B7633F573605290A6D562,
				201E3014E52B86C5F3284B5C
			);
			buildRules = (
			);
			dependencies = (
			);
			name = SpektrafilmTests;
			productName = SpektrafilmTests;
			productReference = E02A90D9643568EA39115CFB;
			productType = "com.apple.product-type.bundle.unit-test";
		};
		855D4B0C75ECD556474FD8F5 /* Debug */ = {
			isa = XCBuildConfiguration;
			buildSettings = {
				ALWAYS_SEARCH_USER_PATHS = NO;
				CLANG_ENABLE_OBJC_ARC = YES;
				DEBUG_INFORMATION_FORMAT = dwarf;
				ENABLE_STRICT_OBJC_MSGSEND = YES;
				ENABLE_TESTABILITY = YES;
				ENABLE_USER_SCRIPT_SANDBOXING = NO;
				GCC_NO_COMMON_BLOCKS = YES;
				GCC_OPTIMIZATION_LEVEL = 0;
				MACOSX_DEPLOYMENT_TARGET = 15.0;
				SDKROOT = macosx;
				SWIFT_ACTIVE_COMPILATION_CONDITIONS = DEBUG;
				SWIFT_OPTIMIZATION_LEVEL = "-Onone";
				SWIFT_VERSION = 6.0;
			};
			name = Debug;
		};
		4E74312DBBD620AE1CB5D771 /* Release */ = {
			isa = XCBuildConfiguration;
			buildSettings = {
				ALWAYS_SEARCH_USER_PATHS = NO;
				CLANG_ENABLE_OBJC_ARC = YES;
				DEBUG_INFORMATION_FORMAT = "dwarf-with-dsym";
				ENABLE_STRICT_OBJC_MSGSEND = YES;
				ENABLE_USER_SCRIPT_SANDBOXING = NO;
				GCC_NO_COMMON_BLOCKS = YES;
				MACOSX_DEPLOYMENT_TARGET = 15.0;
				SDKROOT = macosx;
				SWIFT_COMPILATION_MODE = wholemodule;
				SWIFT_OPTIMIZATION_LEVEL = "-O";
				SWIFT_VERSION = 6.0;
			};
			name = Release;
		};
		3D29D9F3A882C4202964FB56 /* project */ = {
			isa = XCConfigurationList;
			buildConfigurations = (
				855D4B0C75ECD556474FD8F5 /* Debug */,
				4E74312DBBD620AE1CB5D771 /* Release */
			);
			defaultConfigurationIsVisible = 0;
			defaultConfigurationName = Release;
		};
		98F54143AB4E86B28C3AFEE0 /* Project object */ = {
			isa = PBXProject;
			attributes = {
				BuildIndependentTargetsInParallel = 1;
				LastSwiftUpdateCheck = 1600;
				LastUpgradeCheck = 1600;
				TargetAttributes = {
					7EC8F98B7A265120217712DE = {
						TestTargetID = 29C7B681C8D62CBAC94D51C0;
					};
				};
			};
			buildConfigurationList = 3D29D9F3A882C4202964FB56;
			compatibilityVersion = "Xcode 14.0";
			developmentRegion = en;
			hasScannedForEncodings = 0;
			knownRegions = (
				en,
				Base
			);
			mainGroup = ADCF10F76EBF2A74473E9DC4;
			productRefGroup = 00C45FD35CB0F9C5F764F070;
			projectDirPath = "";
			projectRoot = "";
			targets = (
				29C7B681C8D62CBAC94D51C0,
				7EC8F98B7A265120217712DE
			);
		};
	};
	rootObject = 98F54143AB4E86B28C3AFEE0 /* Project object */;
}
